
Microsoft Visual Studio Solution File, Format Version 12.00
# Visual Studio 15
VisualStudioVersion = 15.0.26430.4
MinimumVisualStudioVersion = 10.0.40219.1
Project("{9A19103F-16F7-4668-BE54-9A1E7A4F7556}") = "Job", "Client\Job.csproj", "{87B809A0-B568-4C42-8387-0D629B9C821A}"
	ProjectSection(ProjectDependencies) = postProject
		{5852AC33-6B01-44F5-BAF3-2AAF796E8449} = {5852AC33-6B01-44F5-BAF3-2AAF796E8449}
		{DC03D85B-3626-43E8-8B94-E46D6673822C} = {DC03D85B-3626-43E8-8B94-E46D6673822C}
		{3182437E-0325-4382-806C-25FCC539F4C3} = {3182437E-0325-4382-806C-25FCC539F4C3}
		{8946DFFA-C800-4207-9166-6EC0E7E7150A} = {8946DFFA-C800-4207-9166-6EC0E7E7150A}
		{9609F3FA-079E-44E8-A464-BBAD1A7A1CB5} = {9609F3FA-079E-44E8-A464-BBAD1A7A1CB5}
	EndProjectSection
EndProject
Project("{9A19103F-16F7-4668-BE54-9A1E7A4F7556}") = "Server", "Server\Server.csproj", "{8946DFFA-C800-4207-9166-6EC0E7E7150A}"
	ProjectSection(ProjectDependencies) = postProject
		{5852AC33-6B01-44F5-BAF3-2AAF796E8449} = {5852AC33-6B01-44F5-BAF3-2AAF796E8449}
		{DC03D85B-3626-43E8-8B94-E46D6673822C} = {DC03D85B-3626-43E8-8B94-E46D6673822C}
		{9609F3FA-079E-44E8-A464-BBAD1A7A1CB5} = {9609F3FA-079E-44E8-A464-BBAD1A7A1CB5}
	EndProjectSection
EndProject
Project("{9A19103F-16F7-4668-BE54-9A1E7A4F7556}") = "ServerAPI", "API\ServerAPI.csproj", "{9609F3FA-079E-44E8-A464-BBAD1A7A1CB5}"
	ProjectSection(ProjectDependencies) = postProject
		{5852AC33-6B01-44F5-BAF3-2AAF796E8449} = {5852AC33-6B01-44F5-BAF3-2AAF796E8449}
	EndProjectSection
EndProject
Project("{9A19103F-16F7-4668-BE54-9A1E7A4F7556}") = "ImmortalCoordinator", "..\..\ImmortalCoordinator\ImmortalCoordinator.csproj", "{DC03D85B-3626-43E8-8B94-E46D6673822C}"
	ProjectSection(ProjectDependencies) = postProject
		{5852AC33-6B01-44F5-BAF3-2AAF796E8449} = {5852AC33-6B01-44F5-BAF3-2AAF796E8449}
	EndProjectSection
EndProject
Project("{9A19103F-16F7-4668-BE54-9A1E7A4F7556}") = "Ambrosia", "..\..\Ambrosia\Ambrosia\Ambrosia.csproj", "{1EA239FD-7408-4B9C-9D19-D6D7FEC958D5}"
	ProjectSection(ProjectDependencies) = postProject
		{5852AC33-6B01-44F5-BAF3-2AAF796E8449} = {5852AC33-6B01-44F5-BAF3-2AAF796E8449}
	EndProjectSection
EndProject
Project("{9A19103F-16F7-4668-BE54-9A1E7A4F7556}") = "AmbrosiaCS", "..\..\Clients\CSharp\AmbrosiaCS\AmbrosiaCS.csproj", "{3182437E-0325-4382-806C-25FCC539F4C3}"
	ProjectSection(ProjectDependencies) = postProject
		{5852AC33-6B01-44F5-BAF3-2AAF796E8449} = {5852AC33-6B01-44F5-BAF3-2AAF796E8449}
	EndProjectSection
EndProject
Project("{9A19103F-16F7-4668-BE54-9A1E7A4F7556}") = "AmbrosiaLibCS", "..\..\Clients\CSharp\AmbrosiaLibCS\AmbrosiaLibCS.csproj", "{C3B1C620-5034-4189-84E2-7A2333223800}"
	ProjectSection(ProjectDependencies) = postProject
		{5852AC33-6B01-44F5-BAF3-2AAF796E8449} = {5852AC33-6B01-44F5-BAF3-2AAF796E8449}
	EndProjectSection
EndProject
Project("{9A19103F-16F7-4668-BE54-9A1E7A4F7556}") = "ClientAPI", "ClientAPI\ClientAPI.csproj", "{6D5B413C-DCCE-4FBA-8118-CE5DE3F6ECD1}"
	ProjectSection(ProjectDependencies) = postProject
		{5852AC33-6B01-44F5-BAF3-2AAF796E8449} = {5852AC33-6B01-44F5-BAF3-2AAF796E8449}
	EndProjectSection
EndProject
Project("{9A19103F-16F7-4668-BE54-9A1E7A4F7556}") = "PTIAmbrosiaGeneratedAPI", "GeneratedSourceFiles\PTIAmbrosiaGeneratedAPI\latest\PTIAmbrosiaGeneratedAPI.csproj", "{650B774F-830E-47A4-9E4A-C2C1D021AD0E}"
	ProjectSection(ProjectDependencies) = postProject
		{5852AC33-6B01-44F5-BAF3-2AAF796E8449} = {5852AC33-6B01-44F5-BAF3-2AAF796E8449}
	EndProjectSection
EndProject
Project("{8BC9CEB8-8B4A-11D0-8D11-00A0C91BC942}") = "adv-file-ops", "..\..\Ambrosia\adv-file-ops\adv-file-ops.vcxproj", "{5852AC33-6B01-44F5-BAF3-2AAF796E8449}"
EndProject
Global
	GlobalSection(SolutionConfigurationPlatforms) = preSolution
		Debug|Any CPU = Debug|Any CPU
		Debug|x64 = Debug|x64
		Release|Any CPU = Release|Any CPU
		Release|x64 = Release|x64
	EndGlobalSection
	GlobalSection(ProjectConfigurationPlatforms) = postSolution
		{87B809A0-B568-4C42-8387-0D629B9C821A}.Debug|Any CPU.ActiveCfg = Debug|x64
		{87B809A0-B568-4C42-8387-0D629B9C821A}.Debug|x64.ActiveCfg = Debug|x64
		{87B809A0-B568-4C42-8387-0D629B9C821A}.Debug|x64.Build.0 = Debug|x64
		{87B809A0-B568-4C42-8387-0D629B9C821A}.Release|Any CPU.ActiveCfg = Release|x64
		{87B809A0-B568-4C42-8387-0D629B9C821A}.Release|x64.ActiveCfg = Release|x64
		{87B809A0-B568-4C42-8387-0D629B9C821A}.Release|x64.Build.0 = Release|x64
		{8946DFFA-C800-4207-9166-6EC0E7E7150A}.Debug|Any CPU.ActiveCfg = Debug|x64
		{8946DFFA-C800-4207-9166-6EC0E7E7150A}.Debug|x64.ActiveCfg = Debug|x64
		{8946DFFA-C800-4207-9166-6EC0E7E7150A}.Debug|x64.Build.0 = Debug|x64
		{8946DFFA-C800-4207-9166-6EC0E7E7150A}.Release|Any CPU.ActiveCfg = Release|x64
		{8946DFFA-C800-4207-9166-6EC0E7E7150A}.Release|x64.ActiveCfg = Release|x64
		{8946DFFA-C800-4207-9166-6EC0E7E7150A}.Release|x64.Build.0 = Release|x64
		{9609F3FA-079E-44E8-A464-BBAD1A7A1CB5}.Debug|Any CPU.ActiveCfg = Debug|x64
		{9609F3FA-079E-44E8-A464-BBAD1A7A1CB5}.Debug|x64.ActiveCfg = Debug|x64
		{9609F3FA-079E-44E8-A464-BBAD1A7A1CB5}.Debug|x64.Build.0 = Debug|x64
		{9609F3FA-079E-44E8-A464-BBAD1A7A1CB5}.Release|Any CPU.ActiveCfg = Release|x64
		{9609F3FA-079E-44E8-A464-BBAD1A7A1CB5}.Release|x64.ActiveCfg = Release|x64
		{9609F3FA-079E-44E8-A464-BBAD1A7A1CB5}.Release|x64.Build.0 = Release|x64
		{DC03D85B-3626-43E8-8B94-E46D6673822C}.Debug|Any CPU.ActiveCfg = Debug|x64
		{DC03D85B-3626-43E8-8B94-E46D6673822C}.Debug|x64.ActiveCfg = Debug|x64
		{DC03D85B-3626-43E8-8B94-E46D6673822C}.Debug|x64.Build.0 = Debug|x64
		{DC03D85B-3626-43E8-8B94-E46D6673822C}.Release|Any CPU.ActiveCfg = Release|x64
		{DC03D85B-3626-43E8-8B94-E46D6673822C}.Release|x64.ActiveCfg = Release|x64
		{DC03D85B-3626-43E8-8B94-E46D6673822C}.Release|x64.Build.0 = Release|x64
		{1EA239FD-7408-4B9C-9D19-D6D7FEC958D5}.Debug|Any CPU.ActiveCfg = Debug|x64
		{1EA239FD-7408-4B9C-9D19-D6D7FEC958D5}.Debug|x64.ActiveCfg = Debug|x64
		{1EA239FD-7408-4B9C-9D19-D6D7FEC958D5}.Debug|x64.Build.0 = Debug|x64
		{1EA239FD-7408-4B9C-9D19-D6D7FEC958D5}.Release|Any CPU.ActiveCfg = Release|x64
		{1EA239FD-7408-4B9C-9D19-D6D7FEC958D5}.Release|x64.ActiveCfg = Release|x64
		{1EA239FD-7408-4B9C-9D19-D6D7FEC958D5}.Release|x64.Build.0 = Release|x64
		{3182437E-0325-4382-806C-25FCC539F4C3}.Debug|Any CPU.ActiveCfg = Debug|x64
		{3182437E-0325-4382-806C-25FCC539F4C3}.Debug|x64.ActiveCfg = Debug|x64
		{3182437E-0325-4382-806C-25FCC539F4C3}.Debug|x64.Build.0 = Debug|x64
		{3182437E-0325-4382-806C-25FCC539F4C3}.Release|Any CPU.ActiveCfg = Release|x64
		{3182437E-0325-4382-806C-25FCC539F4C3}.Release|x64.ActiveCfg = Release|x64
		{3182437E-0325-4382-806C-25FCC539F4C3}.Release|x64.Build.0 = Release|x64
		{C3B1C620-5034-4189-84E2-7A2333223800}.Debug|Any CPU.ActiveCfg = Debug|x64
		{C3B1C620-5034-4189-84E2-7A2333223800}.Debug|x64.ActiveCfg = Debug|x64
		{C3B1C620-5034-4189-84E2-7A2333223800}.Debug|x64.Build.0 = Debug|x64
		{C3B1C620-5034-4189-84E2-7A2333223800}.Release|Any CPU.ActiveCfg = Release|x64
		{C3B1C620-5034-4189-84E2-7A2333223800}.Release|x64.ActiveCfg = Release|x64
		{C3B1C620-5034-4189-84E2-7A2333223800}.Release|x64.Build.0 = Release|x64
		{6D5B413C-DCCE-4FBA-8118-CE5DE3F6ECD1}.Debug|Any CPU.ActiveCfg = Debug|x64
		{6D5B413C-DCCE-4FBA-8118-CE5DE3F6ECD1}.Debug|x64.ActiveCfg = Debug|x64
		{6D5B413C-DCCE-4FBA-8118-CE5DE3F6ECD1}.Debug|x64.Build.0 = Debug|x64
		{6D5B413C-DCCE-4FBA-8118-CE5DE3F6ECD1}.Release|Any CPU.ActiveCfg = Release|x64
		{6D5B413C-DCCE-4FBA-8118-CE5DE3F6ECD1}.Release|x64.ActiveCfg = Release|x64
		{6D5B413C-DCCE-4FBA-8118-CE5DE3F6ECD1}.Release|x64.Build.0 = Release|x64
		{650B774F-830E-47A4-9E4A-C2C1D021AD0E}.Debug|Any CPU.ActiveCfg = Debug|Any CPU
		{650B774F-830E-47A4-9E4A-C2C1D021AD0E}.Debug|Any CPU.Build.0 = Debug|Any CPU
		{650B774F-830E-47A4-9E4A-C2C1D021AD0E}.Debug|x64.ActiveCfg = Debug|Any CPU
		{650B774F-830E-47A4-9E4A-C2C1D021AD0E}.Debug|x64.Build.0 = Debug|Any CPU
		{650B774F-830E-47A4-9E4A-C2C1D021AD0E}.Release|Any CPU.ActiveCfg = Release|Any CPU
		{650B774F-830E-47A4-9E4A-C2C1D021AD0E}.Release|Any CPU.Build.0 = Release|Any CPU
		{650B774F-830E-47A4-9E4A-C2C1D021AD0E}.Release|x64.ActiveCfg = Release|Any CPU
		{650B774F-830E-47A4-9E4A-C2C1D021AD0E}.Release|x64.Build.0 = Release|Any CPU
		{5852AC33-6B01-44F5-BAF3-2AAF796E8449}.Debug|Any CPU.ActiveCfg = Debug|x64
		{5852AC33-6B01-44F5-BAF3-2AAF796E8449}.Debug|x64.ActiveCfg = Debug|x64
		{5852AC33-6B01-44F5-BAF3-2AAF796E8449}.Debug|x64.Build.0 = Debug|x64
		{5852AC33-6B01-44F5-BAF3-2AAF796E8449}.Release|Any CPU.ActiveCfg = Release|x64
		{5852AC33-6B01-44F5-BAF3-2AAF796E8449}.Release|x64.ActiveCfg = Release|x64
		{5852AC33-6B01-44F5-BAF3-2AAF796E8449}.Release|x64.Build.0 = Release|x64
	EndGlobalSection
	GlobalSection(SolutionProperties) = preSolution
		HideSolutionNode = FALSE
	EndGlobalSection
	GlobalSection(ExtensibilityGlobals) = postSolution
		SolutionGuid = {395524CF-736C-4750-B07B-5021D884980D}
	EndGlobalSection
EndGlobal
