
Microsoft Visual Studio Solution File, Format Version 12.00
# Visual Studio 15
VisualStudioVersion = 15.0.27703.2000
MinimumVisualStudioVersion = 10.0.40219.1
Project("{9A19103F-16F7-4668-BE54-9A1E7A4F7556}") = "AmbrosiaCS", "AmbrosiaCS.csproj", "{EC500C57-A702-4A67-9A34-E7DF27FA4C01}"
	ProjectSection(ProjectDependencies) = postProject
		{B83690A7-C017-4FEB-B61E-17E4FC1AD5D5} = {B83690A7-C017-4FEB-B61E-17E4FC1AD5D5}
	EndProjectSection
EndProject
Project("{9A19103F-16F7-4668-BE54-9A1E7A4F7556}") = "Ambrosia", "..\..\..\Ambrosia\Ambrosia\Ambrosia.csproj", "{B83690A7-C017-4FEB-B61E-17E4FC1AD5D5}"
EndProject
Project("{9A19103F-16F7-4668-BE54-9A1E7A4F7556}") = "AmbrosiaLibCS", "..\AmbrosiaLibCS\AmbrosiaLibCS.csproj", "{F1931B29-C2C6-4E02-A359-939D94ADCF33}"
EndProject
Global
	GlobalSection(SolutionConfigurationPlatforms) = preSolution
		Debug|x64 = Debug|x64
		Release|x64 = Release|x64
	EndGlobalSection
	GlobalSection(ProjectConfigurationPlatforms) = postSolution
		{EC500C57-A702-4A67-9A34-E7DF27FA4C01}.Debug|x64.ActiveCfg = Debug|x64
		{EC500C57-A702-4A67-9A34-E7DF27FA4C01}.Debug|x64.Build.0 = Debug|x64
		{EC500C57-A702-4A67-9A34-E7DF27FA4C01}.Release|x64.ActiveCfg = Release|x64
		{EC500C57-A702-4A67-9A34-E7DF27FA4C01}.Release|x64.Build.0 = Release|x64
		{B83690A7-C017-4FEB-B61E-17E4FC1AD5D5}.Debug|x64.ActiveCfg = Debug|x64
		{B83690A7-C017-4FEB-B61E-17E4FC1AD5D5}.Debug|x64.Build.0 = Debug|x64
		{B83690A7-C017-4FEB-B61E-17E4FC1AD5D5}.Release|x64.ActiveCfg = Release|x64
		{B83690A7-C017-4FEB-B61E-17E4FC1AD5D5}.Release|x64.Build.0 = Release|x64
		{F1931B29-C2C6-4E02-A359-939D94ADCF33}.Debug|x64.ActiveCfg = Debug|x64
		{F1931B29-C2C6-4E02-A359-939D94ADCF33}.Debug|x64.Build.0 = Debug|x64
		{F1931B29-C2C6-4E02-A359-939D94ADCF33}.Release|x64.ActiveCfg = Release|x64
		{F1931B29-C2C6-4E02-A359-939D94ADCF33}.Release|x64.Build.0 = Release|x64
	EndGlobalSection
	GlobalSection(SolutionProperties) = preSolution
		HideSolutionNode = FALSE
	EndGlobalSection
	GlobalSection(ExtensibilityGlobals) = postSolution
		SolutionGuid = {8A278F21-DF2E-4526-BB87-EC05E39B57D6}
	EndGlobalSection
EndGlobal
