
Microsoft Visual Studio Solution File, Format Version 12.00
# Visual Studio Version 16
VisualStudioVersion = 16.0.29920.165
MinimumVisualStudioVersion = 10.0.40219.1
Project("{9A19103F-16F7-4668-BE54-9A1E7A4F7556}") = "AmbrosiaCS", "AmbrosiaCS.csproj", "{EC500C57-A702-4A67-9A34-E7DF27FA4C01}"
EndProject
Project("{9A19103F-16F7-4668-BE54-9A1E7A4F7556}") = "AmbrosiaLibCS", "..\AmbrosiaLibCS\AmbrosiaLibCS.csproj", "{F1931B29-C2C6-4E02-A359-939D94ADCF33}"
EndProject
Project("{9A19103F-16F7-4668-BE54-9A1E7A4F7556}") = "AmbrosiaLib", "..\..\..\AmbrosiaLib\Ambrosia\AmbrosiaLib.csproj", "{50740F6E-998B-4C05-B951-77678839323A}"
EndProject
Project("{9A19103F-16F7-4668-BE54-9A1E7A4F7556}") = "SharedAmbrosiaTools", "..\..\..\SharedAmbrosiaTools\SharedAmbrosiaTools.csproj", "{0B2EB3C8-C898-44A0-B8D4-9DD840638BA5}"
EndProject
Project("{9A19103F-16F7-4668-BE54-9A1E7A4F7556}") = "ImmortalCoordinator", "..\..\..\ImmortalCoordinator\ImmortalCoordinator.csproj", "{19E0096D-50D6-431F-8749-B6F1B2E66E16}"
EndProject
Project("{9A19103F-16F7-4668-BE54-9A1E7A4F7556}") = "AzureBlobsLogPicker", "..\..\..\AzureBlobsLogPicker\AzureBlobsLogPicker.csproj", "{C2BCD2DE-DE66-4FCD-A2B8-A9E42881D653}"
EndProject
Project("{9A19103F-16F7-4668-BE54-9A1E7A4F7556}") = "GenericLogPicker", "..\..\..\GenericLogPicker\GenericLogPicker.csproj", "{7C351DDF-4370-45DC-B108-C8F0DE1833D6}"
EndProject
Global
	GlobalSection(SolutionConfigurationPlatforms) = preSolution
		Debug|Any CPU = Debug|Any CPU
		Debug|ARM64 = Debug|ARM64
		Debug|x64 = Debug|x64
		Release|Any CPU = Release|Any CPU
		Release|ARM64 = Release|ARM64
		Release|x64 = Release|x64
	EndGlobalSection
	GlobalSection(ProjectConfigurationPlatforms) = postSolution
		{EC500C57-A702-4A67-9A34-E7DF27FA4C01}.Debug|Any CPU.ActiveCfg = Debug|x64
		{EC500C57-A702-4A67-9A34-E7DF27FA4C01}.Debug|ARM64.ActiveCfg = Debug|x64
		{EC500C57-A702-4A67-9A34-E7DF27FA4C01}.Debug|x64.ActiveCfg = Debug|x64
		{EC500C57-A702-4A67-9A34-E7DF27FA4C01}.Debug|x64.Build.0 = Debug|x64
		{EC500C57-A702-4A67-9A34-E7DF27FA4C01}.Release|Any CPU.ActiveCfg = Release|x64
		{EC500C57-A702-4A67-9A34-E7DF27FA4C01}.Release|ARM64.ActiveCfg = Release|x64
		{EC500C57-A702-4A67-9A34-E7DF27FA4C01}.Release|x64.ActiveCfg = Release|x64
		{EC500C57-A702-4A67-9A34-E7DF27FA4C01}.Release|x64.Build.0 = Release|x64
		{F1931B29-C2C6-4E02-A359-939D94ADCF33}.Debug|Any CPU.ActiveCfg = Debug|Any CPU
		{F1931B29-C2C6-4E02-A359-939D94ADCF33}.Debug|Any CPU.Build.0 = Debug|Any CPU
		{F1931B29-C2C6-4E02-A359-939D94ADCF33}.Debug|ARM64.ActiveCfg = Debug|Any CPU
		{F1931B29-C2C6-4E02-A359-939D94ADCF33}.Debug|ARM64.Build.0 = Debug|Any CPU
		{F1931B29-C2C6-4E02-A359-939D94ADCF33}.Debug|x64.ActiveCfg = Debug|Any CPU
		{F1931B29-C2C6-4E02-A359-939D94ADCF33}.Debug|x64.Build.0 = Debug|Any CPU
		{F1931B29-C2C6-4E02-A359-939D94ADCF33}.Release|Any CPU.ActiveCfg = Release|Any CPU
		{F1931B29-C2C6-4E02-A359-939D94ADCF33}.Release|Any CPU.Build.0 = Release|Any CPU
		{F1931B29-C2C6-4E02-A359-939D94ADCF33}.Release|ARM64.ActiveCfg = Release|Any CPU
		{F1931B29-C2C6-4E02-A359-939D94ADCF33}.Release|ARM64.Build.0 = Release|Any CPU
		{F1931B29-C2C6-4E02-A359-939D94ADCF33}.Release|x64.ActiveCfg = Release|Any CPU
		{F1931B29-C2C6-4E02-A359-939D94ADCF33}.Release|x64.Build.0 = Release|Any CPU
		{50740F6E-998B-4C05-B951-77678839323A}.Debug|Any CPU.ActiveCfg = Debug|Any CPU
		{50740F6E-998B-4C05-B951-77678839323A}.Debug|Any CPU.Build.0 = Debug|Any CPU
		{50740F6E-998B-4C05-B951-77678839323A}.Debug|ARM64.ActiveCfg = Debug|Any CPU
		{50740F6E-998B-4C05-B951-77678839323A}.Debug|ARM64.Build.0 = Debug|Any CPU
		{50740F6E-998B-4C05-B951-77678839323A}.Debug|x64.ActiveCfg = Debug|Any CPU
		{50740F6E-998B-4C05-B951-77678839323A}.Debug|x64.Build.0 = Debug|Any CPU
		{50740F6E-998B-4C05-B951-77678839323A}.Release|Any CPU.ActiveCfg = Release|Any CPU
		{50740F6E-998B-4C05-B951-77678839323A}.Release|Any CPU.Build.0 = Release|Any CPU
		{50740F6E-998B-4C05-B951-77678839323A}.Release|ARM64.ActiveCfg = Release|Any CPU
		{50740F6E-998B-4C05-B951-77678839323A}.Release|ARM64.Build.0 = Release|Any CPU
		{50740F6E-998B-4C05-B951-77678839323A}.Release|x64.ActiveCfg = Release|Any CPU
		{50740F6E-998B-4C05-B951-77678839323A}.Release|x64.Build.0 = Release|Any CPU
		{0B2EB3C8-C898-44A0-B8D4-9DD840638BA5}.Debug|Any CPU.ActiveCfg = Debug|Any CPU
		{0B2EB3C8-C898-44A0-B8D4-9DD840638BA5}.Debug|Any CPU.Build.0 = Debug|Any CPU
		{0B2EB3C8-C898-44A0-B8D4-9DD840638BA5}.Debug|ARM64.ActiveCfg = Debug|Any CPU
		{0B2EB3C8-C898-44A0-B8D4-9DD840638BA5}.Debug|ARM64.Build.0 = Debug|Any CPU
		{0B2EB3C8-C898-44A0-B8D4-9DD840638BA5}.Debug|x64.ActiveCfg = Debug|Any CPU
		{0B2EB3C8-C898-44A0-B8D4-9DD840638BA5}.Debug|x64.Build.0 = Debug|Any CPU
		{0B2EB3C8-C898-44A0-B8D4-9DD840638BA5}.Release|Any CPU.ActiveCfg = Release|Any CPU
		{0B2EB3C8-C898-44A0-B8D4-9DD840638BA5}.Release|Any CPU.Build.0 = Release|Any CPU
		{0B2EB3C8-C898-44A0-B8D4-9DD840638BA5}.Release|ARM64.ActiveCfg = Release|Any CPU
		{0B2EB3C8-C898-44A0-B8D4-9DD840638BA5}.Release|ARM64.Build.0 = Release|Any CPU
		{0B2EB3C8-C898-44A0-B8D4-9DD840638BA5}.Release|x64.ActiveCfg = Release|Any CPU
		{0B2EB3C8-C898-44A0-B8D4-9DD840638BA5}.Release|x64.Build.0 = Release|Any CPU
		{19E0096D-50D6-431F-8749-B6F1B2E66E16}.Debug|Any CPU.ActiveCfg = Debug|Any CPU
		{19E0096D-50D6-431F-8749-B6F1B2E66E16}.Debug|Any CPU.Build.0 = Debug|Any CPU
		{19E0096D-50D6-431F-8749-B6F1B2E66E16}.Debug|ARM64.ActiveCfg = Debug|ARM64
		{19E0096D-50D6-431F-8749-B6F1B2E66E16}.Debug|ARM64.Build.0 = Debug|ARM64
		{19E0096D-50D6-431F-8749-B6F1B2E66E16}.Debug|x64.ActiveCfg = Debug|x64
		{19E0096D-50D6-431F-8749-B6F1B2E66E16}.Debug|x64.Build.0 = Debug|x64
		{19E0096D-50D6-431F-8749-B6F1B2E66E16}.Release|Any CPU.ActiveCfg = Release|Any CPU
		{19E0096D-50D6-431F-8749-B6F1B2E66E16}.Release|Any CPU.Build.0 = Release|Any CPU
		{19E0096D-50D6-431F-8749-B6F1B2E66E16}.Release|ARM64.ActiveCfg = Release|ARM64
		{19E0096D-50D6-431F-8749-B6F1B2E66E16}.Release|ARM64.Build.0 = Release|ARM64
		{19E0096D-50D6-431F-8749-B6F1B2E66E16}.Release|x64.ActiveCfg = Release|x64
		{19E0096D-50D6-431F-8749-B6F1B2E66E16}.Release|x64.Build.0 = Release|x64
		{C2BCD2DE-DE66-4FCD-A2B8-A9E42881D653}.Debug|Any CPU.ActiveCfg = Debug|Any CPU
		{C2BCD2DE-DE66-4FCD-A2B8-A9E42881D653}.Debug|Any CPU.Build.0 = Debug|Any CPU
		{C2BCD2DE-DE66-4FCD-A2B8-A9E42881D653}.Debug|ARM64.ActiveCfg = Debug|Any CPU
		{C2BCD2DE-DE66-4FCD-A2B8-A9E42881D653}.Debug|ARM64.Build.0 = Debug|Any CPU
		{C2BCD2DE-DE66-4FCD-A2B8-A9E42881D653}.Debug|x64.ActiveCfg = Debug|Any CPU
		{C2BCD2DE-DE66-4FCD-A2B8-A9E42881D653}.Debug|x64.Build.0 = Debug|Any CPU
		{C2BCD2DE-DE66-4FCD-A2B8-A9E42881D653}.Release|Any CPU.ActiveCfg = Release|Any CPU
		{C2BCD2DE-DE66-4FCD-A2B8-A9E42881D653}.Release|Any CPU.Build.0 = Release|Any CPU
		{C2BCD2DE-DE66-4FCD-A2B8-A9E42881D653}.Release|ARM64.ActiveCfg = Release|Any CPU
		{C2BCD2DE-DE66-4FCD-A2B8-A9E42881D653}.Release|ARM64.Build.0 = Release|Any CPU
		{C2BCD2DE-DE66-4FCD-A2B8-A9E42881D653}.Release|x64.ActiveCfg = Release|Any CPU
		{C2BCD2DE-DE66-4FCD-A2B8-A9E42881D653}.Release|x64.Build.0 = Release|Any CPU
		{7C351DDF-4370-45DC-B108-C8F0DE1833D6}.Debug|Any CPU.ActiveCfg = Debug|Any CPU
		{7C351DDF-4370-45DC-B108-C8F0DE1833D6}.Debug|Any CPU.Build.0 = Debug|Any CPU
		{7C351DDF-4370-45DC-B108-C8F0DE1833D6}.Debug|ARM64.ActiveCfg = Debug|Any CPU
		{7C351DDF-4370-45DC-B108-C8F0DE1833D6}.Debug|ARM64.Build.0 = Debug|Any CPU
		{7C351DDF-4370-45DC-B108-C8F0DE1833D6}.Debug|x64.ActiveCfg = Debug|Any CPU
		{7C351DDF-4370-45DC-B108-C8F0DE1833D6}.Debug|x64.Build.0 = Debug|Any CPU
		{7C351DDF-4370-45DC-B108-C8F0DE1833D6}.Release|Any CPU.ActiveCfg = Release|Any CPU
		{7C351DDF-4370-45DC-B108-C8F0DE1833D6}.Release|Any CPU.Build.0 = Release|Any CPU
		{7C351DDF-4370-45DC-B108-C8F0DE1833D6}.Release|ARM64.ActiveCfg = Release|Any CPU
		{7C351DDF-4370-45DC-B108-C8F0DE1833D6}.Release|ARM64.Build.0 = Release|Any CPU
		{7C351DDF-4370-45DC-B108-C8F0DE1833D6}.Release|x64.ActiveCfg = Release|Any CPU
		{7C351DDF-4370-45DC-B108-C8F0DE1833D6}.Release|x64.Build.0 = Release|Any CPU
	EndGlobalSection
	GlobalSection(SolutionProperties) = preSolution
		HideSolutionNode = FALSE
	EndGlobalSection
	GlobalSection(ExtensibilityGlobals) = postSolution
		SolutionGuid = {8A278F21-DF2E-4526-BB87-EC05E39B57D6}
	EndGlobalSection
EndGlobal
