
Microsoft Visual Studio Solution File, Format Version 12.00
# Visual Studio Version 16
VisualStudioVersion = 16.0.29920.165
MinimumVisualStudioVersion = 10.0.40219.1
Project("{9A19103F-16F7-4668-BE54-9A1E7A4F7556}") = "TwitterObservable", "TwitterObservable\TwitterObservable.csproj", "{15BB3B74-3463-4D4F-8174-550890CA14AC}"
EndProject
Project("{9A19103F-16F7-4668-BE54-9A1E7A4F7556}") = "Analytics", "Analytics\Analytics.csproj", "{FB65021C-C468-428C-8593-DF682ED562AB}"
EndProject
Project("{9A19103F-16F7-4668-BE54-9A1E7A4F7556}") = "AnalyticsAPI", "AnalyticsAPI\AnalyticsAPI.csproj", "{1F115E90-71AB-42FE-908E-8C98EFF78E08}"
EndProject
Project("{9A19103F-16F7-4668-BE54-9A1E7A4F7556}") = "DashboardAPI", "DashboardAPI\DashboardAPI.csproj", "{94A07B70-D77E-46AC-8B30-41C20B8FF907}"
EndProject
Project("{9A19103F-16F7-4668-BE54-9A1E7A4F7556}") = "Dashboard", "Dashboard\Dashboard.csproj", "{CD96AF78-7116-4E82-8A6C-F13655490A56}"
EndProject
Project("{9A19103F-16F7-4668-BE54-9A1E7A4F7556}") = "ServiceConfiguration", "ServiceConfiguration\ServiceConfiguration.csproj", "{1AA08A35-A6F6-4857-AF3A-B3D375F02008}"
EndProject
Project("{9A19103F-16F7-4668-BE54-9A1E7A4F7556}") = "AnalyticsAPIGenerated", "GeneratedSourceFiles\AnalyticsAPIGenerated\latest\AnalyticsAPIGenerated.csproj", "{49A43457-3F9A-49E4-88EF-82072B4C7C6B}"
EndProject
Project("{9A19103F-16F7-4668-BE54-9A1E7A4F7556}") = "DashboardAPIGenerated", "GeneratedSourceFiles\DashboardAPIGenerated\latest\DashboardAPIGenerated.csproj", "{352DEC2E-6E50-4342-8AE2-412C182B33F8}"
EndProject
Global
	GlobalSection(SolutionConfigurationPlatforms) = preSolution
		Debug|x64 = Debug|x64
		Release|x64 = Release|x64
	EndGlobalSection
	GlobalSection(ProjectConfigurationPlatforms) = postSolution
		{15BB3B74-3463-4D4F-8174-550890CA14AC}.Debug|x64.ActiveCfg = Debug|x64
		{15BB3B74-3463-4D4F-8174-550890CA14AC}.Debug|x64.Build.0 = Debug|x64
		{15BB3B74-3463-4D4F-8174-550890CA14AC}.Release|x64.ActiveCfg = Release|x64
		{15BB3B74-3463-4D4F-8174-550890CA14AC}.Release|x64.Build.0 = Release|x64
		{FB65021C-C468-428C-8593-DF682ED562AB}.Debug|x64.ActiveCfg = Debug|x64
		{FB65021C-C468-428C-8593-DF682ED562AB}.Debug|x64.Build.0 = Debug|x64
		{FB65021C-C468-428C-8593-DF682ED562AB}.Release|x64.ActiveCfg = Release|x64
		{FB65021C-C468-428C-8593-DF682ED562AB}.Release|x64.Build.0 = Release|x64
		{1F115E90-71AB-42FE-908E-8C98EFF78E08}.Debug|x64.ActiveCfg = Debug|Any CPU
		{1F115E90-71AB-42FE-908E-8C98EFF78E08}.Debug|x64.Build.0 = Debug|Any CPU
		{1F115E90-71AB-42FE-908E-8C98EFF78E08}.Release|x64.ActiveCfg = Release|Any CPU
		{1F115E90-71AB-42FE-908E-8C98EFF78E08}.Release|x64.Build.0 = Release|AnyCPU
		{94A07B70-D77E-46AC-8B30-41C20B8FF907}.Debug|x64.ActiveCfg = Debug|Any CPU
		{94A07B70-D77E-46AC-8B30-41C20B8FF907}.Debug|x64.Build.0 = Debug|Any CPU
		{94A07B70-D77E-46AC-8B30-41C20B8FF907}.Release|x64.ActiveCfg = Release|Any CPU
		{94A07B70-D77E-46AC-8B30-41C20B8FF907}.Release|x64.Build.0 = Release|Any CPU
		{CD96AF78-7116-4E82-8A6C-F13655490A56}.Debug|x64.ActiveCfg = Debug|x64
		{CD96AF78-7116-4E82-8A6C-F13655490A56}.Debug|x64.Build.0 = Debug|x64
		{CD96AF78-7116-4E82-8A6C-F13655490A56}.Release|x64.ActiveCfg = Release|x64
		{CD96AF78-7116-4E82-8A6C-F13655490A56}.Release|x64.Build.0 = Release|x64
		{1AA08A35-A6F6-4857-AF3A-B3D375F02008}.Debug|x64.ActiveCfg = Debug|x64
		{1AA08A35-A6F6-4857-AF3A-B3D375F02008}.Debug|x64.Build.0 = Debug|x64
		{1AA08A35-A6F6-4857-AF3A-B3D375F02008}.Release|x64.ActiveCfg = Release|x64
		{1AA08A35-A6F6-4857-AF3A-B3D375F02008}.Release|x64.Build.0 = Release|x64
		{49A43457-3F9A-49E4-88EF-82072B4C7C6B}.Debug|x64.ActiveCfg = Debug|Any CPU
		{49A43457-3F9A-49E4-88EF-82072B4C7C6B}.Debug|x64.Build.0 = Debug|Any CPU
		{49A43457-3F9A-49E4-88EF-82072B4C7C6B}.Release|x64.ActiveCfg = Release|Any CPU
		{49A43457-3F9A-49E4-88EF-82072B4C7C6B}.Release|x64.Build.0 = Release|Any CPU
		{352DEC2E-6E50-4342-8AE2-412C182B33F8}.Debug|x64.ActiveCfg = Debug|Any CPU
		{352DEC2E-6E50-4342-8AE2-412C182B33F8}.Debug|x64.Build.0 = Debug|Any CPU
		{352DEC2E-6E50-4342-8AE2-412C182B33F8}.Release|x64.ActiveCfg = Release|Any CPU
		{352DEC2E-6E50-4342-8AE2-412C182B33F8}.Release|x64.Build.0 = Release|Any CPU
	EndGlobalSection
	GlobalSection(SolutionProperties) = preSolution
		HideSolutionNode = FALSE
	EndGlobalSection
	GlobalSection(ExtensibilityGlobals) = postSolution
		SolutionGuid = {9A5E001F-B111-468D-B458-030F7B69B9D9}
	EndGlobalSection
EndGlobal
