
Microsoft Visual Studio Solution File, Format Version 12.00
# Visual Studio 15
VisualStudioVersion = 15.0.27703.2026
MinimumVisualStudioVersion = 10.0.40219.1
Project("{9A19103F-16F7-4668-BE54-9A1E7A4F7556}") = "IServer", "ServerAPI\IServer.csproj", "{9180745A-DE7F-40CB-BC48-595057C8D98F}"
EndProject
Project("{9A19103F-16F7-4668-BE54-9A1E7A4F7556}") = "Server", "Server\Server.csproj", "{D541B5ED-2BF6-4B19-BA8F-500EF0B6E766}"
EndProject
Project("{9A19103F-16F7-4668-BE54-9A1E7A4F7556}") = "Client1", "Client1\Client1.csproj", "{318EC3BE-E578-4779-9800-DB3436F1706C}"
EndProject
Project("{9A19103F-16F7-4668-BE54-9A1E7A4F7556}") = "IClient2", "IClient2\IClient2.csproj", "{975C3389-6CE2-4905-BE58-57FCF29B5D31}"
EndProject
Project("{9A19103F-16F7-4668-BE54-9A1E7A4F7556}") = "Client2", "Client2\Client2.csproj", "{644D897D-1311-4073-9F0C-4197A9719E28}"
EndProject
Project("{9A19103F-16F7-4668-BE54-9A1E7A4F7556}") = "IClient1", "IClient1\IClient1.csproj", "{8EFAD205-E2BF-46C0-B310-7D023210797F}"
EndProject
Project("{2150E333-8FDC-42A3-9474-1A3956D46DE8}") = "InterfacesNetCore", "InterfacesNetCore", "{8D3AE141-02A3-476F-BBCC-B8F450C2E5D5}"
EndProject
Project("{2150E333-8FDC-42A3-9474-1A3956D46DE8}") = "InterfacesNet46", "InterfacesNet46", "{5365BD1F-336E-4324-BB4E-ED2112468B3C}"
EndProject
Project("{9A19103F-16F7-4668-BE54-9A1E7A4F7556}") = "Client1InterfacesNet46", "GeneratedSourceFiles\Client1InterfacesNet46\latest\Client1InterfacesNet46.csproj", "{2E9DCFF8-68F3-4B71-8015-47BEB28EE236}"
EndProject
Project("{9A19103F-16F7-4668-BE54-9A1E7A4F7556}") = "Client2InterfacesNet46", "GeneratedSourceFiles\Client2InterfacesNet46\latest\Client2InterfacesNet46.csproj", "{3F6F0F30-87C0-4D68-92FC-54570612FC28}"
EndProject
Project("{9A19103F-16F7-4668-BE54-9A1E7A4F7556}") = "ServerInterfacesNet46", "GeneratedSourceFiles\ServerInterfacesNet46\latest\ServerInterfacesNet46.csproj", "{123DFF45-BFA5-463E-81DE-8C77986C4F6E}"
EndProject
Project("{9A19103F-16F7-4668-BE54-9A1E7A4F7556}") = "Client1InterfacesNetCore", "GeneratedSourceFiles\Client1InterfacesNetCore\latest\Client1InterfacesNetCore.csproj", "{E7FA684F-BAA3-4A24-96DE-3470A148B2DB}"
EndProject
Project("{9A19103F-16F7-4668-BE54-9A1E7A4F7556}") = "Client2InterfacesNetCore", "GeneratedSourceFiles\Client2InterfacesNetCore\latest\Client2InterfacesNetCore.csproj", "{0A635EF5-B970-4711-8B0C-393A38D105BB}"
EndProject
Project("{9A19103F-16F7-4668-BE54-9A1E7A4F7556}") = "ServerInterfacesNetCore", "GeneratedSourceFiles\ServerInterfacesNetCore\latest\ServerInterfacesNetCore.csproj", "{1B03DA44-F306-4C32-AE2C-D3ADCFCA8AA0}"
EndProject
Global
	GlobalSection(SolutionConfigurationPlatforms) = preSolution
		Debug|Any CPU = Debug|Any CPU
		Debug|x64 = Debug|x64
		Release|Any CPU = Release|Any CPU
		Release|x64 = Release|x64
	EndGlobalSection
	GlobalSection(ProjectConfigurationPlatforms) = postSolution
		{9180745A-DE7F-40CB-BC48-595057C8D98F}.Debug|Any CPU.ActiveCfg = Debug|x64
		{9180745A-DE7F-40CB-BC48-595057C8D98F}.Debug|x64.ActiveCfg = Debug|x64
		{9180745A-DE7F-40CB-BC48-595057C8D98F}.Debug|x64.Build.0 = Debug|x64
		{9180745A-DE7F-40CB-BC48-595057C8D98F}.Release|Any CPU.ActiveCfg = Release|x64
		{9180745A-DE7F-40CB-BC48-595057C8D98F}.Release|x64.ActiveCfg = Release|x64
		{9180745A-DE7F-40CB-BC48-595057C8D98F}.Release|x64.Build.0 = Release|x64
		{D541B5ED-2BF6-4B19-BA8F-500EF0B6E766}.Debug|Any CPU.ActiveCfg = Debug|x64
		{D541B5ED-2BF6-4B19-BA8F-500EF0B6E766}.Debug|x64.ActiveCfg = Debug|x64
		{D541B5ED-2BF6-4B19-BA8F-500EF0B6E766}.Debug|x64.Build.0 = Debug|x64
		{D541B5ED-2BF6-4B19-BA8F-500EF0B6E766}.Release|Any CPU.ActiveCfg = Release|x64
		{D541B5ED-2BF6-4B19-BA8F-500EF0B6E766}.Release|x64.ActiveCfg = Release|x64
		{D541B5ED-2BF6-4B19-BA8F-500EF0B6E766}.Release|x64.Build.0 = Release|x64
		{318EC3BE-E578-4779-9800-DB3436F1706C}.Debug|Any CPU.ActiveCfg = Debug|x64
		{318EC3BE-E578-4779-9800-DB3436F1706C}.Debug|x64.ActiveCfg = Debug|x64
		{318EC3BE-E578-4779-9800-DB3436F1706C}.Debug|x64.Build.0 = Debug|x64
		{318EC3BE-E578-4779-9800-DB3436F1706C}.Release|Any CPU.ActiveCfg = Release|x64
		{318EC3BE-E578-4779-9800-DB3436F1706C}.Release|x64.ActiveCfg = Release|x64
		{318EC3BE-E578-4779-9800-DB3436F1706C}.Release|x64.Build.0 = Release|x64
		{975C3389-6CE2-4905-BE58-57FCF29B5D31}.Debug|Any CPU.ActiveCfg = Debug|Any CPU
		{975C3389-6CE2-4905-BE58-57FCF29B5D31}.Debug|Any CPU.Build.0 = Debug|Any CPU
		{975C3389-6CE2-4905-BE58-57FCF29B5D31}.Debug|x64.ActiveCfg = Debug|x64
		{975C3389-6CE2-4905-BE58-57FCF29B5D31}.Debug|x64.Build.0 = Debug|x64
		{975C3389-6CE2-4905-BE58-57FCF29B5D31}.Release|Any CPU.ActiveCfg = Release|Any CPU
		{975C3389-6CE2-4905-BE58-57FCF29B5D31}.Release|Any CPU.Build.0 = Release|Any CPU
		{975C3389-6CE2-4905-BE58-57FCF29B5D31}.Release|x64.ActiveCfg = Release|Any CPU
		{975C3389-6CE2-4905-BE58-57FCF29B5D31}.Release|x64.Build.0 = Release|Any CPU
		{644D897D-1311-4073-9F0C-4197A9719E28}.Debug|Any CPU.ActiveCfg = Debug|Any CPU
		{644D897D-1311-4073-9F0C-4197A9719E28}.Debug|Any CPU.Build.0 = Debug|Any CPU
		{644D897D-1311-4073-9F0C-4197A9719E28}.Debug|x64.ActiveCfg = Debug|x64
		{644D897D-1311-4073-9F0C-4197A9719E28}.Debug|x64.Build.0 = Debug|x64
		{644D897D-1311-4073-9F0C-4197A9719E28}.Release|Any CPU.ActiveCfg = Release|Any CPU
		{644D897D-1311-4073-9F0C-4197A9719E28}.Release|Any CPU.Build.0 = Release|Any CPU
		{644D897D-1311-4073-9F0C-4197A9719E28}.Release|x64.ActiveCfg = Release|Any CPU
		{644D897D-1311-4073-9F0C-4197A9719E28}.Release|x64.Build.0 = Release|Any CPU
		{8EFAD205-E2BF-46C0-B310-7D023210797F}.Debug|Any CPU.ActiveCfg = Debug|Any CPU
		{8EFAD205-E2BF-46C0-B310-7D023210797F}.Debug|Any CPU.Build.0 = Debug|Any CPU
		{8EFAD205-E2BF-46C0-B310-7D023210797F}.Debug|x64.ActiveCfg = Debug|x64
		{8EFAD205-E2BF-46C0-B310-7D023210797F}.Debug|x64.Build.0 = Debug|x64
		{8EFAD205-E2BF-46C0-B310-7D023210797F}.Release|Any CPU.ActiveCfg = Release|Any CPU
		{8EFAD205-E2BF-46C0-B310-7D023210797F}.Release|Any CPU.Build.0 = Release|Any CPU
		{8EFAD205-E2BF-46C0-B310-7D023210797F}.Release|x64.ActiveCfg = Release|x64
		{8EFAD205-E2BF-46C0-B310-7D023210797F}.Release|x64.Build.0 = Release|x64
		{2E9DCFF8-68F3-4B71-8015-47BEB28EE236}.Debug|Any CPU.ActiveCfg = Debug|Any CPU
		{2E9DCFF8-68F3-4B71-8015-47BEB28EE236}.Debug|Any CPU.Build.0 = Debug|Any CPU
		{2E9DCFF8-68F3-4B71-8015-47BEB28EE236}.Debug|x64.ActiveCfg = Debug|Any CPU
		{2E9DCFF8-68F3-4B71-8015-47BEB28EE236}.Debug|x64.Build.0 = Debug|Any CPU
		{2E9DCFF8-68F3-4B71-8015-47BEB28EE236}.Release|Any CPU.ActiveCfg = Release|Any CPU
		{2E9DCFF8-68F3-4B71-8015-47BEB28EE236}.Release|Any CPU.Build.0 = Release|Any CPU
		{2E9DCFF8-68F3-4B71-8015-47BEB28EE236}.Release|x64.ActiveCfg = Release|Any CPU
		{2E9DCFF8-68F3-4B71-8015-47BEB28EE236}.Release|x64.Build.0 = Release|Any CPU
		{3F6F0F30-87C0-4D68-92FC-54570612FC28}.Debug|Any CPU.ActiveCfg = Debug|Any CPU
		{3F6F0F30-87C0-4D68-92FC-54570612FC28}.Debug|Any CPU.Build.0 = Debug|Any CPU
		{3F6F0F30-87C0-4D68-92FC-54570612FC28}.Debug|x64.ActiveCfg = Debug|Any CPU
		{3F6F0F30-87C0-4D68-92FC-54570612FC28}.Debug|x64.Build.0 = Debug|Any CPU
		{3F6F0F30-87C0-4D68-92FC-54570612FC28}.Release|Any CPU.ActiveCfg = Release|Any CPU
		{3F6F0F30-87C0-4D68-92FC-54570612FC28}.Release|Any CPU.Build.0 = Release|Any CPU
		{3F6F0F30-87C0-4D68-92FC-54570612FC28}.Release|x64.ActiveCfg = Release|Any CPU
		{3F6F0F30-87C0-4D68-92FC-54570612FC28}.Release|x64.Build.0 = Release|Any CPU
		{123DFF45-BFA5-463E-81DE-8C77986C4F6E}.Debug|Any CPU.ActiveCfg = Debug|Any CPU
		{123DFF45-BFA5-463E-81DE-8C77986C4F6E}.Debug|Any CPU.Build.0 = Debug|Any CPU
		{123DFF45-BFA5-463E-81DE-8C77986C4F6E}.Debug|x64.ActiveCfg = Debug|Any CPU
		{123DFF45-BFA5-463E-81DE-8C77986C4F6E}.Debug|x64.Build.0 = Debug|Any CPU
		{123DFF45-BFA5-463E-81DE-8C77986C4F6E}.Release|Any CPU.ActiveCfg = Release|Any CPU
		{123DFF45-BFA5-463E-81DE-8C77986C4F6E}.Release|Any CPU.Build.0 = Release|Any CPU
		{123DFF45-BFA5-463E-81DE-8C77986C4F6E}.Release|x64.ActiveCfg = Release|Any CPU
		{123DFF45-BFA5-463E-81DE-8C77986C4F6E}.Release|x64.Build.0 = Release|Any CPU
		{E7FA684F-BAA3-4A24-96DE-3470A148B2DB}.Debug|Any CPU.ActiveCfg = Debug|Any CPU
		{E7FA684F-BAA3-4A24-96DE-3470A148B2DB}.Debug|Any CPU.Build.0 = Debug|Any CPU
		{E7FA684F-BAA3-4A24-96DE-3470A148B2DB}.Debug|x64.ActiveCfg = Debug|Any CPU
		{E7FA684F-BAA3-4A24-96DE-3470A148B2DB}.Debug|x64.Build.0 = Debug|Any CPU
		{E7FA684F-BAA3-4A24-96DE-3470A148B2DB}.Release|Any CPU.ActiveCfg = Release|Any CPU
		{E7FA684F-BAA3-4A24-96DE-3470A148B2DB}.Release|Any CPU.Build.0 = Release|Any CPU
		{E7FA684F-BAA3-4A24-96DE-3470A148B2DB}.Release|x64.ActiveCfg = Release|Any CPU
		{E7FA684F-BAA3-4A24-96DE-3470A148B2DB}.Release|x64.Build.0 = Release|Any CPU
		{0A635EF5-B970-4711-8B0C-393A38D105BB}.Debug|Any CPU.ActiveCfg = Debug|Any CPU
		{0A635EF5-B970-4711-8B0C-393A38D105BB}.Debug|Any CPU.Build.0 = Debug|Any CPU
		{0A635EF5-B970-4711-8B0C-393A38D105BB}.Debug|x64.ActiveCfg = Debug|Any CPU
		{0A635EF5-B970-4711-8B0C-393A38D105BB}.Debug|x64.Build.0 = Debug|Any CPU
		{0A635EF5-B970-4711-8B0C-393A38D105BB}.Release|Any CPU.ActiveCfg = Release|Any CPU
		{0A635EF5-B970-4711-8B0C-393A38D105BB}.Release|Any CPU.Build.0 = Release|Any CPU
		{0A635EF5-B970-4711-8B0C-393A38D105BB}.Release|x64.ActiveCfg = Release|Any CPU
		{0A635EF5-B970-4711-8B0C-393A38D105BB}.Release|x64.Build.0 = Release|Any CPU
		{1B03DA44-F306-4C32-AE2C-D3ADCFCA8AA0}.Debug|Any CPU.ActiveCfg = Debug|Any CPU
		{1B03DA44-F306-4C32-AE2C-D3ADCFCA8AA0}.Debug|Any CPU.Build.0 = Debug|Any CPU
		{1B03DA44-F306-4C32-AE2C-D3ADCFCA8AA0}.Debug|x64.ActiveCfg = Debug|Any CPU
		{1B03DA44-F306-4C32-AE2C-D3ADCFCA8AA0}.Debug|x64.Build.0 = Debug|Any CPU
		{1B03DA44-F306-4C32-AE2C-D3ADCFCA8AA0}.Release|Any CPU.ActiveCfg = Release|Any CPU
		{1B03DA44-F306-4C32-AE2C-D3ADCFCA8AA0}.Release|Any CPU.Build.0 = Release|Any CPU
		{1B03DA44-F306-4C32-AE2C-D3ADCFCA8AA0}.Release|x64.ActiveCfg = Release|Any CPU
		{1B03DA44-F306-4C32-AE2C-D3ADCFCA8AA0}.Release|x64.Build.0 = Release|Any CPU
	EndGlobalSection
	GlobalSection(SolutionProperties) = preSolution
		HideSolutionNode = FALSE
	EndGlobalSection
	GlobalSection(NestedProjects) = preSolution
		{2E9DCFF8-68F3-4B71-8015-47BEB28EE236} = {5365BD1F-336E-4324-BB4E-ED2112468B3C}
		{3F6F0F30-87C0-4D68-92FC-54570612FC28} = {5365BD1F-336E-4324-BB4E-ED2112468B3C}
		{123DFF45-BFA5-463E-81DE-8C77986C4F6E} = {5365BD1F-336E-4324-BB4E-ED2112468B3C}
		{E7FA684F-BAA3-4A24-96DE-3470A148B2DB} = {8D3AE141-02A3-476F-BBCC-B8F450C2E5D5}
		{0A635EF5-B970-4711-8B0C-393A38D105BB} = {8D3AE141-02A3-476F-BBCC-B8F450C2E5D5}
		{1B03DA44-F306-4C32-AE2C-D3ADCFCA8AA0} = {8D3AE141-02A3-476F-BBCC-B8F450C2E5D5}
	EndGlobalSection
	GlobalSection(ExtensibilityGlobals) = postSolution
		SolutionGuid = {F7CED15E-05B1-4EE7-9E49-3793C1925F6A}
	EndGlobalSection
EndGlobal
