
Microsoft Visual Studio Solution File, Format Version 12.00
# Visual Studio 15
VisualStudioVersion = 15.0.26403.3
MinimumVisualStudioVersion = 10.0.40219.1
Project("{FAE04EC0-301F-11D3-BF4B-00C04F79EFBC}") = "GraphicalAppUWP", "GraphicalAppUWP\GraphicalAppUWP.csproj", "{711F6489-8226-4294-B04B-2A7F5DCE687A}"
EndProject
Project("{2150E333-8FDC-42A3-9474-1A3956D46DE8}") = "Solution Items", "Solution Items", "{3E23B2F6-017F-4AAC-927E-9EF13E966D7C}"
	ProjectSection(SolutionItems) = preProject
		README.md = README.md
	EndProjectSection
EndProject
Project("{FAE04EC0-301F-11D3-BF4B-00C04F79EFBC}") = "GraphicalApp", "GraphicalApp\GraphicalApp.csproj", "{4976FF5B-08E5-4623-816F-900E8653D04E}"
EndProject
Project("{9A19103F-16F7-4668-BE54-9A1E7A4F7556}") = "GraphicalImmortalAPI", "GraphicalImmortalAPI\GraphicalImmortalAPI.csproj", "{8A068584-A749-4E80-830B-43ED82B7CA06}"
EndProject
Project("{9A19103F-16F7-4668-BE54-9A1E7A4F7556}") = "GraphicalImmortal", "GraphicalImmortal\GraphicalImmortal.csproj", "{68547465-2B3D-4648-A904-638A34AC9AF5}"
EndProject
Project("{FAE04EC0-301F-11D3-BF4B-00C04F79EFBC}") = "GraphicalImmortalAPIGeneratedUWP", "GraphicalImmortalAPIGeneratedUWP\GraphicalImmortalAPIGeneratedUWP.csproj", "{3B95BCEA-13E3-482B-9F84-95519C30B554}"
EndProject
Project("{FAE04EC0-301F-11D3-BF4B-00C04F79EFBC}") = "GraphicalImmortalUWP", "GraphicalImmortalUWP\GraphicalImmortalUWP.csproj", "{C2E8EB68-CA47-43B6-A108-1F5588179F6A}"
EndProject
Project("{9A19103F-16F7-4668-BE54-9A1E7A4F7556}") = "GraphicalImmortalAPIGenerated", "GeneratedSourceFiles\GraphicalImmortalAPIGenerated\latest\GraphicalImmortalAPIGenerated.csproj", "{1B014EBA-A2D8-4B00-A93A-B14CC76071BC}"
EndProject
Project("{9A19103F-16F7-4668-BE54-9A1E7A4F7556}") = "Ambrosia", "..\..\Ambrosia\Ambrosia\Ambrosia.csproj", "{A58A9D2D-8A8A-4007-ABAE-3CA415C61BD2}"
EndProject
Project("{9A19103F-16F7-4668-BE54-9A1E7A4F7556}") = "AmbrosiaLibCS", "..\..\Clients\CSharp\AmbrosiaLibCS\AmbrosiaLibCS.csproj", "{1FE4912D-3123-4070-AA4A-7D46E42FD86A}"
EndProject
Project("{9A19103F-16F7-4668-BE54-9A1E7A4F7556}") = "AmbrosiaCS", "..\..\Clients\CSharp\AmbrosiaCS\AmbrosiaCS.csproj", "{7CD57844-5D34-4016-99F9-E7B808A84D71}"
EndProject
Project("{FAE04EC0-301F-11D3-BF4B-00C04F79EFBC}") = "AmbrosiaUWP", "AmbrosiaUWP\AmbrosiaUWP.csproj", "{93C9F09C-E982-42A0-A80A-95D957F96AB6}"
EndProject
Project("{FAE04EC0-301F-11D3-BF4B-00C04F79EFBC}") = "AmbrosiaLibCSUWP", "AmbrosiaLibCSUWP\AmbrosiaLibCSUWP.csproj", "{98665953-A2FE-4826-AC6D-FA2C0943A23E}"
EndProject
Global
	GlobalSection(SolutionConfigurationPlatforms) = preSolution
		Debug|Any CPU = Debug|Any CPU
		Debug|ARM = Debug|ARM
		Debug|x64 = Debug|x64
		Debug|x86 = Debug|x86
		Release|Any CPU = Release|Any CPU
		Release|ARM = Release|ARM
		Release|x64 = Release|x64
		Release|x86 = Release|x86
	EndGlobalSection
	GlobalSection(ProjectConfigurationPlatforms) = postSolution
		{711F6489-8226-4294-B04B-2A7F5DCE687A}.Debug|Any CPU.ActiveCfg = Debug|x86
		{711F6489-8226-4294-B04B-2A7F5DCE687A}.Debug|ARM.ActiveCfg = Debug|ARM
		{711F6489-8226-4294-B04B-2A7F5DCE687A}.Debug|ARM.Build.0 = Debug|ARM
		{711F6489-8226-4294-B04B-2A7F5DCE687A}.Debug|ARM.Deploy.0 = Debug|ARM
		{711F6489-8226-4294-B04B-2A7F5DCE687A}.Debug|x64.ActiveCfg = Debug|x64
		{711F6489-8226-4294-B04B-2A7F5DCE687A}.Debug|x64.Build.0 = Debug|x64
		{711F6489-8226-4294-B04B-2A7F5DCE687A}.Debug|x64.Deploy.0 = Debug|x64
		{711F6489-8226-4294-B04B-2A7F5DCE687A}.Debug|x86.ActiveCfg = Debug|x86
		{711F6489-8226-4294-B04B-2A7F5DCE687A}.Debug|x86.Build.0 = Debug|x86
		{711F6489-8226-4294-B04B-2A7F5DCE687A}.Debug|x86.Deploy.0 = Debug|x86
		{711F6489-8226-4294-B04B-2A7F5DCE687A}.Release|Any CPU.ActiveCfg = Release|x86
		{711F6489-8226-4294-B04B-2A7F5DCE687A}.Release|ARM.ActiveCfg = Release|ARM
		{711F6489-8226-4294-B04B-2A7F5DCE687A}.Release|ARM.Build.0 = Release|ARM
		{711F6489-8226-4294-B04B-2A7F5DCE687A}.Release|ARM.Deploy.0 = Release|ARM
		{711F6489-8226-4294-B04B-2A7F5DCE687A}.Release|x64.ActiveCfg = Release|x64
		{711F6489-8226-4294-B04B-2A7F5DCE687A}.Release|x64.Build.0 = Release|x64
		{711F6489-8226-4294-B04B-2A7F5DCE687A}.Release|x64.Deploy.0 = Release|x64
		{711F6489-8226-4294-B04B-2A7F5DCE687A}.Release|x86.ActiveCfg = Release|x86
		{711F6489-8226-4294-B04B-2A7F5DCE687A}.Release|x86.Build.0 = Release|x86
		{711F6489-8226-4294-B04B-2A7F5DCE687A}.Release|x86.Deploy.0 = Release|x86
		{4976FF5B-08E5-4623-816F-900E8653D04E}.Debug|Any CPU.ActiveCfg = Debug|Any CPU
		{4976FF5B-08E5-4623-816F-900E8653D04E}.Debug|Any CPU.Build.0 = Debug|Any CPU
		{4976FF5B-08E5-4623-816F-900E8653D04E}.Debug|ARM.ActiveCfg = Debug|Any CPU
		{4976FF5B-08E5-4623-816F-900E8653D04E}.Debug|ARM.Build.0 = Debug|Any CPU
		{4976FF5B-08E5-4623-816F-900E8653D04E}.Debug|x64.ActiveCfg = Debug|x64
		{4976FF5B-08E5-4623-816F-900E8653D04E}.Debug|x64.Build.0 = Debug|x64
		{4976FF5B-08E5-4623-816F-900E8653D04E}.Debug|x86.ActiveCfg = Debug|Any CPU
		{4976FF5B-08E5-4623-816F-900E8653D04E}.Debug|x86.Build.0 = Debug|Any CPU
		{4976FF5B-08E5-4623-816F-900E8653D04E}.Release|Any CPU.ActiveCfg = Release|Any CPU
		{4976FF5B-08E5-4623-816F-900E8653D04E}.Release|Any CPU.Build.0 = Release|Any CPU
		{4976FF5B-08E5-4623-816F-900E8653D04E}.Release|ARM.ActiveCfg = Release|Any CPU
		{4976FF5B-08E5-4623-816F-900E8653D04E}.Release|ARM.Build.0 = Release|Any CPU
		{4976FF5B-08E5-4623-816F-900E8653D04E}.Release|x64.ActiveCfg = Release|Any CPU
		{4976FF5B-08E5-4623-816F-900E8653D04E}.Release|x64.Build.0 = Release|Any CPU
		{4976FF5B-08E5-4623-816F-900E8653D04E}.Release|x86.ActiveCfg = Release|Any CPU
		{4976FF5B-08E5-4623-816F-900E8653D04E}.Release|x86.Build.0 = Release|Any CPU
		{8A068584-A749-4E80-830B-43ED82B7CA06}.Debug|Any CPU.ActiveCfg = Debug|Any CPU
		{8A068584-A749-4E80-830B-43ED82B7CA06}.Debug|Any CPU.Build.0 = Debug|Any CPU
		{8A068584-A749-4E80-830B-43ED82B7CA06}.Debug|ARM.ActiveCfg = Debug|Any CPU
		{8A068584-A749-4E80-830B-43ED82B7CA06}.Debug|ARM.Build.0 = Debug|Any CPU
		{8A068584-A749-4E80-830B-43ED82B7CA06}.Debug|x64.ActiveCfg = Debug|x64
		{8A068584-A749-4E80-830B-43ED82B7CA06}.Debug|x64.Build.0 = Debug|x64
		{8A068584-A749-4E80-830B-43ED82B7CA06}.Debug|x86.ActiveCfg = Debug|Any CPU
		{8A068584-A749-4E80-830B-43ED82B7CA06}.Debug|x86.Build.0 = Debug|Any CPU
		{8A068584-A749-4E80-830B-43ED82B7CA06}.Release|Any CPU.ActiveCfg = Release|Any CPU
		{8A068584-A749-4E80-830B-43ED82B7CA06}.Release|Any CPU.Build.0 = Release|Any CPU
		{8A068584-A749-4E80-830B-43ED82B7CA06}.Release|ARM.ActiveCfg = Release|Any CPU
		{8A068584-A749-4E80-830B-43ED82B7CA06}.Release|ARM.Build.0 = Release|Any CPU
		{8A068584-A749-4E80-830B-43ED82B7CA06}.Release|x64.ActiveCfg = Release|x64
		{8A068584-A749-4E80-830B-43ED82B7CA06}.Release|x64.Build.0 = Release|x64
		{8A068584-A749-4E80-830B-43ED82B7CA06}.Release|x86.ActiveCfg = Release|Any CPU
		{8A068584-A749-4E80-830B-43ED82B7CA06}.Release|x86.Build.0 = Release|Any CPU
		{68547465-2B3D-4648-A904-638A34AC9AF5}.Debug|Any CPU.ActiveCfg = Debug|Any CPU
		{68547465-2B3D-4648-A904-638A34AC9AF5}.Debug|Any CPU.Build.0 = Debug|Any CPU
		{68547465-2B3D-4648-A904-638A34AC9AF5}.Debug|ARM.ActiveCfg = Debug|Any CPU
		{68547465-2B3D-4648-A904-638A34AC9AF5}.Debug|ARM.Build.0 = Debug|Any CPU
		{68547465-2B3D-4648-A904-638A34AC9AF5}.Debug|x64.ActiveCfg = Debug|x64
		{68547465-2B3D-4648-A904-638A34AC9AF5}.Debug|x64.Build.0 = Debug|x64
		{68547465-2B3D-4648-A904-638A34AC9AF5}.Debug|x86.ActiveCfg = Debug|Any CPU
		{68547465-2B3D-4648-A904-638A34AC9AF5}.Debug|x86.Build.0 = Debug|Any CPU
		{68547465-2B3D-4648-A904-638A34AC9AF5}.Release|Any CPU.ActiveCfg = Release|Any CPU
		{68547465-2B3D-4648-A904-638A34AC9AF5}.Release|Any CPU.Build.0 = Release|Any CPU
		{68547465-2B3D-4648-A904-638A34AC9AF5}.Release|ARM.ActiveCfg = Release|Any CPU
		{68547465-2B3D-4648-A904-638A34AC9AF5}.Release|ARM.Build.0 = Release|Any CPU
		{68547465-2B3D-4648-A904-638A34AC9AF5}.Release|x64.ActiveCfg = Release|x64
		{68547465-2B3D-4648-A904-638A34AC9AF5}.Release|x64.Build.0 = Release|x64
		{68547465-2B3D-4648-A904-638A34AC9AF5}.Release|x86.ActiveCfg = Release|Any CPU
		{68547465-2B3D-4648-A904-638A34AC9AF5}.Release|x86.Build.0 = Release|Any CPU
		{3B95BCEA-13E3-482B-9F84-95519C30B554}.Debug|Any CPU.ActiveCfg = Debug|Any CPU
		{3B95BCEA-13E3-482B-9F84-95519C30B554}.Debug|Any CPU.Build.0 = Debug|Any CPU
		{3B95BCEA-13E3-482B-9F84-95519C30B554}.Debug|ARM.ActiveCfg = Debug|ARM
		{3B95BCEA-13E3-482B-9F84-95519C30B554}.Debug|ARM.Build.0 = Debug|ARM
		{3B95BCEA-13E3-482B-9F84-95519C30B554}.Debug|x64.ActiveCfg = Debug|x64
		{3B95BCEA-13E3-482B-9F84-95519C30B554}.Debug|x64.Build.0 = Debug|x64
		{3B95BCEA-13E3-482B-9F84-95519C30B554}.Debug|x86.ActiveCfg = Debug|x86
		{3B95BCEA-13E3-482B-9F84-95519C30B554}.Debug|x86.Build.0 = Debug|x86
		{3B95BCEA-13E3-482B-9F84-95519C30B554}.Release|Any CPU.ActiveCfg = Release|Any CPU
		{3B95BCEA-13E3-482B-9F84-95519C30B554}.Release|Any CPU.Build.0 = Release|Any CPU
		{3B95BCEA-13E3-482B-9F84-95519C30B554}.Release|ARM.ActiveCfg = Release|ARM
		{3B95BCEA-13E3-482B-9F84-95519C30B554}.Release|ARM.Build.0 = Release|ARM
		{3B95BCEA-13E3-482B-9F84-95519C30B554}.Release|x64.ActiveCfg = Release|x64
		{3B95BCEA-13E3-482B-9F84-95519C30B554}.Release|x64.Build.0 = Release|x64
		{3B95BCEA-13E3-482B-9F84-95519C30B554}.Release|x86.ActiveCfg = Release|x86
		{3B95BCEA-13E3-482B-9F84-95519C30B554}.Release|x86.Build.0 = Release|x86
		{C2E8EB68-CA47-43B6-A108-1F5588179F6A}.Debug|Any CPU.ActiveCfg = Debug|Any CPU
		{C2E8EB68-CA47-43B6-A108-1F5588179F6A}.Debug|Any CPU.Build.0 = Debug|Any CPU
		{C2E8EB68-CA47-43B6-A108-1F5588179F6A}.Debug|ARM.ActiveCfg = Debug|ARM
		{C2E8EB68-CA47-43B6-A108-1F5588179F6A}.Debug|ARM.Build.0 = Debug|ARM
		{C2E8EB68-CA47-43B6-A108-1F5588179F6A}.Debug|x64.ActiveCfg = Debug|x64
		{C2E8EB68-CA47-43B6-A108-1F5588179F6A}.Debug|x64.Build.0 = Debug|x64
		{C2E8EB68-CA47-43B6-A108-1F5588179F6A}.Debug|x86.ActiveCfg = Debug|x86
		{C2E8EB68-CA47-43B6-A108-1F5588179F6A}.Debug|x86.Build.0 = Debug|x86
		{C2E8EB68-CA47-43B6-A108-1F5588179F6A}.Release|Any CPU.ActiveCfg = Release|Any CPU
		{C2E8EB68-CA47-43B6-A108-1F5588179F6A}.Release|Any CPU.Build.0 = Release|Any CPU
		{C2E8EB68-CA47-43B6-A108-1F5588179F6A}.Release|ARM.ActiveCfg = Release|ARM
		{C2E8EB68-CA47-43B6-A108-1F5588179F6A}.Release|ARM.Build.0 = Release|ARM
		{C2E8EB68-CA47-43B6-A108-1F5588179F6A}.Release|x64.ActiveCfg = Release|x64
		{C2E8EB68-CA47-43B6-A108-1F5588179F6A}.Release|x64.Build.0 = Release|x64
		{C2E8EB68-CA47-43B6-A108-1F5588179F6A}.Release|x86.ActiveCfg = Release|x86
		{C2E8EB68-CA47-43B6-A108-1F5588179F6A}.Release|x86.Build.0 = Release|x86
		{1B014EBA-A2D8-4B00-A93A-B14CC76071BC}.Debug|Any CPU.ActiveCfg = Debug|Any CPU
		{1B014EBA-A2D8-4B00-A93A-B14CC76071BC}.Debug|Any CPU.Build.0 = Debug|Any CPU
		{1B014EBA-A2D8-4B00-A93A-B14CC76071BC}.Debug|ARM.ActiveCfg = Debug|Any CPU
		{1B014EBA-A2D8-4B00-A93A-B14CC76071BC}.Debug|ARM.Build.0 = Debug|Any CPU
		{1B014EBA-A2D8-4B00-A93A-B14CC76071BC}.Debug|x64.ActiveCfg = Debug|Any CPU
		{1B014EBA-A2D8-4B00-A93A-B14CC76071BC}.Debug|x64.Build.0 = Debug|Any CPU
		{1B014EBA-A2D8-4B00-A93A-B14CC76071BC}.Debug|x86.ActiveCfg = Debug|Any CPU
		{1B014EBA-A2D8-4B00-A93A-B14CC76071BC}.Debug|x86.Build.0 = Debug|Any CPU
		{1B014EBA-A2D8-4B00-A93A-B14CC76071BC}.Release|Any CPU.ActiveCfg = Release|Any CPU
		{1B014EBA-A2D8-4B00-A93A-B14CC76071BC}.Release|Any CPU.Build.0 = Release|Any CPU
		{1B014EBA-A2D8-4B00-A93A-B14CC76071BC}.Release|ARM.ActiveCfg = Release|Any CPU
		{1B014EBA-A2D8-4B00-A93A-B14CC76071BC}.Release|ARM.Build.0 = Release|Any CPU
		{1B014EBA-A2D8-4B00-A93A-B14CC76071BC}.Release|x64.ActiveCfg = Release|Any CPU
		{1B014EBA-A2D8-4B00-A93A-B14CC76071BC}.Release|x64.Build.0 = Release|Any CPU
		{1B014EBA-A2D8-4B00-A93A-B14CC76071BC}.Release|x86.ActiveCfg = Release|Any CPU
		{1B014EBA-A2D8-4B00-A93A-B14CC76071BC}.Release|x86.Build.0 = Release|Any CPU
		{A58A9D2D-8A8A-4007-ABAE-3CA415C61BD2}.Debug|Any CPU.ActiveCfg = Debug|x64
		{A58A9D2D-8A8A-4007-ABAE-3CA415C61BD2}.Debug|ARM.ActiveCfg = Debug|x64
		{A58A9D2D-8A8A-4007-ABAE-3CA415C61BD2}.Debug|x64.ActiveCfg = Debug|x64
		{A58A9D2D-8A8A-4007-ABAE-3CA415C61BD2}.Debug|x64.Build.0 = Debug|x64
		{A58A9D2D-8A8A-4007-ABAE-3CA415C61BD2}.Debug|x86.ActiveCfg = Debug|x64
		{A58A9D2D-8A8A-4007-ABAE-3CA415C61BD2}.Release|Any CPU.ActiveCfg = Release|x64
		{A58A9D2D-8A8A-4007-ABAE-3CA415C61BD2}.Release|ARM.ActiveCfg = Release|x64
		{A58A9D2D-8A8A-4007-ABAE-3CA415C61BD2}.Release|x64.ActiveCfg = Release|x64
		{A58A9D2D-8A8A-4007-ABAE-3CA415C61BD2}.Release|x64.Build.0 = Release|x64
		{A58A9D2D-8A8A-4007-ABAE-3CA415C61BD2}.Release|x86.ActiveCfg = Release|x64
		{1FE4912D-3123-4070-AA4A-7D46E42FD86A}.Debug|Any CPU.ActiveCfg = Debug|x64
		{1FE4912D-3123-4070-AA4A-7D46E42FD86A}.Debug|ARM.ActiveCfg = Debug|x64
		{1FE4912D-3123-4070-AA4A-7D46E42FD86A}.Debug|x64.ActiveCfg = Debug|x64
		{1FE4912D-3123-4070-AA4A-7D46E42FD86A}.Debug|x64.Build.0 = Debug|x64
		{1FE4912D-3123-4070-AA4A-7D46E42FD86A}.Debug|x86.ActiveCfg = Debug|x64
		{1FE4912D-3123-4070-AA4A-7D46E42FD86A}.Release|Any CPU.ActiveCfg = Release|x64
		{1FE4912D-3123-4070-AA4A-7D46E42FD86A}.Release|ARM.ActiveCfg = Release|x64
		{1FE4912D-3123-4070-AA4A-7D46E42FD86A}.Release|x64.ActiveCfg = Release|x64
		{1FE4912D-3123-4070-AA4A-7D46E42FD86A}.Release|x64.Build.0 = Release|x64
		{1FE4912D-3123-4070-AA4A-7D46E42FD86A}.Release|x86.ActiveCfg = Release|x64
		{7CD57844-5D34-4016-99F9-E7B808A84D71}.Debug|Any CPU.ActiveCfg = Debug|x64
		{7CD57844-5D34-4016-99F9-E7B808A84D71}.Debug|ARM.ActiveCfg = Debug|x64
		{7CD57844-5D34-4016-99F9-E7B808A84D71}.Debug|x64.ActiveCfg = Debug|x64
		{7CD57844-5D34-4016-99F9-E7B808A84D71}.Debug|x64.Build.0 = Debug|x64
		{7CD57844-5D34-4016-99F9-E7B808A84D71}.Debug|x86.ActiveCfg = Debug|x64
		{7CD57844-5D34-4016-99F9-E7B808A84D71}.Release|Any CPU.ActiveCfg = Release|x64
		{7CD57844-5D34-4016-99F9-E7B808A84D71}.Release|ARM.ActiveCfg = Release|x64
		{7CD57844-5D34-4016-99F9-E7B808A84D71}.Release|x64.ActiveCfg = Release|x64
		{7CD57844-5D34-4016-99F9-E7B808A84D71}.Release|x64.Build.0 = Release|x64
		{7CD57844-5D34-4016-99F9-E7B808A84D71}.Release|x86.ActiveCfg = Release|x64
		{93C9F09C-E982-42A0-A80A-95D957F96AB6}.Debug|Any CPU.ActiveCfg = Debug|Any CPU
		{93C9F09C-E982-42A0-A80A-95D957F96AB6}.Debug|Any CPU.Build.0 = Debug|Any CPU
		{93C9F09C-E982-42A0-A80A-95D957F96AB6}.Debug|ARM.ActiveCfg = Debug|ARM
		{93C9F09C-E982-42A0-A80A-95D957F96AB6}.Debug|ARM.Build.0 = Debug|ARM
		{93C9F09C-E982-42A0-A80A-95D957F96AB6}.Debug|x64.ActiveCfg = Debug|x64
		{93C9F09C-E982-42A0-A80A-95D957F96AB6}.Debug|x64.Build.0 = Debug|x64
		{93C9F09C-E982-42A0-A80A-95D957F96AB6}.Debug|x86.ActiveCfg = Debug|x86
		{93C9F09C-E982-42A0-A80A-95D957F96AB6}.Debug|x86.Build.0 = Debug|x86
		{93C9F09C-E982-42A0-A80A-95D957F96AB6}.Release|Any CPU.ActiveCfg = Release|Any CPU
		{93C9F09C-E982-42A0-A80A-95D957F96AB6}.Release|Any CPU.Build.0 = Release|Any CPU
		{93C9F09C-E982-42A0-A80A-95D957F96AB6}.Release|ARM.ActiveCfg = Release|ARM
		{93C9F09C-E982-42A0-A80A-95D957F96AB6}.Release|ARM.Build.0 = Release|ARM
		{93C9F09C-E982-42A0-A80A-95D957F96AB6}.Release|x64.ActiveCfg = Release|x64
		{93C9F09C-E982-42A0-A80A-95D957F96AB6}.Release|x64.Build.0 = Release|x64
		{93C9F09C-E982-42A0-A80A-95D957F96AB6}.Release|x86.ActiveCfg = Release|x86
		{93C9F09C-E982-42A0-A80A-95D957F96AB6}.Release|x86.Build.0 = Release|x86
		{98665953-A2FE-4826-AC6D-FA2C0943A23E}.Debug|Any CPU.ActiveCfg = Debug|Any CPU
		{98665953-A2FE-4826-AC6D-FA2C0943A23E}.Debug|Any CPU.Build.0 = Debug|Any CPU
		{98665953-A2FE-4826-AC6D-FA2C0943A23E}.Debug|ARM.ActiveCfg = Debug|ARM
		{98665953-A2FE-4826-AC6D-FA2C0943A23E}.Debug|ARM.Build.0 = Debug|ARM
		{98665953-A2FE-4826-AC6D-FA2C0943A23E}.Debug|x64.ActiveCfg = Debug|x64
		{98665953-A2FE-4826-AC6D-FA2C0943A23E}.Debug|x64.Build.0 = Debug|x64
		{98665953-A2FE-4826-AC6D-FA2C0943A23E}.Debug|x86.ActiveCfg = Debug|x86
		{98665953-A2FE-4826-AC6D-FA2C0943A23E}.Debug|x86.Build.0 = Debug|x86
		{98665953-A2FE-4826-AC6D-FA2C0943A23E}.Release|Any CPU.ActiveCfg = Release|Any CPU
		{98665953-A2FE-4826-AC6D-FA2C0943A23E}.Release|Any CPU.Build.0 = Release|Any CPU
		{98665953-A2FE-4826-AC6D-FA2C0943A23E}.Release|ARM.ActiveCfg = Release|ARM
		{98665953-A2FE-4826-AC6D-FA2C0943A23E}.Release|ARM.Build.0 = Release|ARM
		{98665953-A2FE-4826-AC6D-FA2C0943A23E}.Release|x64.ActiveCfg = Release|x64
		{98665953-A2FE-4826-AC6D-FA2C0943A23E}.Release|x64.Build.0 = Release|x64
		{98665953-A2FE-4826-AC6D-FA2C0943A23E}.Release|x86.ActiveCfg = Release|x86
		{98665953-A2FE-4826-AC6D-FA2C0943A23E}.Release|x86.Build.0 = Release|x86
	EndGlobalSection
	GlobalSection(SolutionProperties) = preSolution
		HideSolutionNode = FALSE
	EndGlobalSection
	GlobalSection(ExtensibilityGlobals) = postSolution
		SolutionGuid = {7524AACE-AB3F-4FA7-988B-8932BA1F449A}
	EndGlobalSection
EndGlobal
