
Microsoft Visual Studio Solution File, Format Version 12.00
# Visual Studio Version 16
VisualStudioVersion = 16.0.30503.244
MinimumVisualStudioVersion = 10.0.40219.1
Project("{FAE04EC0-301F-11D3-BF4B-00C04F79EFBC}") = "XamarinCommandShell.Android", "XamarinCommandShell.Android\XamarinCommandShell.Android.csproj", "{ACA53C2A-60E4-4894-B10C-9C4515BB479A}"
EndProject
Project("{FAE04EC0-301F-11D3-BF4B-00C04F79EFBC}") = "XamarinCommandShell.iOS", "XamarinCommandShell.iOS\XamarinCommandShell.iOS.csproj", "{F6EB5247-C9E7-495D-91F9-7F8AD8B9A892}"
EndProject
Project("{9A19103F-16F7-4668-BE54-9A1E7A4F7556}") = "XamarinCommandShell", "XamarinCommandShell\XamarinCommandShell.csproj", "{62711D46-B5E8-4059-8DC5-046486A3AD7A}"
EndProject
Project("{9A19103F-16F7-4668-BE54-9A1E7A4F7556}") = "ICommandShellImmortalGenerated", "GeneratedSourceFiles\ICommandShellImmortalGenerated\latest\ICommandShellImmortalGenerated.csproj", "{CECCEBC6-1949-4ACA-926F-D38A188DBF83}"
EndProject
Project("{9A19103F-16F7-4668-BE54-9A1E7A4F7556}") = "XamarinCommandShell.WPF", "XamarinCommandShell.WPF\XamarinCommandShell.WPF.csproj", "{E776C049-7773-4E16-AA95-17BBE0580658}"
EndProject
Project("{9A19103F-16F7-4668-BE54-9A1E7A4F7556}") = "ICommandShellImmortal", "ICommandShellImmortal\ICommandShellImmortal.csproj", "{F5A6F454-7ECE-471E-9D0D-46006673BC97}"
EndProject
Global
	GlobalSection(SolutionConfigurationPlatforms) = preSolution
		Debug|Any CPU = Debug|Any CPU
		Debug|ARM = Debug|ARM
		Debug|iPhone = Debug|iPhone
		Debug|iPhoneSimulator = Debug|iPhoneSimulator
		Debug|x64 = Debug|x64
		Debug|x86 = Debug|x86
		Release|Any CPU = Release|Any CPU
		Release|ARM = Release|ARM
		Release|iPhone = Release|iPhone
		Release|iPhoneSimulator = Release|iPhoneSimulator
		Release|x64 = Release|x64
		Release|x86 = Release|x86
	EndGlobalSection
	GlobalSection(ProjectConfigurationPlatforms) = postSolution
		{ACA53C2A-60E4-4894-B10C-9C4515BB479A}.Debug|Any CPU.ActiveCfg = Debug|Any CPU
		{ACA53C2A-60E4-4894-B10C-9C4515BB479A}.Debug|Any CPU.Build.0 = Debug|Any CPU
		{ACA53C2A-60E4-4894-B10C-9C4515BB479A}.Debug|Any CPU.Deploy.0 = Debug|Any CPU
		{ACA53C2A-60E4-4894-B10C-9C4515BB479A}.Debug|ARM.ActiveCfg = Debug|Any CPU
		{ACA53C2A-60E4-4894-B10C-9C4515BB479A}.Debug|ARM.Build.0 = Debug|Any CPU
		{ACA53C2A-60E4-4894-B10C-9C4515BB479A}.Debug|ARM.Deploy.0 = Debug|Any CPU
		{ACA53C2A-60E4-4894-B10C-9C4515BB479A}.Debug|iPhone.ActiveCfg = Debug|Any CPU
		{ACA53C2A-60E4-4894-B10C-9C4515BB479A}.Debug|iPhone.Build.0 = Debug|Any CPU
		{ACA53C2A-60E4-4894-B10C-9C4515BB479A}.Debug|iPhone.Deploy.0 = Debug|Any CPU
		{ACA53C2A-60E4-4894-B10C-9C4515BB479A}.Debug|iPhoneSimulator.ActiveCfg = Debug|Any CPU
		{ACA53C2A-60E4-4894-B10C-9C4515BB479A}.Debug|iPhoneSimulator.Build.0 = Debug|Any CPU
		{ACA53C2A-60E4-4894-B10C-9C4515BB479A}.Debug|iPhoneSimulator.Deploy.0 = Debug|Any CPU
		{ACA53C2A-60E4-4894-B10C-9C4515BB479A}.Debug|x64.ActiveCfg = Debug|Any CPU
		{ACA53C2A-60E4-4894-B10C-9C4515BB479A}.Debug|x64.Build.0 = Debug|Any CPU
		{ACA53C2A-60E4-4894-B10C-9C4515BB479A}.Debug|x64.Deploy.0 = Debug|Any CPU
		{ACA53C2A-60E4-4894-B10C-9C4515BB479A}.Debug|x86.ActiveCfg = Debug|Any CPU
		{ACA53C2A-60E4-4894-B10C-9C4515BB479A}.Debug|x86.Build.0 = Debug|Any CPU
		{ACA53C2A-60E4-4894-B10C-9C4515BB479A}.Debug|x86.Deploy.0 = Debug|Any CPU
		{ACA53C2A-60E4-4894-B10C-9C4515BB479A}.Release|Any CPU.ActiveCfg = Release|Any CPU
		{ACA53C2A-60E4-4894-B10C-9C4515BB479A}.Release|Any CPU.Build.0 = Release|Any CPU
		{ACA53C2A-60E4-4894-B10C-9C4515BB479A}.Release|Any CPU.Deploy.0 = Release|Any CPU
		{ACA53C2A-60E4-4894-B10C-9C4515BB479A}.Release|ARM.ActiveCfg = Release|Any CPU
		{ACA53C2A-60E4-4894-B10C-9C4515BB479A}.Release|ARM.Build.0 = Release|Any CPU
		{ACA53C2A-60E4-4894-B10C-9C4515BB479A}.Release|ARM.Deploy.0 = Release|Any CPU
		{ACA53C2A-60E4-4894-B10C-9C4515BB479A}.Release|iPhone.ActiveCfg = Release|Any CPU
		{ACA53C2A-60E4-4894-B10C-9C4515BB479A}.Release|iPhone.Build.0 = Release|Any CPU
		{ACA53C2A-60E4-4894-B10C-9C4515BB479A}.Release|iPhone.Deploy.0 = Release|Any CPU
		{ACA53C2A-60E4-4894-B10C-9C4515BB479A}.Release|iPhoneSimulator.ActiveCfg = Release|Any CPU
		{ACA53C2A-60E4-4894-B10C-9C4515BB479A}.Release|iPhoneSimulator.Build.0 = Release|Any CPU
		{ACA53C2A-60E4-4894-B10C-9C4515BB479A}.Release|iPhoneSimulator.Deploy.0 = Release|Any CPU
		{ACA53C2A-60E4-4894-B10C-9C4515BB479A}.Release|x64.ActiveCfg = Release|Any CPU
		{ACA53C2A-60E4-4894-B10C-9C4515BB479A}.Release|x64.Build.0 = Release|Any CPU
		{ACA53C2A-60E4-4894-B10C-9C4515BB479A}.Release|x64.Deploy.0 = Release|Any CPU
		{ACA53C2A-60E4-4894-B10C-9C4515BB479A}.Release|x86.ActiveCfg = Release|Any CPU
		{ACA53C2A-60E4-4894-B10C-9C4515BB479A}.Release|x86.Build.0 = Release|Any CPU
		{ACA53C2A-60E4-4894-B10C-9C4515BB479A}.Release|x86.Deploy.0 = Release|Any CPU
		{F6EB5247-C9E7-495D-91F9-7F8AD8B9A892}.Debug|Any CPU.ActiveCfg = Debug|iPhoneSimulator
		{F6EB5247-C9E7-495D-91F9-7F8AD8B9A892}.Debug|Any CPU.Build.0 = Debug|iPhoneSimulator
		{F6EB5247-C9E7-495D-91F9-7F8AD8B9A892}.Debug|Any CPU.Deploy.0 = Debug|iPhoneSimulator
		{F6EB5247-C9E7-495D-91F9-7F8AD8B9A892}.Debug|ARM.ActiveCfg = Debug|iPhone
		{F6EB5247-C9E7-495D-91F9-7F8AD8B9A892}.Debug|ARM.Build.0 = Debug|iPhone
		{F6EB5247-C9E7-495D-91F9-7F8AD8B9A892}.Debug|ARM.Deploy.0 = Debug|iPhone
		{F6EB5247-C9E7-495D-91F9-7F8AD8B9A892}.Debug|iPhone.ActiveCfg = Debug|iPhone
		{F6EB5247-C9E7-495D-91F9-7F8AD8B9A892}.Debug|iPhone.Build.0 = Debug|iPhone
		{F6EB5247-C9E7-495D-91F9-7F8AD8B9A892}.Debug|iPhone.Deploy.0 = Debug|iPhone
		{F6EB5247-C9E7-495D-91F9-7F8AD8B9A892}.Debug|iPhoneSimulator.ActiveCfg = Debug|iPhoneSimulator
		{F6EB5247-C9E7-495D-91F9-7F8AD8B9A892}.Debug|iPhoneSimulator.Build.0 = Debug|iPhoneSimulator
		{F6EB5247-C9E7-495D-91F9-7F8AD8B9A892}.Debug|iPhoneSimulator.Deploy.0 = Debug|iPhoneSimulator
		{F6EB5247-C9E7-495D-91F9-7F8AD8B9A892}.Debug|x64.ActiveCfg = Debug|iPhoneSimulator
		{F6EB5247-C9E7-495D-91F9-7F8AD8B9A892}.Debug|x64.Build.0 = Debug|iPhoneSimulator
		{F6EB5247-C9E7-495D-91F9-7F8AD8B9A892}.Debug|x64.Deploy.0 = Debug|iPhoneSimulator
		{F6EB5247-C9E7-495D-91F9-7F8AD8B9A892}.Debug|x86.ActiveCfg = Debug|iPhoneSimulator
		{F6EB5247-C9E7-495D-91F9-7F8AD8B9A892}.Debug|x86.Build.0 = Debug|iPhoneSimulator
		{F6EB5247-C9E7-495D-91F9-7F8AD8B9A892}.Debug|x86.Deploy.0 = Debug|iPhoneSimulator
		{F6EB5247-C9E7-495D-91F9-7F8AD8B9A892}.Release|Any CPU.ActiveCfg = Release|iPhoneSimulator
		{F6EB5247-C9E7-495D-91F9-7F8AD8B9A892}.Release|Any CPU.Build.0 = Release|iPhoneSimulator
		{F6EB5247-C9E7-495D-91F9-7F8AD8B9A892}.Release|Any CPU.Deploy.0 = Release|iPhoneSimulator
		{F6EB5247-C9E7-495D-91F9-7F8AD8B9A892}.Release|ARM.ActiveCfg = Release|iPhoneSimulator
		{F6EB5247-C9E7-495D-91F9-7F8AD8B9A892}.Release|ARM.Build.0 = Release|iPhoneSimulator
		{F6EB5247-C9E7-495D-91F9-7F8AD8B9A892}.Release|ARM.Deploy.0 = Release|iPhoneSimulator
		{F6EB5247-C9E7-495D-91F9-7F8AD8B9A892}.Release|iPhone.ActiveCfg = Release|iPhone
		{F6EB5247-C9E7-495D-91F9-7F8AD8B9A892}.Release|iPhone.Build.0 = Release|iPhone
		{F6EB5247-C9E7-495D-91F9-7F8AD8B9A892}.Release|iPhone.Deploy.0 = Release|iPhone
		{F6EB5247-C9E7-495D-91F9-7F8AD8B9A892}.Release|iPhoneSimulator.ActiveCfg = Release|iPhoneSimulator
		{F6EB5247-C9E7-495D-91F9-7F8AD8B9A892}.Release|iPhoneSimulator.Build.0 = Release|iPhoneSimulator
		{F6EB5247-C9E7-495D-91F9-7F8AD8B9A892}.Release|iPhoneSimulator.Deploy.0 = Release|iPhoneSimulator
		{F6EB5247-C9E7-495D-91F9-7F8AD8B9A892}.Release|x64.ActiveCfg = Release|iPhoneSimulator
		{F6EB5247-C9E7-495D-91F9-7F8AD8B9A892}.Release|x64.Build.0 = Release|iPhoneSimulator
		{F6EB5247-C9E7-495D-91F9-7F8AD8B9A892}.Release|x64.Deploy.0 = Release|iPhoneSimulator
		{F6EB5247-C9E7-495D-91F9-7F8AD8B9A892}.Release|x86.ActiveCfg = Release|iPhoneSimulator
		{F6EB5247-C9E7-495D-91F9-7F8AD8B9A892}.Release|x86.Build.0 = Release|iPhoneSimulator
		{F6EB5247-C9E7-495D-91F9-7F8AD8B9A892}.Release|x86.Deploy.0 = Release|iPhoneSimulator
		{62711D46-B5E8-4059-8DC5-046486A3AD7A}.Debug|Any CPU.ActiveCfg = Debug|Any CPU
		{62711D46-B5E8-4059-8DC5-046486A3AD7A}.Debug|Any CPU.Build.0 = Debug|Any CPU
		{62711D46-B5E8-4059-8DC5-046486A3AD7A}.Debug|Any CPU.Deploy.0 = Debug|Any CPU
		{62711D46-B5E8-4059-8DC5-046486A3AD7A}.Debug|ARM.ActiveCfg = Debug|Any CPU
		{62711D46-B5E8-4059-8DC5-046486A3AD7A}.Debug|ARM.Build.0 = Debug|Any CPU
		{62711D46-B5E8-4059-8DC5-046486A3AD7A}.Debug|ARM.Deploy.0 = Debug|Any CPU
		{62711D46-B5E8-4059-8DC5-046486A3AD7A}.Debug|iPhone.ActiveCfg = Debug|Any CPU
		{62711D46-B5E8-4059-8DC5-046486A3AD7A}.Debug|iPhone.Build.0 = Debug|Any CPU
		{62711D46-B5E8-4059-8DC5-046486A3AD7A}.Debug|iPhone.Deploy.0 = Debug|Any CPU
		{62711D46-B5E8-4059-8DC5-046486A3AD7A}.Debug|iPhoneSimulator.ActiveCfg = Debug|Any CPU
		{62711D46-B5E8-4059-8DC5-046486A3AD7A}.Debug|iPhoneSimulator.Build.0 = Debug|Any CPU
		{62711D46-B5E8-4059-8DC5-046486A3AD7A}.Debug|iPhoneSimulator.Deploy.0 = Debug|Any CPU
		{62711D46-B5E8-4059-8DC5-046486A3AD7A}.Debug|x64.ActiveCfg = Debug|Any CPU
		{62711D46-B5E8-4059-8DC5-046486A3AD7A}.Debug|x64.Build.0 = Debug|Any CPU
		{62711D46-B5E8-4059-8DC5-046486A3AD7A}.Debug|x64.Deploy.0 = Debug|Any CPU
		{62711D46-B5E8-4059-8DC5-046486A3AD7A}.Debug|x86.ActiveCfg = Debug|Any CPU
		{62711D46-B5E8-4059-8DC5-046486A3AD7A}.Debug|x86.Build.0 = Debug|Any CPU
		{62711D46-B5E8-4059-8DC5-046486A3AD7A}.Debug|x86.Deploy.0 = Debug|Any CPU
		{62711D46-B5E8-4059-8DC5-046486A3AD7A}.Release|Any CPU.ActiveCfg = Release|Any CPU
		{62711D46-B5E8-4059-8DC5-046486A3AD7A}.Release|Any CPU.Build.0 = Release|Any CPU
		{62711D46-B5E8-4059-8DC5-046486A3AD7A}.Release|Any CPU.Deploy.0 = Release|Any CPU
		{62711D46-B5E8-4059-8DC5-046486A3AD7A}.Release|ARM.ActiveCfg = Release|Any CPU
		{62711D46-B5E8-4059-8DC5-046486A3AD7A}.Release|ARM.Build.0 = Release|Any CPU
		{62711D46-B5E8-4059-8DC5-046486A3AD7A}.Release|ARM.Deploy.0 = Release|Any CPU
		{62711D46-B5E8-4059-8DC5-046486A3AD7A}.Release|iPhone.ActiveCfg = Release|Any CPU
		{62711D46-B5E8-4059-8DC5-046486A3AD7A}.Release|iPhone.Build.0 = Release|Any CPU
		{62711D46-B5E8-4059-8DC5-046486A3AD7A}.Release|iPhone.Deploy.0 = Release|Any CPU
		{62711D46-B5E8-4059-8DC5-046486A3AD7A}.Release|iPhoneSimulator.ActiveCfg = Release|Any CPU
		{62711D46-B5E8-4059-8DC5-046486A3AD7A}.Release|iPhoneSimulator.Build.0 = Release|Any CPU
		{62711D46-B5E8-4059-8DC5-046486A3AD7A}.Release|iPhoneSimulator.Deploy.0 = Release|Any CPU
		{62711D46-B5E8-4059-8DC5-046486A3AD7A}.Release|x64.ActiveCfg = Release|Any CPU
		{62711D46-B5E8-4059-8DC5-046486A3AD7A}.Release|x64.Build.0 = Release|Any CPU
		{62711D46-B5E8-4059-8DC5-046486A3AD7A}.Release|x64.Deploy.0 = Release|Any CPU
		{62711D46-B5E8-4059-8DC5-046486A3AD7A}.Release|x86.ActiveCfg = Release|Any CPU
		{62711D46-B5E8-4059-8DC5-046486A3AD7A}.Release|x86.Build.0 = Release|Any CPU
		{62711D46-B5E8-4059-8DC5-046486A3AD7A}.Release|x86.Deploy.0 = Release|Any CPU
		{CECCEBC6-1949-4ACA-926F-D38A188DBF83}.Debug|Any CPU.ActiveCfg = Debug|Any CPU
		{CECCEBC6-1949-4ACA-926F-D38A188DBF83}.Debug|Any CPU.Build.0 = Debug|Any CPU
		{CECCEBC6-1949-4ACA-926F-D38A188DBF83}.Debug|ARM.ActiveCfg = Debug|Any CPU
		{CECCEBC6-1949-4ACA-926F-D38A188DBF83}.Debug|ARM.Build.0 = Debug|Any CPU
		{CECCEBC6-1949-4ACA-926F-D38A188DBF83}.Debug|iPhone.ActiveCfg = Debug|Any CPU
		{CECCEBC6-1949-4ACA-926F-D38A188DBF83}.Debug|iPhone.Build.0 = Debug|Any CPU
		{CECCEBC6-1949-4ACA-926F-D38A188DBF83}.Debug|iPhoneSimulator.ActiveCfg = Debug|Any CPU
		{CECCEBC6-1949-4ACA-926F-D38A188DBF83}.Debug|iPhoneSimulator.Build.0 = Debug|Any CPU
		{CECCEBC6-1949-4ACA-926F-D38A188DBF83}.Debug|x64.ActiveCfg = Debug|Any CPU
		{CECCEBC6-1949-4ACA-926F-D38A188DBF83}.Debug|x64.Build.0 = Debug|Any CPU
		{CECCEBC6-1949-4ACA-926F-D38A188DBF83}.Debug|x86.ActiveCfg = Debug|Any CPU
		{CECCEBC6-1949-4ACA-926F-D38A188DBF83}.Debug|x86.Build.0 = Debug|Any CPU
		{CECCEBC6-1949-4ACA-926F-D38A188DBF83}.Release|Any CPU.ActiveCfg = Release|Any CPU
		{CECCEBC6-1949-4ACA-926F-D38A188DBF83}.Release|Any CPU.Build.0 = Release|Any CPU
		{CECCEBC6-1949-4ACA-926F-D38A188DBF83}.Release|ARM.ActiveCfg = Release|Any CPU
		{CECCEBC6-1949-4ACA-926F-D38A188DBF83}.Release|ARM.Build.0 = Release|Any CPU
		{CECCEBC6-1949-4ACA-926F-D38A188DBF83}.Release|iPhone.ActiveCfg = Release|Any CPU
		{CECCEBC6-1949-4ACA-926F-D38A188DBF83}.Release|iPhone.Build.0 = Release|Any CPU
		{CECCEBC6-1949-4ACA-926F-D38A188DBF83}.Release|iPhoneSimulator.ActiveCfg = Release|Any CPU
		{CECCEBC6-1949-4ACA-926F-D38A188DBF83}.Release|iPhoneSimulator.Build.0 = Release|Any CPU
		{CECCEBC6-1949-4ACA-926F-D38A188DBF83}.Release|x64.ActiveCfg = Release|Any CPU
		{CECCEBC6-1949-4ACA-926F-D38A188DBF83}.Release|x64.Build.0 = Release|Any CPU
		{CECCEBC6-1949-4ACA-926F-D38A188DBF83}.Release|x86.ActiveCfg = Release|Any CPU
		{CECCEBC6-1949-4ACA-926F-D38A188DBF83}.Release|x86.Build.0 = Release|Any CPU
		{E776C049-7773-4E16-AA95-17BBE0580658}.Debug|Any CPU.ActiveCfg = Debug|Any CPU
		{E776C049-7773-4E16-AA95-17BBE0580658}.Debug|Any CPU.Build.0 = Debug|Any CPU
		{E776C049-7773-4E16-AA95-17BBE0580658}.Debug|ARM.ActiveCfg = Debug|Any CPU
		{E776C049-7773-4E16-AA95-17BBE0580658}.Debug|ARM.Build.0 = Debug|Any CPU
		{E776C049-7773-4E16-AA95-17BBE0580658}.Debug|iPhone.ActiveCfg = Debug|Any CPU
		{E776C049-7773-4E16-AA95-17BBE0580658}.Debug|iPhone.Build.0 = Debug|Any CPU
		{E776C049-7773-4E16-AA95-17BBE0580658}.Debug|iPhoneSimulator.ActiveCfg = Debug|Any CPU
		{E776C049-7773-4E16-AA95-17BBE0580658}.Debug|iPhoneSimulator.Build.0 = Debug|Any CPU
		{E776C049-7773-4E16-AA95-17BBE0580658}.Debug|x64.ActiveCfg = Debug|Any CPU
		{E776C049-7773-4E16-AA95-17BBE0580658}.Debug|x64.Build.0 = Debug|Any CPU
		{E776C049-7773-4E16-AA95-17BBE0580658}.Debug|x86.ActiveCfg = Debug|Any CPU
		{E776C049-7773-4E16-AA95-17BBE0580658}.Debug|x86.Build.0 = Debug|Any CPU
		{E776C049-7773-4E16-AA95-17BBE0580658}.Release|Any CPU.ActiveCfg = Release|Any CPU
		{E776C049-7773-4E16-AA95-17BBE0580658}.Release|Any CPU.Build.0 = Release|Any CPU
		{E776C049-7773-4E16-AA95-17BBE0580658}.Release|ARM.ActiveCfg = Release|Any CPU
		{E776C049-7773-4E16-AA95-17BBE0580658}.Release|ARM.Build.0 = Release|Any CPU
		{E776C049-7773-4E16-AA95-17BBE0580658}.Release|iPhone.ActiveCfg = Release|Any CPU
		{E776C049-7773-4E16-AA95-17BBE0580658}.Release|iPhone.Build.0 = Release|Any CPU
		{E776C049-7773-4E16-AA95-17BBE0580658}.Release|iPhoneSimulator.ActiveCfg = Release|Any CPU
		{E776C049-7773-4E16-AA95-17BBE0580658}.Release|iPhoneSimulator.Build.0 = Release|Any CPU
		{E776C049-7773-4E16-AA95-17BBE0580658}.Release|x64.ActiveCfg = Release|Any CPU
		{E776C049-7773-4E16-AA95-17BBE0580658}.Release|x64.Build.0 = Release|Any CPU
		{E776C049-7773-4E16-AA95-17BBE0580658}.Release|x86.ActiveCfg = Release|Any CPU
		{E776C049-7773-4E16-AA95-17BBE0580658}.Release|x86.Build.0 = Release|Any CPU
		{F5A6F454-7ECE-471E-9D0D-46006673BC97}.Debug|Any CPU.ActiveCfg = Debug|Any CPU
		{F5A6F454-7ECE-471E-9D0D-46006673BC97}.Debug|Any CPU.Build.0 = Debug|Any CPU
		{F5A6F454-7ECE-471E-9D0D-46006673BC97}.Debug|ARM.ActiveCfg = Debug|Any CPU
		{F5A6F454-7ECE-471E-9D0D-46006673BC97}.Debug|ARM.Build.0 = Debug|Any CPU
		{F5A6F454-7ECE-471E-9D0D-46006673BC97}.Debug|iPhone.ActiveCfg = Debug|Any CPU
		{F5A6F454-7ECE-471E-9D0D-46006673BC97}.Debug|iPhone.Build.0 = Debug|Any CPU
		{F5A6F454-7ECE-471E-9D0D-46006673BC97}.Debug|iPhoneSimulator.ActiveCfg = Debug|Any CPU
		{F5A6F454-7ECE-471E-9D0D-46006673BC97}.Debug|iPhoneSimulator.Build.0 = Debug|Any CPU
		{F5A6F454-7ECE-471E-9D0D-46006673BC97}.Debug|x64.ActiveCfg = Debug|Any CPU
		{F5A6F454-7ECE-471E-9D0D-46006673BC97}.Debug|x64.Build.0 = Debug|Any CPU
		{F5A6F454-7ECE-471E-9D0D-46006673BC97}.Debug|x86.ActiveCfg = Debug|Any CPU
		{F5A6F454-7ECE-471E-9D0D-46006673BC97}.Debug|x86.Build.0 = Debug|Any CPU
		{F5A6F454-7ECE-471E-9D0D-46006673BC97}.Release|Any CPU.ActiveCfg = Release|Any CPU
		{F5A6F454-7ECE-471E-9D0D-46006673BC97}.Release|Any CPU.Build.0 = Release|Any CPU
		{F5A6F454-7ECE-471E-9D0D-46006673BC97}.Release|ARM.ActiveCfg = Release|Any CPU
		{F5A6F454-7ECE-471E-9D0D-46006673BC97}.Release|ARM.Build.0 = Release|Any CPU
		{F5A6F454-7ECE-471E-9D0D-46006673BC97}.Release|iPhone.ActiveCfg = Release|Any CPU
		{F5A6F454-7ECE-471E-9D0D-46006673BC97}.Release|iPhone.Build.0 = Release|Any CPU
		{F5A6F454-7ECE-471E-9D0D-46006673BC97}.Release|iPhoneSimulator.ActiveCfg = Release|Any CPU
		{F5A6F454-7ECE-471E-9D0D-46006673BC97}.Release|iPhoneSimulator.Build.0 = Release|Any CPU
		{F5A6F454-7ECE-471E-9D0D-46006673BC97}.Release|x64.ActiveCfg = Release|Any CPU
		{F5A6F454-7ECE-471E-9D0D-46006673BC97}.Release|x64.Build.0 = Release|Any CPU
		{F5A6F454-7ECE-471E-9D0D-46006673BC97}.Release|x86.ActiveCfg = Release|Any CPU
		{F5A6F454-7ECE-471E-9D0D-46006673BC97}.Release|x86.Build.0 = Release|Any CPU
	EndGlobalSection
	GlobalSection(SolutionProperties) = preSolution
		HideSolutionNode = FALSE
	EndGlobalSection
	GlobalSection(ExtensibilityGlobals) = postSolution
		SolutionGuid = {BCBA07E3-28F1-403E-A51D-C2B0B855B7A8}
	EndGlobalSection
EndGlobal
