
Microsoft Visual Studio Solution File, Format Version 12.00
# Visual Studio Version 16
VisualStudioVersion = 16.0.30114.105
MinimumVisualStudioVersion = 10.0.40219.1
Project("{FAE04EC0-301F-11D3-BF4B-00C04F79EFBC}") = "XamarinSample.UWP", "XamarinSample.UWP\XamarinSample.UWP.csproj", "{7ABC99BA-E425-404E-A4B0-6C3EB033F9CA}"
EndProject
Project("{FAE04EC0-301F-11D3-BF4B-00C04F79EFBC}") = "XamarinSample.Android", "XamarinSample.Android\XamarinSample.Android.csproj", "{9483C06D-FDC3-4D34-9C76-E6D8878DFC11}"
EndProject
Project("{FAE04EC0-301F-11D3-BF4B-00C04F79EFBC}") = "XamarinSample.iOS", "XamarinSample.iOS\XamarinSample.iOS.csproj", "{E2D16A19-A191-49FB-9631-82293314EB72}"
EndProject
Project("{9A19103F-16F7-4668-BE54-9A1E7A4F7556}") = "XamarinSample", "XamarinSample\XamarinSample.csproj", "{F1DBD5B2-18CA-4CA3-9C9A-A5B71BBCE525}"
EndProject
Project("{9A19103F-16F7-4668-BE54-9A1E7A4F7556}") = "AmbrosiaLibCS", "..\..\Clients\CSharp\AmbrosiaLibCS\AmbrosiaLibCS.csproj", "{53AF4466-A1B5-47B3-A527-7FBE64F274F0}"
EndProject
Project("{9A19103F-16F7-4668-BE54-9A1E7A4F7556}") = "Ambrosia", "..\..\Ambrosia\Ambrosia\Ambrosia.csproj", "{9BFD0A71-13CA-4C98-8E4B-581AFEBC6951}"
EndProject
Project("{9A19103F-16F7-4668-BE54-9A1E7A4F7556}") = "CommInterfaceClasses", "CommInterfaceClasses\CommInterfaceClasses.csproj", "{7F9D28D1-E56F-4D97-93E0-2940CC3A11E1}"
EndProject
Project("{9A19103F-16F7-4668-BE54-9A1E7A4F7556}") = "XamarinSampleCommAPIGened", "GeneratedSourceFiles\XamarinSampleCommAPIGened\latest\XamarinSampleCommAPIGened.csproj", "{126B67F0-98A9-43FA-8487-4262B489CEA1}"
EndProject
Project("{9A19103F-16F7-4668-BE54-9A1E7A4F7556}") = "SharedAmbrosiaTools", "..\..\SharedAmbrosiaTools\SharedAmbrosiaTools.csproj", "{FF84B653-8E96-4C38-9F02-1ADD7B3B2D15}"
EndProject
Project("{9A19103F-16F7-4668-BE54-9A1E7A4F7556}") = "ImmortalCoordinator", "..\..\ImmortalCoordinator\ImmortalCoordinator.csproj", "{1217CE0B-2301-49D7-91D7-3E9B2AD46B22}"
EndProject
Global
	GlobalSection(SolutionConfigurationPlatforms) = preSolution
		Debug|Any CPU = Debug|Any CPU
		Debug|ARM = Debug|ARM
		Debug|ARM64 = Debug|ARM64
		Debug|iPhone = Debug|iPhone
		Debug|iPhoneSimulator = Debug|iPhoneSimulator
		Debug|x64 = Debug|x64
		Debug|x86 = Debug|x86
		Release|Any CPU = Release|Any CPU
		Release|ARM = Release|ARM
		Release|ARM64 = Release|ARM64
		Release|iPhone = Release|iPhone
		Release|iPhoneSimulator = Release|iPhoneSimulator
		Release|x64 = Release|x64
		Release|x86 = Release|x86
	EndGlobalSection
	GlobalSection(ProjectConfigurationPlatforms) = postSolution
		{7ABC99BA-E425-404E-A4B0-6C3EB033F9CA}.Debug|Any CPU.ActiveCfg = Debug|x86
		{7ABC99BA-E425-404E-A4B0-6C3EB033F9CA}.Debug|Any CPU.Build.0 = Debug|x86
		{7ABC99BA-E425-404E-A4B0-6C3EB033F9CA}.Debug|Any CPU.Deploy.0 = Debug|x86
		{7ABC99BA-E425-404E-A4B0-6C3EB033F9CA}.Debug|ARM.ActiveCfg = Debug|ARM
		{7ABC99BA-E425-404E-A4B0-6C3EB033F9CA}.Debug|ARM.Build.0 = Debug|ARM
		{7ABC99BA-E425-404E-A4B0-6C3EB033F9CA}.Debug|ARM.Deploy.0 = Debug|ARM
		{7ABC99BA-E425-404E-A4B0-6C3EB033F9CA}.Debug|ARM64.ActiveCfg = Debug|x86
		{7ABC99BA-E425-404E-A4B0-6C3EB033F9CA}.Debug|iPhone.ActiveCfg = Debug|x86
		{7ABC99BA-E425-404E-A4B0-6C3EB033F9CA}.Debug|iPhone.Build.0 = Debug|x86
		{7ABC99BA-E425-404E-A4B0-6C3EB033F9CA}.Debug|iPhone.Deploy.0 = Debug|x86
		{7ABC99BA-E425-404E-A4B0-6C3EB033F9CA}.Debug|iPhoneSimulator.ActiveCfg = Debug|x86
		{7ABC99BA-E425-404E-A4B0-6C3EB033F9CA}.Debug|iPhoneSimulator.Build.0 = Debug|x86
		{7ABC99BA-E425-404E-A4B0-6C3EB033F9CA}.Debug|iPhoneSimulator.Deploy.0 = Debug|x86
		{7ABC99BA-E425-404E-A4B0-6C3EB033F9CA}.Debug|x64.ActiveCfg = Debug|x64
		{7ABC99BA-E425-404E-A4B0-6C3EB033F9CA}.Debug|x64.Build.0 = Debug|x64
		{7ABC99BA-E425-404E-A4B0-6C3EB033F9CA}.Debug|x64.Deploy.0 = Debug|x64
		{7ABC99BA-E425-404E-A4B0-6C3EB033F9CA}.Debug|x86.ActiveCfg = Debug|x86
		{7ABC99BA-E425-404E-A4B0-6C3EB033F9CA}.Debug|x86.Build.0 = Debug|x86
		{7ABC99BA-E425-404E-A4B0-6C3EB033F9CA}.Debug|x86.Deploy.0 = Debug|x86
		{7ABC99BA-E425-404E-A4B0-6C3EB033F9CA}.Release|Any CPU.ActiveCfg = Release|x86
		{7ABC99BA-E425-404E-A4B0-6C3EB033F9CA}.Release|Any CPU.Build.0 = Release|x86
		{7ABC99BA-E425-404E-A4B0-6C3EB033F9CA}.Release|Any CPU.Deploy.0 = Release|x86
		{7ABC99BA-E425-404E-A4B0-6C3EB033F9CA}.Release|ARM.ActiveCfg = Release|ARM
		{7ABC99BA-E425-404E-A4B0-6C3EB033F9CA}.Release|ARM.Build.0 = Release|ARM
		{7ABC99BA-E425-404E-A4B0-6C3EB033F9CA}.Release|ARM.Deploy.0 = Release|ARM
		{7ABC99BA-E425-404E-A4B0-6C3EB033F9CA}.Release|ARM64.ActiveCfg = Release|x86
		{7ABC99BA-E425-404E-A4B0-6C3EB033F9CA}.Release|iPhone.ActiveCfg = Release|x86
		{7ABC99BA-E425-404E-A4B0-6C3EB033F9CA}.Release|iPhone.Build.0 = Release|x86
		{7ABC99BA-E425-404E-A4B0-6C3EB033F9CA}.Release|iPhone.Deploy.0 = Release|x86
		{7ABC99BA-E425-404E-A4B0-6C3EB033F9CA}.Release|iPhoneSimulator.ActiveCfg = Release|x86
		{7ABC99BA-E425-404E-A4B0-6C3EB033F9CA}.Release|iPhoneSimulator.Build.0 = Release|x86
		{7ABC99BA-E425-404E-A4B0-6C3EB033F9CA}.Release|iPhoneSimulator.Deploy.0 = Release|x86
		{7ABC99BA-E425-404E-A4B0-6C3EB033F9CA}.Release|x64.ActiveCfg = Release|x64
		{7ABC99BA-E425-404E-A4B0-6C3EB033F9CA}.Release|x64.Build.0 = Release|x64
		{7ABC99BA-E425-404E-A4B0-6C3EB033F9CA}.Release|x64.Deploy.0 = Release|x64
		{7ABC99BA-E425-404E-A4B0-6C3EB033F9CA}.Release|x86.ActiveCfg = Release|x86
		{7ABC99BA-E425-404E-A4B0-6C3EB033F9CA}.Release|x86.Build.0 = Release|x86
		{7ABC99BA-E425-404E-A4B0-6C3EB033F9CA}.Release|x86.Deploy.0 = Release|x86
		{9483C06D-FDC3-4D34-9C76-E6D8878DFC11}.Debug|Any CPU.ActiveCfg = Debug|Any CPU
		{9483C06D-FDC3-4D34-9C76-E6D8878DFC11}.Debug|Any CPU.Build.0 = Debug|Any CPU
		{9483C06D-FDC3-4D34-9C76-E6D8878DFC11}.Debug|Any CPU.Deploy.0 = Debug|Any CPU
		{9483C06D-FDC3-4D34-9C76-E6D8878DFC11}.Debug|ARM.ActiveCfg = Debug|Any CPU
		{9483C06D-FDC3-4D34-9C76-E6D8878DFC11}.Debug|ARM.Build.0 = Debug|Any CPU
		{9483C06D-FDC3-4D34-9C76-E6D8878DFC11}.Debug|ARM.Deploy.0 = Debug|Any CPU
		{9483C06D-FDC3-4D34-9C76-E6D8878DFC11}.Debug|ARM64.ActiveCfg = Debug|Any CPU
		{9483C06D-FDC3-4D34-9C76-E6D8878DFC11}.Debug|ARM64.Build.0 = Debug|Any CPU
		{9483C06D-FDC3-4D34-9C76-E6D8878DFC11}.Debug|ARM64.Deploy.0 = Debug|Any CPU
		{9483C06D-FDC3-4D34-9C76-E6D8878DFC11}.Debug|iPhone.ActiveCfg = Debug|Any CPU
		{9483C06D-FDC3-4D34-9C76-E6D8878DFC11}.Debug|iPhone.Build.0 = Debug|Any CPU
		{9483C06D-FDC3-4D34-9C76-E6D8878DFC11}.Debug|iPhone.Deploy.0 = Debug|Any CPU
		{9483C06D-FDC3-4D34-9C76-E6D8878DFC11}.Debug|iPhoneSimulator.ActiveCfg = Debug|Any CPU
		{9483C06D-FDC3-4D34-9C76-E6D8878DFC11}.Debug|iPhoneSimulator.Build.0 = Debug|Any CPU
		{9483C06D-FDC3-4D34-9C76-E6D8878DFC11}.Debug|iPhoneSimulator.Deploy.0 = Debug|Any CPU
		{9483C06D-FDC3-4D34-9C76-E6D8878DFC11}.Debug|x64.ActiveCfg = Debug|Any CPU
		{9483C06D-FDC3-4D34-9C76-E6D8878DFC11}.Debug|x64.Build.0 = Debug|Any CPU
		{9483C06D-FDC3-4D34-9C76-E6D8878DFC11}.Debug|x64.Deploy.0 = Debug|Any CPU
		{9483C06D-FDC3-4D34-9C76-E6D8878DFC11}.Debug|x86.ActiveCfg = Debug|Any CPU
		{9483C06D-FDC3-4D34-9C76-E6D8878DFC11}.Debug|x86.Build.0 = Debug|Any CPU
		{9483C06D-FDC3-4D34-9C76-E6D8878DFC11}.Debug|x86.Deploy.0 = Debug|Any CPU
		{9483C06D-FDC3-4D34-9C76-E6D8878DFC11}.Release|Any CPU.ActiveCfg = Release|Any CPU
		{9483C06D-FDC3-4D34-9C76-E6D8878DFC11}.Release|Any CPU.Build.0 = Release|Any CPU
		{9483C06D-FDC3-4D34-9C76-E6D8878DFC11}.Release|Any CPU.Deploy.0 = Release|Any CPU
		{9483C06D-FDC3-4D34-9C76-E6D8878DFC11}.Release|ARM.ActiveCfg = Release|Any CPU
		{9483C06D-FDC3-4D34-9C76-E6D8878DFC11}.Release|ARM.Build.0 = Release|Any CPU
		{9483C06D-FDC3-4D34-9C76-E6D8878DFC11}.Release|ARM.Deploy.0 = Release|Any CPU
		{9483C06D-FDC3-4D34-9C76-E6D8878DFC11}.Release|ARM64.ActiveCfg = Release|Any CPU
		{9483C06D-FDC3-4D34-9C76-E6D8878DFC11}.Release|ARM64.Build.0 = Release|Any CPU
		{9483C06D-FDC3-4D34-9C76-E6D8878DFC11}.Release|ARM64.Deploy.0 = Release|Any CPU
		{9483C06D-FDC3-4D34-9C76-E6D8878DFC11}.Release|iPhone.ActiveCfg = Release|Any CPU
		{9483C06D-FDC3-4D34-9C76-E6D8878DFC11}.Release|iPhone.Build.0 = Release|Any CPU
		{9483C06D-FDC3-4D34-9C76-E6D8878DFC11}.Release|iPhone.Deploy.0 = Release|Any CPU
		{9483C06D-FDC3-4D34-9C76-E6D8878DFC11}.Release|iPhoneSimulator.ActiveCfg = Release|Any CPU
		{9483C06D-FDC3-4D34-9C76-E6D8878DFC11}.Release|iPhoneSimulator.Build.0 = Release|Any CPU
		{9483C06D-FDC3-4D34-9C76-E6D8878DFC11}.Release|iPhoneSimulator.Deploy.0 = Release|Any CPU
		{9483C06D-FDC3-4D34-9C76-E6D8878DFC11}.Release|x64.ActiveCfg = Release|Any CPU
		{9483C06D-FDC3-4D34-9C76-E6D8878DFC11}.Release|x64.Build.0 = Release|Any CPU
		{9483C06D-FDC3-4D34-9C76-E6D8878DFC11}.Release|x64.Deploy.0 = Release|Any CPU
		{9483C06D-FDC3-4D34-9C76-E6D8878DFC11}.Release|x86.ActiveCfg = Release|Any CPU
		{9483C06D-FDC3-4D34-9C76-E6D8878DFC11}.Release|x86.Build.0 = Release|Any CPU
		{9483C06D-FDC3-4D34-9C76-E6D8878DFC11}.Release|x86.Deploy.0 = Release|Any CPU
		{E2D16A19-A191-49FB-9631-82293314EB72}.Debug|Any CPU.ActiveCfg = Debug|iPhone
		{E2D16A19-A191-49FB-9631-82293314EB72}.Debug|Any CPU.Build.0 = Debug|iPhone
		{E2D16A19-A191-49FB-9631-82293314EB72}.Debug|Any CPU.Deploy.0 = Debug|iPhone
		{E2D16A19-A191-49FB-9631-82293314EB72}.Debug|ARM.ActiveCfg = Debug|iPhone
		{E2D16A19-A191-49FB-9631-82293314EB72}.Debug|ARM.Build.0 = Debug|iPhone
		{E2D16A19-A191-49FB-9631-82293314EB72}.Debug|ARM.Deploy.0 = Debug|iPhone
		{E2D16A19-A191-49FB-9631-82293314EB72}.Debug|ARM64.ActiveCfg = Debug|iPhone
		{E2D16A19-A191-49FB-9631-82293314EB72}.Debug|iPhone.ActiveCfg = Debug|iPhone
		{E2D16A19-A191-49FB-9631-82293314EB72}.Debug|iPhone.Build.0 = Debug|iPhone
		{E2D16A19-A191-49FB-9631-82293314EB72}.Debug|iPhone.Deploy.0 = Debug|iPhone
		{E2D16A19-A191-49FB-9631-82293314EB72}.Debug|iPhoneSimulator.ActiveCfg = Debug|iPhoneSimulator
		{E2D16A19-A191-49FB-9631-82293314EB72}.Debug|iPhoneSimulator.Build.0 = Debug|iPhoneSimulator
		{E2D16A19-A191-49FB-9631-82293314EB72}.Debug|iPhoneSimulator.Deploy.0 = Debug|iPhoneSimulator
		{E2D16A19-A191-49FB-9631-82293314EB72}.Debug|x64.ActiveCfg = Debug|iPhone
		{E2D16A19-A191-49FB-9631-82293314EB72}.Debug|x64.Build.0 = Debug|iPhone
		{E2D16A19-A191-49FB-9631-82293314EB72}.Debug|x64.Deploy.0 = Debug|iPhone
		{E2D16A19-A191-49FB-9631-82293314EB72}.Debug|x86.ActiveCfg = Debug|iPhone
		{E2D16A19-A191-49FB-9631-82293314EB72}.Debug|x86.Build.0 = Debug|iPhone
		{E2D16A19-A191-49FB-9631-82293314EB72}.Debug|x86.Deploy.0 = Debug|iPhone
		{E2D16A19-A191-49FB-9631-82293314EB72}.Release|Any CPU.ActiveCfg = Release|iPhone
		{E2D16A19-A191-49FB-9631-82293314EB72}.Release|Any CPU.Build.0 = Release|iPhone
		{E2D16A19-A191-49FB-9631-82293314EB72}.Release|Any CPU.Deploy.0 = Release|iPhone
		{E2D16A19-A191-49FB-9631-82293314EB72}.Release|ARM.ActiveCfg = Release|iPhone
		{E2D16A19-A191-49FB-9631-82293314EB72}.Release|ARM.Build.0 = Release|iPhone
		{E2D16A19-A191-49FB-9631-82293314EB72}.Release|ARM.Deploy.0 = Release|iPhone
		{E2D16A19-A191-49FB-9631-82293314EB72}.Release|ARM64.ActiveCfg = Release|iPhone
		{E2D16A19-A191-49FB-9631-82293314EB72}.Release|iPhone.ActiveCfg = Release|iPhone
		{E2D16A19-A191-49FB-9631-82293314EB72}.Release|iPhone.Build.0 = Release|iPhone
		{E2D16A19-A191-49FB-9631-82293314EB72}.Release|iPhone.Deploy.0 = Release|iPhone
		{E2D16A19-A191-49FB-9631-82293314EB72}.Release|iPhoneSimulator.ActiveCfg = Release|iPhoneSimulator
		{E2D16A19-A191-49FB-9631-82293314EB72}.Release|iPhoneSimulator.Build.0 = Release|iPhoneSimulator
		{E2D16A19-A191-49FB-9631-82293314EB72}.Release|iPhoneSimulator.Deploy.0 = Release|iPhoneSimulator
		{E2D16A19-A191-49FB-9631-82293314EB72}.Release|x64.ActiveCfg = Release|iPhone
		{E2D16A19-A191-49FB-9631-82293314EB72}.Release|x64.Build.0 = Release|iPhone
		{E2D16A19-A191-49FB-9631-82293314EB72}.Release|x64.Deploy.0 = Release|iPhone
		{E2D16A19-A191-49FB-9631-82293314EB72}.Release|x86.ActiveCfg = Release|iPhone
		{E2D16A19-A191-49FB-9631-82293314EB72}.Release|x86.Build.0 = Release|iPhone
		{E2D16A19-A191-49FB-9631-82293314EB72}.Release|x86.Deploy.0 = Release|iPhone
		{F1DBD5B2-18CA-4CA3-9C9A-A5B71BBCE525}.Debug|Any CPU.ActiveCfg = Debug|Any CPU
		{F1DBD5B2-18CA-4CA3-9C9A-A5B71BBCE525}.Debug|Any CPU.Build.0 = Debug|Any CPU
		{F1DBD5B2-18CA-4CA3-9C9A-A5B71BBCE525}.Debug|Any CPU.Deploy.0 = Debug|Any CPU
		{F1DBD5B2-18CA-4CA3-9C9A-A5B71BBCE525}.Debug|ARM.ActiveCfg = Debug|Any CPU
		{F1DBD5B2-18CA-4CA3-9C9A-A5B71BBCE525}.Debug|ARM.Build.0 = Debug|Any CPU
		{F1DBD5B2-18CA-4CA3-9C9A-A5B71BBCE525}.Debug|ARM.Deploy.0 = Debug|Any CPU
		{F1DBD5B2-18CA-4CA3-9C9A-A5B71BBCE525}.Debug|ARM64.ActiveCfg = Debug|Any CPU
		{F1DBD5B2-18CA-4CA3-9C9A-A5B71BBCE525}.Debug|ARM64.Build.0 = Debug|Any CPU
		{F1DBD5B2-18CA-4CA3-9C9A-A5B71BBCE525}.Debug|iPhone.ActiveCfg = Debug|Any CPU
		{F1DBD5B2-18CA-4CA3-9C9A-A5B71BBCE525}.Debug|iPhone.Build.0 = Debug|Any CPU
		{F1DBD5B2-18CA-4CA3-9C9A-A5B71BBCE525}.Debug|iPhone.Deploy.0 = Debug|Any CPU
		{F1DBD5B2-18CA-4CA3-9C9A-A5B71BBCE525}.Debug|iPhoneSimulator.ActiveCfg = Debug|Any CPU
		{F1DBD5B2-18CA-4CA3-9C9A-A5B71BBCE525}.Debug|iPhoneSimulator.Build.0 = Debug|Any CPU
		{F1DBD5B2-18CA-4CA3-9C9A-A5B71BBCE525}.Debug|iPhoneSimulator.Deploy.0 = Debug|Any CPU
		{F1DBD5B2-18CA-4CA3-9C9A-A5B71BBCE525}.Debug|x64.ActiveCfg = Debug|Any CPU
		{F1DBD5B2-18CA-4CA3-9C9A-A5B71BBCE525}.Debug|x64.Build.0 = Debug|Any CPU
		{F1DBD5B2-18CA-4CA3-9C9A-A5B71BBCE525}.Debug|x64.Deploy.0 = Debug|Any CPU
		{F1DBD5B2-18CA-4CA3-9C9A-A5B71BBCE525}.Debug|x86.ActiveCfg = Debug|Any CPU
		{F1DBD5B2-18CA-4CA3-9C9A-A5B71BBCE525}.Debug|x86.Build.0 = Debug|Any CPU
		{F1DBD5B2-18CA-4CA3-9C9A-A5B71BBCE525}.Debug|x86.Deploy.0 = Debug|Any CPU
		{F1DBD5B2-18CA-4CA3-9C9A-A5B71BBCE525}.Release|Any CPU.ActiveCfg = Release|Any CPU
		{F1DBD5B2-18CA-4CA3-9C9A-A5B71BBCE525}.Release|Any CPU.Build.0 = Release|Any CPU
		{F1DBD5B2-18CA-4CA3-9C9A-A5B71BBCE525}.Release|Any CPU.Deploy.0 = Release|Any CPU
		{F1DBD5B2-18CA-4CA3-9C9A-A5B71BBCE525}.Release|ARM.ActiveCfg = Release|Any CPU
		{F1DBD5B2-18CA-4CA3-9C9A-A5B71BBCE525}.Release|ARM.Build.0 = Release|Any CPU
		{F1DBD5B2-18CA-4CA3-9C9A-A5B71BBCE525}.Release|ARM.Deploy.0 = Release|Any CPU
		{F1DBD5B2-18CA-4CA3-9C9A-A5B71BBCE525}.Release|ARM64.ActiveCfg = Release|Any CPU
		{F1DBD5B2-18CA-4CA3-9C9A-A5B71BBCE525}.Release|ARM64.Build.0 = Release|Any CPU
		{F1DBD5B2-18CA-4CA3-9C9A-A5B71BBCE525}.Release|iPhone.ActiveCfg = Release|Any CPU
		{F1DBD5B2-18CA-4CA3-9C9A-A5B71BBCE525}.Release|iPhone.Build.0 = Release|Any CPU
		{F1DBD5B2-18CA-4CA3-9C9A-A5B71BBCE525}.Release|iPhone.Deploy.0 = Release|Any CPU
		{F1DBD5B2-18CA-4CA3-9C9A-A5B71BBCE525}.Release|iPhoneSimulator.ActiveCfg = Release|Any CPU
		{F1DBD5B2-18CA-4CA3-9C9A-A5B71BBCE525}.Release|iPhoneSimulator.Build.0 = Release|Any CPU
		{F1DBD5B2-18CA-4CA3-9C9A-A5B71BBCE525}.Release|iPhoneSimulator.Deploy.0 = Release|Any CPU
		{F1DBD5B2-18CA-4CA3-9C9A-A5B71BBCE525}.Release|x64.ActiveCfg = Release|Any CPU
		{F1DBD5B2-18CA-4CA3-9C9A-A5B71BBCE525}.Release|x64.Build.0 = Release|Any CPU
		{F1DBD5B2-18CA-4CA3-9C9A-A5B71BBCE525}.Release|x64.Deploy.0 = Release|Any CPU
		{F1DBD5B2-18CA-4CA3-9C9A-A5B71BBCE525}.Release|x86.ActiveCfg = Release|Any CPU
		{F1DBD5B2-18CA-4CA3-9C9A-A5B71BBCE525}.Release|x86.Build.0 = Release|Any CPU
		{F1DBD5B2-18CA-4CA3-9C9A-A5B71BBCE525}.Release|x86.Deploy.0 = Release|Any CPU
		{53AF4466-A1B5-47B3-A527-7FBE64F274F0}.Debug|Any CPU.ActiveCfg = Debug|Any CPU
		{53AF4466-A1B5-47B3-A527-7FBE64F274F0}.Debug|Any CPU.Build.0 = Debug|Any CPU
		{53AF4466-A1B5-47B3-A527-7FBE64F274F0}.Debug|ARM.ActiveCfg = Debug|Any CPU
		{53AF4466-A1B5-47B3-A527-7FBE64F274F0}.Debug|ARM.Build.0 = Debug|Any CPU
		{53AF4466-A1B5-47B3-A527-7FBE64F274F0}.Debug|ARM64.ActiveCfg = Debug|Any CPU
		{53AF4466-A1B5-47B3-A527-7FBE64F274F0}.Debug|ARM64.Build.0 = Debug|Any CPU
		{53AF4466-A1B5-47B3-A527-7FBE64F274F0}.Debug|iPhone.ActiveCfg = Debug|Any CPU
		{53AF4466-A1B5-47B3-A527-7FBE64F274F0}.Debug|iPhone.Build.0 = Debug|Any CPU
		{53AF4466-A1B5-47B3-A527-7FBE64F274F0}.Debug|iPhoneSimulator.ActiveCfg = Debug|Any CPU
		{53AF4466-A1B5-47B3-A527-7FBE64F274F0}.Debug|iPhoneSimulator.Build.0 = Debug|Any CPU
		{53AF4466-A1B5-47B3-A527-7FBE64F274F0}.Debug|x64.ActiveCfg = Debug|Any CPU
		{53AF4466-A1B5-47B3-A527-7FBE64F274F0}.Debug|x64.Build.0 = Debug|Any CPU
		{53AF4466-A1B5-47B3-A527-7FBE64F274F0}.Debug|x86.ActiveCfg = Debug|Any CPU
		{53AF4466-A1B5-47B3-A527-7FBE64F274F0}.Debug|x86.Build.0 = Debug|Any CPU
		{53AF4466-A1B5-47B3-A527-7FBE64F274F0}.Release|Any CPU.ActiveCfg = Release|Any CPU
		{53AF4466-A1B5-47B3-A527-7FBE64F274F0}.Release|Any CPU.Build.0 = Release|Any CPU
		{53AF4466-A1B5-47B3-A527-7FBE64F274F0}.Release|ARM.ActiveCfg = Release|Any CPU
		{53AF4466-A1B5-47B3-A527-7FBE64F274F0}.Release|ARM.Build.0 = Release|Any CPU
		{53AF4466-A1B5-47B3-A527-7FBE64F274F0}.Release|ARM64.ActiveCfg = Release|Any CPU
		{53AF4466-A1B5-47B3-A527-7FBE64F274F0}.Release|ARM64.Build.0 = Release|Any CPU
		{53AF4466-A1B5-47B3-A527-7FBE64F274F0}.Release|iPhone.ActiveCfg = Release|Any CPU
		{53AF4466-A1B5-47B3-A527-7FBE64F274F0}.Release|iPhone.Build.0 = Release|Any CPU
		{53AF4466-A1B5-47B3-A527-7FBE64F274F0}.Release|iPhoneSimulator.ActiveCfg = Release|Any CPU
		{53AF4466-A1B5-47B3-A527-7FBE64F274F0}.Release|iPhoneSimulator.Build.0 = Release|Any CPU
		{53AF4466-A1B5-47B3-A527-7FBE64F274F0}.Release|x64.ActiveCfg = Release|Any CPU
		{53AF4466-A1B5-47B3-A527-7FBE64F274F0}.Release|x64.Build.0 = Release|Any CPU
		{53AF4466-A1B5-47B3-A527-7FBE64F274F0}.Release|x86.ActiveCfg = Release|Any CPU
		{53AF4466-A1B5-47B3-A527-7FBE64F274F0}.Release|x86.Build.0 = Release|Any CPU
		{9BFD0A71-13CA-4C98-8E4B-581AFEBC6951}.Debug|Any CPU.ActiveCfg = Debug|x64
		{9BFD0A71-13CA-4C98-8E4B-581AFEBC6951}.Debug|Any CPU.Build.0 = Debug|x64
		{9BFD0A71-13CA-4C98-8E4B-581AFEBC6951}.Debug|ARM.ActiveCfg = Debug|ARM64
		{9BFD0A71-13CA-4C98-8E4B-581AFEBC6951}.Debug|ARM.Build.0 = Debug|ARM64
		{9BFD0A71-13CA-4C98-8E4B-581AFEBC6951}.Debug|ARM64.ActiveCfg = Debug|ARM64
		{9BFD0A71-13CA-4C98-8E4B-581AFEBC6951}.Debug|ARM64.Build.0 = Debug|ARM64
		{9BFD0A71-13CA-4C98-8E4B-581AFEBC6951}.Debug|iPhone.ActiveCfg = Debug|ARM64
		{9BFD0A71-13CA-4C98-8E4B-581AFEBC6951}.Debug|iPhone.Build.0 = Debug|ARM64
		{9BFD0A71-13CA-4C98-8E4B-581AFEBC6951}.Debug|iPhoneSimulator.ActiveCfg = Debug|ARM64
		{9BFD0A71-13CA-4C98-8E4B-581AFEBC6951}.Debug|iPhoneSimulator.Build.0 = Debug|ARM64
		{9BFD0A71-13CA-4C98-8E4B-581AFEBC6951}.Debug|x64.ActiveCfg = Debug|x64
		{9BFD0A71-13CA-4C98-8E4B-581AFEBC6951}.Debug|x64.Build.0 = Debug|x64
		{9BFD0A71-13CA-4C98-8E4B-581AFEBC6951}.Debug|x86.ActiveCfg = Debug|x64
		{9BFD0A71-13CA-4C98-8E4B-581AFEBC6951}.Debug|x86.Build.0 = Debug|x64
		{9BFD0A71-13CA-4C98-8E4B-581AFEBC6951}.Release|Any CPU.ActiveCfg = Release|x64
		{9BFD0A71-13CA-4C98-8E4B-581AFEBC6951}.Release|Any CPU.Build.0 = Release|x64
		{9BFD0A71-13CA-4C98-8E4B-581AFEBC6951}.Release|ARM.ActiveCfg = Release|ARM64
		{9BFD0A71-13CA-4C98-8E4B-581AFEBC6951}.Release|ARM.Build.0 = Release|ARM64
		{9BFD0A71-13CA-4C98-8E4B-581AFEBC6951}.Release|ARM64.ActiveCfg = Release|ARM64
		{9BFD0A71-13CA-4C98-8E4B-581AFEBC6951}.Release|ARM64.Build.0 = Release|ARM64
		{9BFD0A71-13CA-4C98-8E4B-581AFEBC6951}.Release|iPhone.ActiveCfg = Release|ARM64
		{9BFD0A71-13CA-4C98-8E4B-581AFEBC6951}.Release|iPhone.Build.0 = Release|ARM64
		{9BFD0A71-13CA-4C98-8E4B-581AFEBC6951}.Release|iPhoneSimulator.ActiveCfg = Release|ARM64
		{9BFD0A71-13CA-4C98-8E4B-581AFEBC6951}.Release|iPhoneSimulator.Build.0 = Release|ARM64
		{9BFD0A71-13CA-4C98-8E4B-581AFEBC6951}.Release|x64.ActiveCfg = Release|x64
		{9BFD0A71-13CA-4C98-8E4B-581AFEBC6951}.Release|x64.Build.0 = Release|x64
		{9BFD0A71-13CA-4C98-8E4B-581AFEBC6951}.Release|x86.ActiveCfg = Release|x64
		{9BFD0A71-13CA-4C98-8E4B-581AFEBC6951}.Release|x86.Build.0 = Release|x64
		{7F9D28D1-E56F-4D97-93E0-2940CC3A11E1}.Debug|Any CPU.ActiveCfg = Debug|Any CPU
		{7F9D28D1-E56F-4D97-93E0-2940CC3A11E1}.Debug|Any CPU.Build.0 = Debug|Any CPU
		{7F9D28D1-E56F-4D97-93E0-2940CC3A11E1}.Debug|ARM.ActiveCfg = Debug|Any CPU
		{7F9D28D1-E56F-4D97-93E0-2940CC3A11E1}.Debug|ARM.Build.0 = Debug|Any CPU
		{7F9D28D1-E56F-4D97-93E0-2940CC3A11E1}.Debug|ARM64.ActiveCfg = Debug|Any CPU
		{7F9D28D1-E56F-4D97-93E0-2940CC3A11E1}.Debug|ARM64.Build.0 = Debug|Any CPU
		{7F9D28D1-E56F-4D97-93E0-2940CC3A11E1}.Debug|iPhone.ActiveCfg = Debug|Any CPU
		{7F9D28D1-E56F-4D97-93E0-2940CC3A11E1}.Debug|iPhone.Build.0 = Debug|Any CPU
		{7F9D28D1-E56F-4D97-93E0-2940CC3A11E1}.Debug|iPhoneSimulator.ActiveCfg = Debug|Any CPU
		{7F9D28D1-E56F-4D97-93E0-2940CC3A11E1}.Debug|iPhoneSimulator.Build.0 = Debug|Any CPU
		{7F9D28D1-E56F-4D97-93E0-2940CC3A11E1}.Debug|x64.ActiveCfg = Debug|Any CPU
		{7F9D28D1-E56F-4D97-93E0-2940CC3A11E1}.Debug|x64.Build.0 = Debug|Any CPU
		{7F9D28D1-E56F-4D97-93E0-2940CC3A11E1}.Debug|x86.ActiveCfg = Debug|Any CPU
		{7F9D28D1-E56F-4D97-93E0-2940CC3A11E1}.Debug|x86.Build.0 = Debug|Any CPU
		{7F9D28D1-E56F-4D97-93E0-2940CC3A11E1}.Release|Any CPU.ActiveCfg = Release|Any CPU
		{7F9D28D1-E56F-4D97-93E0-2940CC3A11E1}.Release|Any CPU.Build.0 = Release|Any CPU
		{7F9D28D1-E56F-4D97-93E0-2940CC3A11E1}.Release|ARM.ActiveCfg = Release|Any CPU
		{7F9D28D1-E56F-4D97-93E0-2940CC3A11E1}.Release|ARM.Build.0 = Release|Any CPU
		{7F9D28D1-E56F-4D97-93E0-2940CC3A11E1}.Release|ARM64.ActiveCfg = Release|Any CPU
		{7F9D28D1-E56F-4D97-93E0-2940CC3A11E1}.Release|ARM64.Build.0 = Release|Any CPU
		{7F9D28D1-E56F-4D97-93E0-2940CC3A11E1}.Release|iPhone.ActiveCfg = Release|Any CPU
		{7F9D28D1-E56F-4D97-93E0-2940CC3A11E1}.Release|iPhone.Build.0 = Release|Any CPU
		{7F9D28D1-E56F-4D97-93E0-2940CC3A11E1}.Release|iPhoneSimulator.ActiveCfg = Release|Any CPU
		{7F9D28D1-E56F-4D97-93E0-2940CC3A11E1}.Release|iPhoneSimulator.Build.0 = Release|Any CPU
		{7F9D28D1-E56F-4D97-93E0-2940CC3A11E1}.Release|x64.ActiveCfg = Release|Any CPU
		{7F9D28D1-E56F-4D97-93E0-2940CC3A11E1}.Release|x64.Build.0 = Release|Any CPU
		{7F9D28D1-E56F-4D97-93E0-2940CC3A11E1}.Release|x86.ActiveCfg = Release|Any CPU
		{7F9D28D1-E56F-4D97-93E0-2940CC3A11E1}.Release|x86.Build.0 = Release|Any CPU
		{126B67F0-98A9-43FA-8487-4262B489CEA1}.Debug|Any CPU.ActiveCfg = Debug|Any CPU
		{126B67F0-98A9-43FA-8487-4262B489CEA1}.Debug|Any CPU.Build.0 = Debug|Any CPU
		{126B67F0-98A9-43FA-8487-4262B489CEA1}.Debug|ARM.ActiveCfg = Debug|Any CPU
		{126B67F0-98A9-43FA-8487-4262B489CEA1}.Debug|ARM.Build.0 = Debug|Any CPU
		{126B67F0-98A9-43FA-8487-4262B489CEA1}.Debug|ARM64.ActiveCfg = Debug|Any CPU
		{126B67F0-98A9-43FA-8487-4262B489CEA1}.Debug|ARM64.Build.0 = Debug|Any CPU
		{126B67F0-98A9-43FA-8487-4262B489CEA1}.Debug|iPhone.ActiveCfg = Debug|Any CPU
		{126B67F0-98A9-43FA-8487-4262B489CEA1}.Debug|iPhone.Build.0 = Debug|Any CPU
		{126B67F0-98A9-43FA-8487-4262B489CEA1}.Debug|iPhoneSimulator.ActiveCfg = Debug|Any CPU
		{126B67F0-98A9-43FA-8487-4262B489CEA1}.Debug|iPhoneSimulator.Build.0 = Debug|Any CPU
		{126B67F0-98A9-43FA-8487-4262B489CEA1}.Debug|x64.ActiveCfg = Debug|Any CPU
		{126B67F0-98A9-43FA-8487-4262B489CEA1}.Debug|x64.Build.0 = Debug|Any CPU
		{126B67F0-98A9-43FA-8487-4262B489CEA1}.Debug|x86.ActiveCfg = Debug|Any CPU
		{126B67F0-98A9-43FA-8487-4262B489CEA1}.Debug|x86.Build.0 = Debug|Any CPU
		{126B67F0-98A9-43FA-8487-4262B489CEA1}.Release|Any CPU.ActiveCfg = Release|Any CPU
		{126B67F0-98A9-43FA-8487-4262B489CEA1}.Release|Any CPU.Build.0 = Release|Any CPU
		{126B67F0-98A9-43FA-8487-4262B489CEA1}.Release|ARM.ActiveCfg = Release|Any CPU
		{126B67F0-98A9-43FA-8487-4262B489CEA1}.Release|ARM.Build.0 = Release|Any CPU
		{126B67F0-98A9-43FA-8487-4262B489CEA1}.Release|ARM64.ActiveCfg = Release|Any CPU
		{126B67F0-98A9-43FA-8487-4262B489CEA1}.Release|ARM64.Build.0 = Release|Any CPU
		{126B67F0-98A9-43FA-8487-4262B489CEA1}.Release|iPhone.ActiveCfg = Release|Any CPU
		{126B67F0-98A9-43FA-8487-4262B489CEA1}.Release|iPhone.Build.0 = Release|Any CPU
		{126B67F0-98A9-43FA-8487-4262B489CEA1}.Release|iPhoneSimulator.ActiveCfg = Release|Any CPU
		{126B67F0-98A9-43FA-8487-4262B489CEA1}.Release|iPhoneSimulator.Build.0 = Release|Any CPU
		{126B67F0-98A9-43FA-8487-4262B489CEA1}.Release|x64.ActiveCfg = Release|Any CPU
		{126B67F0-98A9-43FA-8487-4262B489CEA1}.Release|x64.Build.0 = Release|Any CPU
		{126B67F0-98A9-43FA-8487-4262B489CEA1}.Release|x86.ActiveCfg = Release|Any CPU
		{126B67F0-98A9-43FA-8487-4262B489CEA1}.Release|x86.Build.0 = Release|Any CPU
		{FF84B653-8E96-4C38-9F02-1ADD7B3B2D15}.Debug|Any CPU.ActiveCfg = Debug|Any CPU
		{FF84B653-8E96-4C38-9F02-1ADD7B3B2D15}.Debug|Any CPU.Build.0 = Debug|Any CPU
		{FF84B653-8E96-4C38-9F02-1ADD7B3B2D15}.Debug|ARM.ActiveCfg = Debug|Any CPU
		{FF84B653-8E96-4C38-9F02-1ADD7B3B2D15}.Debug|ARM.Build.0 = Debug|Any CPU
		{FF84B653-8E96-4C38-9F02-1ADD7B3B2D15}.Debug|ARM64.ActiveCfg = Debug|Any CPU
		{FF84B653-8E96-4C38-9F02-1ADD7B3B2D15}.Debug|ARM64.Build.0 = Debug|Any CPU
		{FF84B653-8E96-4C38-9F02-1ADD7B3B2D15}.Debug|iPhone.ActiveCfg = Debug|Any CPU
		{FF84B653-8E96-4C38-9F02-1ADD7B3B2D15}.Debug|iPhone.Build.0 = Debug|Any CPU
		{FF84B653-8E96-4C38-9F02-1ADD7B3B2D15}.Debug|iPhoneSimulator.ActiveCfg = Debug|Any CPU
		{FF84B653-8E96-4C38-9F02-1ADD7B3B2D15}.Debug|iPhoneSimulator.Build.0 = Debug|Any CPU
		{FF84B653-8E96-4C38-9F02-1ADD7B3B2D15}.Debug|x64.ActiveCfg = Debug|Any CPU
		{FF84B653-8E96-4C38-9F02-1ADD7B3B2D15}.Debug|x64.Build.0 = Debug|Any CPU
		{FF84B653-8E96-4C38-9F02-1ADD7B3B2D15}.Debug|x86.ActiveCfg = Debug|Any CPU
		{FF84B653-8E96-4C38-9F02-1ADD7B3B2D15}.Debug|x86.Build.0 = Debug|Any CPU
		{FF84B653-8E96-4C38-9F02-1ADD7B3B2D15}.Release|Any CPU.ActiveCfg = Release|Any CPU
		{FF84B653-8E96-4C38-9F02-1ADD7B3B2D15}.Release|Any CPU.Build.0 = Release|Any CPU
		{FF84B653-8E96-4C38-9F02-1ADD7B3B2D15}.Release|ARM.ActiveCfg = Release|Any CPU
		{FF84B653-8E96-4C38-9F02-1ADD7B3B2D15}.Release|ARM.Build.0 = Release|Any CPU
		{FF84B653-8E96-4C38-9F02-1ADD7B3B2D15}.Release|ARM64.ActiveCfg = Release|Any CPU
		{FF84B653-8E96-4C38-9F02-1ADD7B3B2D15}.Release|ARM64.Build.0 = Release|Any CPU
		{FF84B653-8E96-4C38-9F02-1ADD7B3B2D15}.Release|iPhone.ActiveCfg = Release|Any CPU
		{FF84B653-8E96-4C38-9F02-1ADD7B3B2D15}.Release|iPhone.Build.0 = Release|Any CPU
		{FF84B653-8E96-4C38-9F02-1ADD7B3B2D15}.Release|iPhoneSimulator.ActiveCfg = Release|Any CPU
		{FF84B653-8E96-4C38-9F02-1ADD7B3B2D15}.Release|iPhoneSimulator.Build.0 = Release|Any CPU
		{FF84B653-8E96-4C38-9F02-1ADD7B3B2D15}.Release|x64.ActiveCfg = Release|Any CPU
		{FF84B653-8E96-4C38-9F02-1ADD7B3B2D15}.Release|x64.Build.0 = Release|Any CPU
		{FF84B653-8E96-4C38-9F02-1ADD7B3B2D15}.Release|x86.ActiveCfg = Release|Any CPU
		{FF84B653-8E96-4C38-9F02-1ADD7B3B2D15}.Release|x86.Build.0 = Release|Any CPU
		{1217CE0B-2301-49D7-91D7-3E9B2AD46B22}.Debug|Any CPU.ActiveCfg = Debug|x64
		{1217CE0B-2301-49D7-91D7-3E9B2AD46B22}.Debug|ARM.ActiveCfg = Debug|ARM64
		{1217CE0B-2301-49D7-91D7-3E9B2AD46B22}.Debug|ARM64.ActiveCfg = Debug|ARM64
		{1217CE0B-2301-49D7-91D7-3E9B2AD46B22}.Debug|iPhone.ActiveCfg = Debug|ARM64
		{1217CE0B-2301-49D7-91D7-3E9B2AD46B22}.Debug|iPhoneSimulator.ActiveCfg = Debug|ARM64
		{1217CE0B-2301-49D7-91D7-3E9B2AD46B22}.Debug|x64.ActiveCfg = Debug|x64
		{1217CE0B-2301-49D7-91D7-3E9B2AD46B22}.Debug|x64.Build.0 = Debug|x64
		{1217CE0B-2301-49D7-91D7-3E9B2AD46B22}.Debug|x86.ActiveCfg = Debug|x64
		{1217CE0B-2301-49D7-91D7-3E9B2AD46B22}.Release|Any CPU.ActiveCfg = Release|x64
		{1217CE0B-2301-49D7-91D7-3E9B2AD46B22}.Release|ARM.ActiveCfg = Release|ARM64
		{1217CE0B-2301-49D7-91D7-3E9B2AD46B22}.Release|ARM64.ActiveCfg = Release|ARM64
		{1217CE0B-2301-49D7-91D7-3E9B2AD46B22}.Release|iPhone.ActiveCfg = Release|ARM64
		{1217CE0B-2301-49D7-91D7-3E9B2AD46B22}.Release|iPhoneSimulator.ActiveCfg = Release|ARM64
		{1217CE0B-2301-49D7-91D7-3E9B2AD46B22}.Release|x64.ActiveCfg = Release|x64
		{1217CE0B-2301-49D7-91D7-3E9B2AD46B22}.Release|x64.Build.0 = Release|x64
		{1217CE0B-2301-49D7-91D7-3E9B2AD46B22}.Release|x86.ActiveCfg = Release|x64
	EndGlobalSection
	GlobalSection(SolutionProperties) = preSolution
		HideSolutionNode = FALSE
	EndGlobalSection
	GlobalSection(ExtensibilityGlobals) = postSolution
		SolutionGuid = {1CECD830-92CF-427B-9C5F-DB483218FF89}
	EndGlobalSection
EndGlobal
