
Microsoft Visual Studio Solution File, Format Version 12.00
# Visual Studio Version 16
VisualStudioVersion = 16.0.30114.105
MinimumVisualStudioVersion = 10.0.40219.1
Project("{FAE04EC0-301F-11D3-BF4B-00C04F79EFBC}") = "XamarinSample.UWP", "XamarinSample.UWP\XamarinSample.UWP.csproj", "{7ABC99BA-E425-404E-A4B0-6C3EB033F9CA}"
EndProject
Project("{FAE04EC0-301F-11D3-BF4B-00C04F79EFBC}") = "XamarinSample.Android", "XamarinSample.Android\XamarinSample.Android.csproj", "{9483C06D-FDC3-4D34-9C76-E6D8878DFC11}"
EndProject
Project("{FAE04EC0-301F-11D3-BF4B-00C04F79EFBC}") = "XamarinSample.iOS", "XamarinSample.iOS\XamarinSample.iOS.csproj", "{E2D16A19-A191-49FB-9631-82293314EB72}"
EndProject
Project("{9A19103F-16F7-4668-BE54-9A1E7A4F7556}") = "XamarinSample", "XamarinSample\XamarinSample.csproj", "{F1DBD5B2-18CA-4CA3-9C9A-A5B71BBCE525}"
EndProject
Project("{9A19103F-16F7-4668-BE54-9A1E7A4F7556}") = "AmbrosiaLibCS", "..\..\Clients\CSharp\AmbrosiaLibCS\AmbrosiaLibCS.csproj", "{53AF4466-A1B5-47B3-A527-7FBE64F274F0}"
EndProject
Project("{9A19103F-16F7-4668-BE54-9A1E7A4F7556}") = "Ambrosia", "..\..\Ambrosia\Ambrosia\Ambrosia.csproj", "{9BFD0A71-13CA-4C98-8E4B-581AFEBC6951}"
EndProject
Project("{9A19103F-16F7-4668-BE54-9A1E7A4F7556}") = "XamarinSampleCommAPIGened", "GeneratedSourceFiles\XamarinSampleCommAPIGened\latest\XamarinSampleCommAPIGened.csproj", "{126B67F0-98A9-43FA-8487-4262B489CEA1}"
EndProject
Project("{9A19103F-16F7-4668-BE54-9A1E7A4F7556}") = "SharedAmbrosiaTools", "..\..\SharedAmbrosiaTools\SharedAmbrosiaTools.csproj", "{FF84B653-8E96-4C38-9F02-1ADD7B3B2D15}"
EndProject
Project("{9A19103F-16F7-4668-BE54-9A1E7A4F7556}") = "ImmortalCoordinator", "..\..\ImmortalCoordinator\ImmortalCoordinator.csproj", "{1217CE0B-2301-49D7-91D7-3E9B2AD46B22}"
EndProject
Project("{FAE04EC0-301F-11D3-BF4B-00C04F79EFBC}") = "ICGUI.UWP", "..\..\ICGUI\ICGUI.UWP\ICGUI.UWP.csproj", "{2F5C9EEE-5B7B-4C17-BE64-267C350BC871}"
EndProject
Project("{FAE04EC0-301F-11D3-BF4B-00C04F79EFBC}") = "ICGUI.Android", "..\..\ICGUI\ICGUI.Android\ICGUI.Android.csproj", "{34548405-D006-42FC-AEF9-1B4B8594EAE3}"
EndProject
Project("{FAE04EC0-301F-11D3-BF4B-00C04F79EFBC}") = "ICGUI.iOS", "..\..\ICGUI\ICGUI.iOS\ICGUI.iOS.csproj", "{D152FAFE-5C23-4BDA-8FD7-44931F91076C}"
EndProject
Project("{9A19103F-16F7-4668-BE54-9A1E7A4F7556}") = "ICGUI", "..\..\ICGUI\ICGUI\ICGUI.csproj", "{AE0854B6-E66F-432A-9C50-44F333DA30FD}"
EndProject
Project("{9A19103F-16F7-4668-BE54-9A1E7A4F7556}") = "AmbrosiaLib", "..\..\AmbrosiaLib\Ambrosia\AmbrosiaLib.csproj", "{6A561957-A6AF-48CE-971F-C0742FC5E36C}"
EndProject
Project("{9A19103F-16F7-4668-BE54-9A1E7A4F7556}") = "GenericLogPicker", "..\..\GenericLogPicker\GenericLogPicker.csproj", "{D3885C87-D8F7-4523-857C-7A5B36B5BD10}"
EndProject
Project("{9A19103F-16F7-4668-BE54-9A1E7A4F7556}") = "CommInterfaceClasses", "CommInterfaceClasses\CommInterfaceClasses.csproj", "{1873227A-C81F-4EEB-B6B0-7A5E8EEFF884}"
EndProject
Project("{FAE04EC0-301F-11D3-BF4B-00C04F79EFBC}") = "UWPLogPicker", "..\..\UWPLogPicker\UWPLogPicker.csproj", "{A5986AFF-956D-4E0A-B86F-603086D5E1AB}"
EndProject
Project("{9A19103F-16F7-4668-BE54-9A1E7A4F7556}") = "AzureBlobsLogPicker", "..\..\AzureBlobsLogPicker\AzureBlobsLogPicker.csproj", "{FE687D17-1499-49B4-99FE-9C30D48AFCE1}"
EndProject
Global
	GlobalSection(SolutionConfigurationPlatforms) = preSolution
		Debug|Any CPU = Debug|Any CPU
		Debug|ARM = Debug|ARM
		Debug|ARM64 = Debug|ARM64
		Debug|iPhone = Debug|iPhone
		Debug|iPhoneSimulator = Debug|iPhoneSimulator
		Debug|x64 = Debug|x64
		Debug|x86 = Debug|x86
		Release|Any CPU = Release|Any CPU
		Release|ARM = Release|ARM
		Release|ARM64 = Release|ARM64
		Release|iPhone = Release|iPhone
		Release|iPhoneSimulator = Release|iPhoneSimulator
		Release|x64 = Release|x64
		Release|x86 = Release|x86
	EndGlobalSection
	GlobalSection(ProjectConfigurationPlatforms) = postSolution
		{7ABC99BA-E425-404E-A4B0-6C3EB033F9CA}.Debug|Any CPU.ActiveCfg = Debug|x86
		{7ABC99BA-E425-404E-A4B0-6C3EB033F9CA}.Debug|Any CPU.Build.0 = Debug|x86
		{7ABC99BA-E425-404E-A4B0-6C3EB033F9CA}.Debug|Any CPU.Deploy.0 = Debug|x86
		{7ABC99BA-E425-404E-A4B0-6C3EB033F9CA}.Debug|ARM.ActiveCfg = Debug|ARM
		{7ABC99BA-E425-404E-A4B0-6C3EB033F9CA}.Debug|ARM.Build.0 = Debug|ARM
		{7ABC99BA-E425-404E-A4B0-6C3EB033F9CA}.Debug|ARM.Deploy.0 = Debug|ARM
		{7ABC99BA-E425-404E-A4B0-6C3EB033F9CA}.Debug|ARM64.ActiveCfg = Debug|x86
		{7ABC99BA-E425-404E-A4B0-6C3EB033F9CA}.Debug|iPhone.ActiveCfg = Debug|x86
		{7ABC99BA-E425-404E-A4B0-6C3EB033F9CA}.Debug|iPhone.Build.0 = Debug|x86
		{7ABC99BA-E425-404E-A4B0-6C3EB033F9CA}.Debug|iPhone.Deploy.0 = Debug|x86
		{7ABC99BA-E425-404E-A4B0-6C3EB033F9CA}.Debug|iPhoneSimulator.ActiveCfg = Debug|x86
		{7ABC99BA-E425-404E-A4B0-6C3EB033F9CA}.Debug|iPhoneSimulator.Build.0 = Debug|x86
		{7ABC99BA-E425-404E-A4B0-6C3EB033F9CA}.Debug|iPhoneSimulator.Deploy.0 = Debug|x86
		{7ABC99BA-E425-404E-A4B0-6C3EB033F9CA}.Debug|x64.ActiveCfg = Debug|x64
		{7ABC99BA-E425-404E-A4B0-6C3EB033F9CA}.Debug|x64.Build.0 = Debug|x64
		{7ABC99BA-E425-404E-A4B0-6C3EB033F9CA}.Debug|x64.Deploy.0 = Debug|x64
		{7ABC99BA-E425-404E-A4B0-6C3EB033F9CA}.Debug|x86.ActiveCfg = Debug|x86
		{7ABC99BA-E425-404E-A4B0-6C3EB033F9CA}.Debug|x86.Build.0 = Debug|x86
		{7ABC99BA-E425-404E-A4B0-6C3EB033F9CA}.Debug|x86.Deploy.0 = Debug|x86
		{7ABC99BA-E425-404E-A4B0-6C3EB033F9CA}.Release|Any CPU.ActiveCfg = Release|x86
		{7ABC99BA-E425-404E-A4B0-6C3EB033F9CA}.Release|Any CPU.Build.0 = Release|x86
		{7ABC99BA-E425-404E-A4B0-6C3EB033F9CA}.Release|Any CPU.Deploy.0 = Release|x86
		{7ABC99BA-E425-404E-A4B0-6C3EB033F9CA}.Release|ARM.ActiveCfg = Release|ARM
		{7ABC99BA-E425-404E-A4B0-6C3EB033F9CA}.Release|ARM.Build.0 = Release|ARM
		{7ABC99BA-E425-404E-A4B0-6C3EB033F9CA}.Release|ARM.Deploy.0 = Release|ARM
		{7ABC99BA-E425-404E-A4B0-6C3EB033F9CA}.Release|ARM64.ActiveCfg = Release|x86
		{7ABC99BA-E425-404E-A4B0-6C3EB033F9CA}.Release|iPhone.ActiveCfg = Release|x86
		{7ABC99BA-E425-404E-A4B0-6C3EB033F9CA}.Release|iPhone.Build.0 = Release|x86
		{7ABC99BA-E425-404E-A4B0-6C3EB033F9CA}.Release|iPhone.Deploy.0 = Release|x86
		{7ABC99BA-E425-404E-A4B0-6C3EB033F9CA}.Release|iPhoneSimulator.ActiveCfg = Release|x86
		{7ABC99BA-E425-404E-A4B0-6C3EB033F9CA}.Release|iPhoneSimulator.Build.0 = Release|x86
		{7ABC99BA-E425-404E-A4B0-6C3EB033F9CA}.Release|iPhoneSimulator.Deploy.0 = Release|x86
		{7ABC99BA-E425-404E-A4B0-6C3EB033F9CA}.Release|x64.ActiveCfg = Release|x64
		{7ABC99BA-E425-404E-A4B0-6C3EB033F9CA}.Release|x64.Build.0 = Release|x64
		{7ABC99BA-E425-404E-A4B0-6C3EB033F9CA}.Release|x64.Deploy.0 = Release|x64
		{7ABC99BA-E425-404E-A4B0-6C3EB033F9CA}.Release|x86.ActiveCfg = Release|x86
		{7ABC99BA-E425-404E-A4B0-6C3EB033F9CA}.Release|x86.Build.0 = Release|x86
		{7ABC99BA-E425-404E-A4B0-6C3EB033F9CA}.Release|x86.Deploy.0 = Release|x86
		{9483C06D-FDC3-4D34-9C76-E6D8878DFC11}.Debug|Any CPU.ActiveCfg = Debug|Any CPU
		{9483C06D-FDC3-4D34-9C76-E6D8878DFC11}.Debug|Any CPU.Build.0 = Debug|Any CPU
		{9483C06D-FDC3-4D34-9C76-E6D8878DFC11}.Debug|Any CPU.Deploy.0 = Debug|Any CPU
		{9483C06D-FDC3-4D34-9C76-E6D8878DFC11}.Debug|ARM.ActiveCfg = Debug|Any CPU
		{9483C06D-FDC3-4D34-9C76-E6D8878DFC11}.Debug|ARM.Build.0 = Debug|Any CPU
		{9483C06D-FDC3-4D34-9C76-E6D8878DFC11}.Debug|ARM.Deploy.0 = Debug|Any CPU
		{9483C06D-FDC3-4D34-9C76-E6D8878DFC11}.Debug|ARM64.ActiveCfg = Debug|Any CPU
		{9483C06D-FDC3-4D34-9C76-E6D8878DFC11}.Debug|ARM64.Build.0 = Debug|Any CPU
		{9483C06D-FDC3-4D34-9C76-E6D8878DFC11}.Debug|ARM64.Deploy.0 = Debug|Any CPU
		{9483C06D-FDC3-4D34-9C76-E6D8878DFC11}.Debug|iPhone.ActiveCfg = Debug|Any CPU
		{9483C06D-FDC3-4D34-9C76-E6D8878DFC11}.Debug|iPhone.Build.0 = Debug|Any CPU
		{9483C06D-FDC3-4D34-9C76-E6D8878DFC11}.Debug|iPhone.Deploy.0 = Debug|Any CPU
		{9483C06D-FDC3-4D34-9C76-E6D8878DFC11}.Debug|iPhoneSimulator.ActiveCfg = Debug|Any CPU
		{9483C06D-FDC3-4D34-9C76-E6D8878DFC11}.Debug|iPhoneSimulator.Build.0 = Debug|Any CPU
		{9483C06D-FDC3-4D34-9C76-E6D8878DFC11}.Debug|iPhoneSimulator.Deploy.0 = Debug|Any CPU
		{9483C06D-FDC3-4D34-9C76-E6D8878DFC11}.Debug|x64.ActiveCfg = Debug|Any CPU
		{9483C06D-FDC3-4D34-9C76-E6D8878DFC11}.Debug|x64.Build.0 = Debug|Any CPU
		{9483C06D-FDC3-4D34-9C76-E6D8878DFC11}.Debug|x64.Deploy.0 = Debug|Any CPU
		{9483C06D-FDC3-4D34-9C76-E6D8878DFC11}.Debug|x86.ActiveCfg = Debug|Any CPU
		{9483C06D-FDC3-4D34-9C76-E6D8878DFC11}.Debug|x86.Build.0 = Debug|Any CPU
		{9483C06D-FDC3-4D34-9C76-E6D8878DFC11}.Debug|x86.Deploy.0 = Debug|Any CPU
		{9483C06D-FDC3-4D34-9C76-E6D8878DFC11}.Release|Any CPU.ActiveCfg = Release|Any CPU
		{9483C06D-FDC3-4D34-9C76-E6D8878DFC11}.Release|Any CPU.Build.0 = Release|Any CPU
		{9483C06D-FDC3-4D34-9C76-E6D8878DFC11}.Release|Any CPU.Deploy.0 = Release|Any CPU
		{9483C06D-FDC3-4D34-9C76-E6D8878DFC11}.Release|ARM.ActiveCfg = Release|Any CPU
		{9483C06D-FDC3-4D34-9C76-E6D8878DFC11}.Release|ARM.Build.0 = Release|Any CPU
		{9483C06D-FDC3-4D34-9C76-E6D8878DFC11}.Release|ARM.Deploy.0 = Release|Any CPU
		{9483C06D-FDC3-4D34-9C76-E6D8878DFC11}.Release|ARM64.ActiveCfg = Release|Any CPU
		{9483C06D-FDC3-4D34-9C76-E6D8878DFC11}.Release|ARM64.Build.0 = Release|Any CPU
		{9483C06D-FDC3-4D34-9C76-E6D8878DFC11}.Release|ARM64.Deploy.0 = Release|Any CPU
		{9483C06D-FDC3-4D34-9C76-E6D8878DFC11}.Release|iPhone.ActiveCfg = Release|Any CPU
		{9483C06D-FDC3-4D34-9C76-E6D8878DFC11}.Release|iPhone.Build.0 = Release|Any CPU
		{9483C06D-FDC3-4D34-9C76-E6D8878DFC11}.Release|iPhone.Deploy.0 = Release|Any CPU
		{9483C06D-FDC3-4D34-9C76-E6D8878DFC11}.Release|iPhoneSimulator.ActiveCfg = Release|Any CPU
		{9483C06D-FDC3-4D34-9C76-E6D8878DFC11}.Release|iPhoneSimulator.Build.0 = Release|Any CPU
		{9483C06D-FDC3-4D34-9C76-E6D8878DFC11}.Release|iPhoneSimulator.Deploy.0 = Release|Any CPU
		{9483C06D-FDC3-4D34-9C76-E6D8878DFC11}.Release|x64.ActiveCfg = Release|Any CPU
		{9483C06D-FDC3-4D34-9C76-E6D8878DFC11}.Release|x64.Build.0 = Release|Any CPU
		{9483C06D-FDC3-4D34-9C76-E6D8878DFC11}.Release|x64.Deploy.0 = Release|Any CPU
		{9483C06D-FDC3-4D34-9C76-E6D8878DFC11}.Release|x86.ActiveCfg = Release|Any CPU
		{9483C06D-FDC3-4D34-9C76-E6D8878DFC11}.Release|x86.Build.0 = Release|Any CPU
		{9483C06D-FDC3-4D34-9C76-E6D8878DFC11}.Release|x86.Deploy.0 = Release|Any CPU
		{E2D16A19-A191-49FB-9631-82293314EB72}.Debug|Any CPU.ActiveCfg = Debug|iPhone
		{E2D16A19-A191-49FB-9631-82293314EB72}.Debug|Any CPU.Build.0 = Debug|iPhone
		{E2D16A19-A191-49FB-9631-82293314EB72}.Debug|Any CPU.Deploy.0 = Debug|iPhone
		{E2D16A19-A191-49FB-9631-82293314EB72}.Debug|ARM.ActiveCfg = Debug|iPhone
		{E2D16A19-A191-49FB-9631-82293314EB72}.Debug|ARM.Build.0 = Debug|iPhone
		{E2D16A19-A191-49FB-9631-82293314EB72}.Debug|ARM.Deploy.0 = Debug|iPhone
		{E2D16A19-A191-49FB-9631-82293314EB72}.Debug|ARM64.ActiveCfg = Debug|iPhone
		{E2D16A19-A191-49FB-9631-82293314EB72}.Debug|iPhone.ActiveCfg = Debug|iPhone
		{E2D16A19-A191-49FB-9631-82293314EB72}.Debug|iPhone.Build.0 = Debug|iPhone
		{E2D16A19-A191-49FB-9631-82293314EB72}.Debug|iPhone.Deploy.0 = Debug|iPhone
		{E2D16A19-A191-49FB-9631-82293314EB72}.Debug|iPhoneSimulator.ActiveCfg = Debug|iPhoneSimulator
		{E2D16A19-A191-49FB-9631-82293314EB72}.Debug|iPhoneSimulator.Build.0 = Debug|iPhoneSimulator
		{E2D16A19-A191-49FB-9631-82293314EB72}.Debug|iPhoneSimulator.Deploy.0 = Debug|iPhoneSimulator
		{E2D16A19-A191-49FB-9631-82293314EB72}.Debug|x64.ActiveCfg = Debug|iPhone
		{E2D16A19-A191-49FB-9631-82293314EB72}.Debug|x64.Build.0 = Debug|iPhone
		{E2D16A19-A191-49FB-9631-82293314EB72}.Debug|x64.Deploy.0 = Debug|iPhone
		{E2D16A19-A191-49FB-9631-82293314EB72}.Debug|x86.ActiveCfg = Debug|iPhone
		{E2D16A19-A191-49FB-9631-82293314EB72}.Debug|x86.Build.0 = Debug|iPhone
		{E2D16A19-A191-49FB-9631-82293314EB72}.Debug|x86.Deploy.0 = Debug|iPhone
		{E2D16A19-A191-49FB-9631-82293314EB72}.Release|Any CPU.ActiveCfg = Release|iPhone
		{E2D16A19-A191-49FB-9631-82293314EB72}.Release|Any CPU.Build.0 = Release|iPhone
		{E2D16A19-A191-49FB-9631-82293314EB72}.Release|Any CPU.Deploy.0 = Release|iPhone
		{E2D16A19-A191-49FB-9631-82293314EB72}.Release|ARM.ActiveCfg = Release|iPhone
		{E2D16A19-A191-49FB-9631-82293314EB72}.Release|ARM.Build.0 = Release|iPhone
		{E2D16A19-A191-49FB-9631-82293314EB72}.Release|ARM.Deploy.0 = Release|iPhone
		{E2D16A19-A191-49FB-9631-82293314EB72}.Release|ARM64.ActiveCfg = Release|iPhone
		{E2D16A19-A191-49FB-9631-82293314EB72}.Release|iPhone.ActiveCfg = Release|iPhone
		{E2D16A19-A191-49FB-9631-82293314EB72}.Release|iPhone.Build.0 = Release|iPhone
		{E2D16A19-A191-49FB-9631-82293314EB72}.Release|iPhone.Deploy.0 = Release|iPhone
		{E2D16A19-A191-49FB-9631-82293314EB72}.Release|iPhoneSimulator.ActiveCfg = Release|iPhoneSimulator
		{E2D16A19-A191-49FB-9631-82293314EB72}.Release|iPhoneSimulator.Build.0 = Release|iPhoneSimulator
		{E2D16A19-A191-49FB-9631-82293314EB72}.Release|iPhoneSimulator.Deploy.0 = Release|iPhoneSimulator
		{E2D16A19-A191-49FB-9631-82293314EB72}.Release|x64.ActiveCfg = Release|iPhone
		{E2D16A19-A191-49FB-9631-82293314EB72}.Release|x64.Build.0 = Release|iPhone
		{E2D16A19-A191-49FB-9631-82293314EB72}.Release|x64.Deploy.0 = Release|iPhone
		{E2D16A19-A191-49FB-9631-82293314EB72}.Release|x86.ActiveCfg = Release|iPhone
		{E2D16A19-A191-49FB-9631-82293314EB72}.Release|x86.Build.0 = Release|iPhone
		{E2D16A19-A191-49FB-9631-82293314EB72}.Release|x86.Deploy.0 = Release|iPhone
		{F1DBD5B2-18CA-4CA3-9C9A-A5B71BBCE525}.Debug|Any CPU.ActiveCfg = Debug|Any CPU
		{F1DBD5B2-18CA-4CA3-9C9A-A5B71BBCE525}.Debug|Any CPU.Build.0 = Debug|Any CPU
		{F1DBD5B2-18CA-4CA3-9C9A-A5B71BBCE525}.Debug|Any CPU.Deploy.0 = Debug|Any CPU
		{F1DBD5B2-18CA-4CA3-9C9A-A5B71BBCE525}.Debug|ARM.ActiveCfg = Debug|Any CPU
		{F1DBD5B2-18CA-4CA3-9C9A-A5B71BBCE525}.Debug|ARM.Build.0 = Debug|Any CPU
		{F1DBD5B2-18CA-4CA3-9C9A-A5B71BBCE525}.Debug|ARM.Deploy.0 = Debug|Any CPU
		{F1DBD5B2-18CA-4CA3-9C9A-A5B71BBCE525}.Debug|ARM64.ActiveCfg = Debug|Any CPU
		{F1DBD5B2-18CA-4CA3-9C9A-A5B71BBCE525}.Debug|ARM64.Build.0 = Debug|Any CPU
		{F1DBD5B2-18CA-4CA3-9C9A-A5B71BBCE525}.Debug|iPhone.ActiveCfg = Debug|Any CPU
		{F1DBD5B2-18CA-4CA3-9C9A-A5B71BBCE525}.Debug|iPhone.Build.0 = Debug|Any CPU
		{F1DBD5B2-18CA-4CA3-9C9A-A5B71BBCE525}.Debug|iPhone.Deploy.0 = Debug|Any CPU
		{F1DBD5B2-18CA-4CA3-9C9A-A5B71BBCE525}.Debug|iPhoneSimulator.ActiveCfg = Debug|Any CPU
		{F1DBD5B2-18CA-4CA3-9C9A-A5B71BBCE525}.Debug|iPhoneSimulator.Build.0 = Debug|Any CPU
		{F1DBD5B2-18CA-4CA3-9C9A-A5B71BBCE525}.Debug|iPhoneSimulator.Deploy.0 = Debug|Any CPU
		{F1DBD5B2-18CA-4CA3-9C9A-A5B71BBCE525}.Debug|x64.ActiveCfg = Debug|Any CPU
		{F1DBD5B2-18CA-4CA3-9C9A-A5B71BBCE525}.Debug|x64.Build.0 = Debug|Any CPU
		{F1DBD5B2-18CA-4CA3-9C9A-A5B71BBCE525}.Debug|x64.Deploy.0 = Debug|Any CPU
		{F1DBD5B2-18CA-4CA3-9C9A-A5B71BBCE525}.Debug|x86.ActiveCfg = Debug|Any CPU
		{F1DBD5B2-18CA-4CA3-9C9A-A5B71BBCE525}.Debug|x86.Build.0 = Debug|Any CPU
		{F1DBD5B2-18CA-4CA3-9C9A-A5B71BBCE525}.Debug|x86.Deploy.0 = Debug|Any CPU
		{F1DBD5B2-18CA-4CA3-9C9A-A5B71BBCE525}.Release|Any CPU.ActiveCfg = Release|Any CPU
		{F1DBD5B2-18CA-4CA3-9C9A-A5B71BBCE525}.Release|Any CPU.Build.0 = Release|Any CPU
		{F1DBD5B2-18CA-4CA3-9C9A-A5B71BBCE525}.Release|Any CPU.Deploy.0 = Release|Any CPU
		{F1DBD5B2-18CA-4CA3-9C9A-A5B71BBCE525}.Release|ARM.ActiveCfg = Release|Any CPU
		{F1DBD5B2-18CA-4CA3-9C9A-A5B71BBCE525}.Release|ARM.Build.0 = Release|Any CPU
		{F1DBD5B2-18CA-4CA3-9C9A-A5B71BBCE525}.Release|ARM.Deploy.0 = Release|Any CPU
		{F1DBD5B2-18CA-4CA3-9C9A-A5B71BBCE525}.Release|ARM64.ActiveCfg = Release|Any CPU
		{F1DBD5B2-18CA-4CA3-9C9A-A5B71BBCE525}.Release|ARM64.Build.0 = Release|Any CPU
		{F1DBD5B2-18CA-4CA3-9C9A-A5B71BBCE525}.Release|iPhone.ActiveCfg = Release|Any CPU
		{F1DBD5B2-18CA-4CA3-9C9A-A5B71BBCE525}.Release|iPhone.Build.0 = Release|Any CPU
		{F1DBD5B2-18CA-4CA3-9C9A-A5B71BBCE525}.Release|iPhone.Deploy.0 = Release|Any CPU
		{F1DBD5B2-18CA-4CA3-9C9A-A5B71BBCE525}.Release|iPhoneSimulator.ActiveCfg = Release|Any CPU
		{F1DBD5B2-18CA-4CA3-9C9A-A5B71BBCE525}.Release|iPhoneSimulator.Build.0 = Release|Any CPU
		{F1DBD5B2-18CA-4CA3-9C9A-A5B71BBCE525}.Release|iPhoneSimulator.Deploy.0 = Release|Any CPU
		{F1DBD5B2-18CA-4CA3-9C9A-A5B71BBCE525}.Release|x64.ActiveCfg = Release|Any CPU
		{F1DBD5B2-18CA-4CA3-9C9A-A5B71BBCE525}.Release|x64.Build.0 = Release|Any CPU
		{F1DBD5B2-18CA-4CA3-9C9A-A5B71BBCE525}.Release|x64.Deploy.0 = Release|Any CPU
		{F1DBD5B2-18CA-4CA3-9C9A-A5B71BBCE525}.Release|x86.ActiveCfg = Release|Any CPU
		{F1DBD5B2-18CA-4CA3-9C9A-A5B71BBCE525}.Release|x86.Build.0 = Release|Any CPU
		{F1DBD5B2-18CA-4CA3-9C9A-A5B71BBCE525}.Release|x86.Deploy.0 = Release|Any CPU
		{53AF4466-A1B5-47B3-A527-7FBE64F274F0}.Debug|Any CPU.ActiveCfg = Debug|Any CPU
		{53AF4466-A1B5-47B3-A527-7FBE64F274F0}.Debug|Any CPU.Build.0 = Debug|Any CPU
		{53AF4466-A1B5-47B3-A527-7FBE64F274F0}.Debug|ARM.ActiveCfg = Debug|Any CPU
		{53AF4466-A1B5-47B3-A527-7FBE64F274F0}.Debug|ARM.Build.0 = Debug|Any CPU
		{53AF4466-A1B5-47B3-A527-7FBE64F274F0}.Debug|ARM64.ActiveCfg = Debug|Any CPU
		{53AF4466-A1B5-47B3-A527-7FBE64F274F0}.Debug|ARM64.Build.0 = Debug|Any CPU
		{53AF4466-A1B5-47B3-A527-7FBE64F274F0}.Debug|iPhone.ActiveCfg = Debug|Any CPU
		{53AF4466-A1B5-47B3-A527-7FBE64F274F0}.Debug|iPhone.Build.0 = Debug|Any CPU
		{53AF4466-A1B5-47B3-A527-7FBE64F274F0}.Debug|iPhoneSimulator.ActiveCfg = Debug|Any CPU
		{53AF4466-A1B5-47B3-A527-7FBE64F274F0}.Debug|iPhoneSimulator.Build.0 = Debug|Any CPU
		{53AF4466-A1B5-47B3-A527-7FBE64F274F0}.Debug|x64.ActiveCfg = Debug|Any CPU
		{53AF4466-A1B5-47B3-A527-7FBE64F274F0}.Debug|x64.Build.0 = Debug|Any CPU
		{53AF4466-A1B5-47B3-A527-7FBE64F274F0}.Debug|x86.ActiveCfg = Debug|Any CPU
		{53AF4466-A1B5-47B3-A527-7FBE64F274F0}.Debug|x86.Build.0 = Debug|Any CPU
		{53AF4466-A1B5-47B3-A527-7FBE64F274F0}.Release|Any CPU.ActiveCfg = Release|Any CPU
		{53AF4466-A1B5-47B3-A527-7FBE64F274F0}.Release|Any CPU.Build.0 = Release|Any CPU
		{53AF4466-A1B5-47B3-A527-7FBE64F274F0}.Release|ARM.ActiveCfg = Release|Any CPU
		{53AF4466-A1B5-47B3-A527-7FBE64F274F0}.Release|ARM.Build.0 = Release|Any CPU
		{53AF4466-A1B5-47B3-A527-7FBE64F274F0}.Release|ARM64.ActiveCfg = Release|Any CPU
		{53AF4466-A1B5-47B3-A527-7FBE64F274F0}.Release|ARM64.Build.0 = Release|Any CPU
		{53AF4466-A1B5-47B3-A527-7FBE64F274F0}.Release|iPhone.ActiveCfg = Release|Any CPU
		{53AF4466-A1B5-47B3-A527-7FBE64F274F0}.Release|iPhone.Build.0 = Release|Any CPU
		{53AF4466-A1B5-47B3-A527-7FBE64F274F0}.Release|iPhoneSimulator.ActiveCfg = Release|Any CPU
		{53AF4466-A1B5-47B3-A527-7FBE64F274F0}.Release|iPhoneSimulator.Build.0 = Release|Any CPU
		{53AF4466-A1B5-47B3-A527-7FBE64F274F0}.Release|x64.ActiveCfg = Release|Any CPU
		{53AF4466-A1B5-47B3-A527-7FBE64F274F0}.Release|x64.Build.0 = Release|Any CPU
		{53AF4466-A1B5-47B3-A527-7FBE64F274F0}.Release|x86.ActiveCfg = Release|Any CPU
		{53AF4466-A1B5-47B3-A527-7FBE64F274F0}.Release|x86.Build.0 = Release|Any CPU
		{9BFD0A71-13CA-4C98-8E4B-581AFEBC6951}.Debug|Any CPU.ActiveCfg = Debug|x64
		{9BFD0A71-13CA-4C98-8E4B-581AFEBC6951}.Debug|Any CPU.Build.0 = Debug|x64
		{9BFD0A71-13CA-4C98-8E4B-581AFEBC6951}.Debug|ARM.ActiveCfg = Debug|ARM64
		{9BFD0A71-13CA-4C98-8E4B-581AFEBC6951}.Debug|ARM.Build.0 = Debug|ARM64
		{9BFD0A71-13CA-4C98-8E4B-581AFEBC6951}.Debug|ARM64.ActiveCfg = Debug|ARM64
		{9BFD0A71-13CA-4C98-8E4B-581AFEBC6951}.Debug|ARM64.Build.0 = Debug|ARM64
		{9BFD0A71-13CA-4C98-8E4B-581AFEBC6951}.Debug|iPhone.ActiveCfg = Debug|ARM64
		{9BFD0A71-13CA-4C98-8E4B-581AFEBC6951}.Debug|iPhone.Build.0 = Debug|ARM64
		{9BFD0A71-13CA-4C98-8E4B-581AFEBC6951}.Debug|iPhoneSimulator.ActiveCfg = Debug|ARM64
		{9BFD0A71-13CA-4C98-8E4B-581AFEBC6951}.Debug|iPhoneSimulator.Build.0 = Debug|ARM64
		{9BFD0A71-13CA-4C98-8E4B-581AFEBC6951}.Debug|x64.ActiveCfg = Debug|x64
		{9BFD0A71-13CA-4C98-8E4B-581AFEBC6951}.Debug|x64.Build.0 = Debug|x64
		{9BFD0A71-13CA-4C98-8E4B-581AFEBC6951}.Debug|x86.ActiveCfg = Debug|x64
		{9BFD0A71-13CA-4C98-8E4B-581AFEBC6951}.Debug|x86.Build.0 = Debug|x64
		{9BFD0A71-13CA-4C98-8E4B-581AFEBC6951}.Release|Any CPU.ActiveCfg = Release|x64
		{9BFD0A71-13CA-4C98-8E4B-581AFEBC6951}.Release|Any CPU.Build.0 = Release|x64
		{9BFD0A71-13CA-4C98-8E4B-581AFEBC6951}.Release|ARM.ActiveCfg = Release|ARM64
		{9BFD0A71-13CA-4C98-8E4B-581AFEBC6951}.Release|ARM.Build.0 = Release|ARM64
		{9BFD0A71-13CA-4C98-8E4B-581AFEBC6951}.Release|ARM64.ActiveCfg = Release|ARM64
		{9BFD0A71-13CA-4C98-8E4B-581AFEBC6951}.Release|ARM64.Build.0 = Release|ARM64
		{9BFD0A71-13CA-4C98-8E4B-581AFEBC6951}.Release|iPhone.ActiveCfg = Release|ARM64
		{9BFD0A71-13CA-4C98-8E4B-581AFEBC6951}.Release|iPhone.Build.0 = Release|ARM64
		{9BFD0A71-13CA-4C98-8E4B-581AFEBC6951}.Release|iPhoneSimulator.ActiveCfg = Release|ARM64
		{9BFD0A71-13CA-4C98-8E4B-581AFEBC6951}.Release|iPhoneSimulator.Build.0 = Release|ARM64
		{9BFD0A71-13CA-4C98-8E4B-581AFEBC6951}.Release|x64.ActiveCfg = Release|x64
		{9BFD0A71-13CA-4C98-8E4B-581AFEBC6951}.Release|x64.Build.0 = Release|x64
		{9BFD0A71-13CA-4C98-8E4B-581AFEBC6951}.Release|x86.ActiveCfg = Release|x64
		{9BFD0A71-13CA-4C98-8E4B-581AFEBC6951}.Release|x86.Build.0 = Release|x64
		{126B67F0-98A9-43FA-8487-4262B489CEA1}.Debug|Any CPU.ActiveCfg = Debug|Any CPU
		{126B67F0-98A9-43FA-8487-4262B489CEA1}.Debug|Any CPU.Build.0 = Debug|Any CPU
		{126B67F0-98A9-43FA-8487-4262B489CEA1}.Debug|ARM.ActiveCfg = Debug|Any CPU
		{126B67F0-98A9-43FA-8487-4262B489CEA1}.Debug|ARM.Build.0 = Debug|Any CPU
		{126B67F0-98A9-43FA-8487-4262B489CEA1}.Debug|ARM64.ActiveCfg = Debug|Any CPU
		{126B67F0-98A9-43FA-8487-4262B489CEA1}.Debug|ARM64.Build.0 = Debug|Any CPU
		{126B67F0-98A9-43FA-8487-4262B489CEA1}.Debug|iPhone.ActiveCfg = Debug|Any CPU
		{126B67F0-98A9-43FA-8487-4262B489CEA1}.Debug|iPhone.Build.0 = Debug|Any CPU
		{126B67F0-98A9-43FA-8487-4262B489CEA1}.Debug|iPhoneSimulator.ActiveCfg = Debug|Any CPU
		{126B67F0-98A9-43FA-8487-4262B489CEA1}.Debug|iPhoneSimulator.Build.0 = Debug|Any CPU
		{126B67F0-98A9-43FA-8487-4262B489CEA1}.Debug|x64.ActiveCfg = Debug|Any CPU
		{126B67F0-98A9-43FA-8487-4262B489CEA1}.Debug|x64.Build.0 = Debug|Any CPU
		{126B67F0-98A9-43FA-8487-4262B489CEA1}.Debug|x86.ActiveCfg = Debug|Any CPU
		{126B67F0-98A9-43FA-8487-4262B489CEA1}.Debug|x86.Build.0 = Debug|Any CPU
		{126B67F0-98A9-43FA-8487-4262B489CEA1}.Release|Any CPU.ActiveCfg = Release|Any CPU
		{126B67F0-98A9-43FA-8487-4262B489CEA1}.Release|Any CPU.Build.0 = Release|Any CPU
		{126B67F0-98A9-43FA-8487-4262B489CEA1}.Release|ARM.ActiveCfg = Release|Any CPU
		{126B67F0-98A9-43FA-8487-4262B489CEA1}.Release|ARM.Build.0 = Release|Any CPU
		{126B67F0-98A9-43FA-8487-4262B489CEA1}.Release|ARM64.ActiveCfg = Release|Any CPU
		{126B67F0-98A9-43FA-8487-4262B489CEA1}.Release|ARM64.Build.0 = Release|Any CPU
		{126B67F0-98A9-43FA-8487-4262B489CEA1}.Release|iPhone.ActiveCfg = Release|Any CPU
		{126B67F0-98A9-43FA-8487-4262B489CEA1}.Release|iPhone.Build.0 = Release|Any CPU
		{126B67F0-98A9-43FA-8487-4262B489CEA1}.Release|iPhoneSimulator.ActiveCfg = Release|Any CPU
		{126B67F0-98A9-43FA-8487-4262B489CEA1}.Release|iPhoneSimulator.Build.0 = Release|Any CPU
		{126B67F0-98A9-43FA-8487-4262B489CEA1}.Release|x64.ActiveCfg = Release|Any CPU
		{126B67F0-98A9-43FA-8487-4262B489CEA1}.Release|x64.Build.0 = Release|Any CPU
		{126B67F0-98A9-43FA-8487-4262B489CEA1}.Release|x86.ActiveCfg = Release|Any CPU
		{126B67F0-98A9-43FA-8487-4262B489CEA1}.Release|x86.Build.0 = Release|Any CPU
		{FF84B653-8E96-4C38-9F02-1ADD7B3B2D15}.Debug|Any CPU.ActiveCfg = Debug|Any CPU
		{FF84B653-8E96-4C38-9F02-1ADD7B3B2D15}.Debug|Any CPU.Build.0 = Debug|Any CPU
		{FF84B653-8E96-4C38-9F02-1ADD7B3B2D15}.Debug|ARM.ActiveCfg = Debug|Any CPU
		{FF84B653-8E96-4C38-9F02-1ADD7B3B2D15}.Debug|ARM.Build.0 = Debug|Any CPU
		{FF84B653-8E96-4C38-9F02-1ADD7B3B2D15}.Debug|ARM64.ActiveCfg = Debug|Any CPU
		{FF84B653-8E96-4C38-9F02-1ADD7B3B2D15}.Debug|ARM64.Build.0 = Debug|Any CPU
		{FF84B653-8E96-4C38-9F02-1ADD7B3B2D15}.Debug|iPhone.ActiveCfg = Debug|Any CPU
		{FF84B653-8E96-4C38-9F02-1ADD7B3B2D15}.Debug|iPhone.Build.0 = Debug|Any CPU
		{FF84B653-8E96-4C38-9F02-1ADD7B3B2D15}.Debug|iPhoneSimulator.ActiveCfg = Debug|Any CPU
		{FF84B653-8E96-4C38-9F02-1ADD7B3B2D15}.Debug|iPhoneSimulator.Build.0 = Debug|Any CPU
		{FF84B653-8E96-4C38-9F02-1ADD7B3B2D15}.Debug|x64.ActiveCfg = Debug|Any CPU
		{FF84B653-8E96-4C38-9F02-1ADD7B3B2D15}.Debug|x64.Build.0 = Debug|Any CPU
		{FF84B653-8E96-4C38-9F02-1ADD7B3B2D15}.Debug|x86.ActiveCfg = Debug|Any CPU
		{FF84B653-8E96-4C38-9F02-1ADD7B3B2D15}.Debug|x86.Build.0 = Debug|Any CPU
		{FF84B653-8E96-4C38-9F02-1ADD7B3B2D15}.Release|Any CPU.ActiveCfg = Release|Any CPU
		{FF84B653-8E96-4C38-9F02-1ADD7B3B2D15}.Release|Any CPU.Build.0 = Release|Any CPU
		{FF84B653-8E96-4C38-9F02-1ADD7B3B2D15}.Release|ARM.ActiveCfg = Release|Any CPU
		{FF84B653-8E96-4C38-9F02-1ADD7B3B2D15}.Release|ARM.Build.0 = Release|Any CPU
		{FF84B653-8E96-4C38-9F02-1ADD7B3B2D15}.Release|ARM64.ActiveCfg = Release|Any CPU
		{FF84B653-8E96-4C38-9F02-1ADD7B3B2D15}.Release|ARM64.Build.0 = Release|Any CPU
		{FF84B653-8E96-4C38-9F02-1ADD7B3B2D15}.Release|iPhone.ActiveCfg = Release|Any CPU
		{FF84B653-8E96-4C38-9F02-1ADD7B3B2D15}.Release|iPhone.Build.0 = Release|Any CPU
		{FF84B653-8E96-4C38-9F02-1ADD7B3B2D15}.Release|iPhoneSimulator.ActiveCfg = Release|Any CPU
		{FF84B653-8E96-4C38-9F02-1ADD7B3B2D15}.Release|iPhoneSimulator.Build.0 = Release|Any CPU
		{FF84B653-8E96-4C38-9F02-1ADD7B3B2D15}.Release|x64.ActiveCfg = Release|Any CPU
		{FF84B653-8E96-4C38-9F02-1ADD7B3B2D15}.Release|x64.Build.0 = Release|Any CPU
		{FF84B653-8E96-4C38-9F02-1ADD7B3B2D15}.Release|x86.ActiveCfg = Release|Any CPU
		{FF84B653-8E96-4C38-9F02-1ADD7B3B2D15}.Release|x86.Build.0 = Release|Any CPU
		{1217CE0B-2301-49D7-91D7-3E9B2AD46B22}.Debug|Any CPU.ActiveCfg = Debug|x64
		{1217CE0B-2301-49D7-91D7-3E9B2AD46B22}.Debug|ARM.ActiveCfg = Debug|ARM64
		{1217CE0B-2301-49D7-91D7-3E9B2AD46B22}.Debug|ARM64.ActiveCfg = Debug|ARM64
		{1217CE0B-2301-49D7-91D7-3E9B2AD46B22}.Debug|iPhone.ActiveCfg = Debug|ARM64
		{1217CE0B-2301-49D7-91D7-3E9B2AD46B22}.Debug|iPhoneSimulator.ActiveCfg = Debug|ARM64
		{1217CE0B-2301-49D7-91D7-3E9B2AD46B22}.Debug|x64.ActiveCfg = Debug|x64
		{1217CE0B-2301-49D7-91D7-3E9B2AD46B22}.Debug|x64.Build.0 = Debug|x64
		{1217CE0B-2301-49D7-91D7-3E9B2AD46B22}.Debug|x86.ActiveCfg = Debug|x64
		{1217CE0B-2301-49D7-91D7-3E9B2AD46B22}.Release|Any CPU.ActiveCfg = Release|x64
		{1217CE0B-2301-49D7-91D7-3E9B2AD46B22}.Release|ARM.ActiveCfg = Release|ARM64
		{1217CE0B-2301-49D7-91D7-3E9B2AD46B22}.Release|ARM64.ActiveCfg = Release|ARM64
		{1217CE0B-2301-49D7-91D7-3E9B2AD46B22}.Release|iPhone.ActiveCfg = Release|ARM64
		{1217CE0B-2301-49D7-91D7-3E9B2AD46B22}.Release|iPhoneSimulator.ActiveCfg = Release|ARM64
		{1217CE0B-2301-49D7-91D7-3E9B2AD46B22}.Release|x64.ActiveCfg = Release|x64
		{1217CE0B-2301-49D7-91D7-3E9B2AD46B22}.Release|x64.Build.0 = Release|x64
		{1217CE0B-2301-49D7-91D7-3E9B2AD46B22}.Release|x86.ActiveCfg = Release|x64
		{2F5C9EEE-5B7B-4C17-BE64-267C350BC871}.Debug|Any CPU.ActiveCfg = Debug|x86
		{2F5C9EEE-5B7B-4C17-BE64-267C350BC871}.Debug|ARM.ActiveCfg = Debug|ARM
		{2F5C9EEE-5B7B-4C17-BE64-267C350BC871}.Debug|ARM.Build.0 = Debug|ARM
		{2F5C9EEE-5B7B-4C17-BE64-267C350BC871}.Debug|ARM.Deploy.0 = Debug|ARM
		{2F5C9EEE-5B7B-4C17-BE64-267C350BC871}.Debug|ARM64.ActiveCfg = Debug|x86
		{2F5C9EEE-5B7B-4C17-BE64-267C350BC871}.Debug|iPhone.ActiveCfg = Debug|x86
		{2F5C9EEE-5B7B-4C17-BE64-267C350BC871}.Debug|iPhoneSimulator.ActiveCfg = Debug|x86
		{2F5C9EEE-5B7B-4C17-BE64-267C350BC871}.Debug|x64.ActiveCfg = Debug|x64
		{2F5C9EEE-5B7B-4C17-BE64-267C350BC871}.Debug|x64.Build.0 = Debug|x64
		{2F5C9EEE-5B7B-4C17-BE64-267C350BC871}.Debug|x64.Deploy.0 = Debug|x64
		{2F5C9EEE-5B7B-4C17-BE64-267C350BC871}.Debug|x86.ActiveCfg = Debug|x86
		{2F5C9EEE-5B7B-4C17-BE64-267C350BC871}.Debug|x86.Build.0 = Debug|x86
		{2F5C9EEE-5B7B-4C17-BE64-267C350BC871}.Debug|x86.Deploy.0 = Debug|x86
		{2F5C9EEE-5B7B-4C17-BE64-267C350BC871}.Release|Any CPU.ActiveCfg = Release|x86
		{2F5C9EEE-5B7B-4C17-BE64-267C350BC871}.Release|ARM.ActiveCfg = Release|ARM
		{2F5C9EEE-5B7B-4C17-BE64-267C350BC871}.Release|ARM.Build.0 = Release|ARM
		{2F5C9EEE-5B7B-4C17-BE64-267C350BC871}.Release|ARM.Deploy.0 = Release|ARM
		{2F5C9EEE-5B7B-4C17-BE64-267C350BC871}.Release|ARM64.ActiveCfg = Release|x86
		{2F5C9EEE-5B7B-4C17-BE64-267C350BC871}.Release|iPhone.ActiveCfg = Release|x86
		{2F5C9EEE-5B7B-4C17-BE64-267C350BC871}.Release|iPhoneSimulator.ActiveCfg = Release|x86
		{2F5C9EEE-5B7B-4C17-BE64-267C350BC871}.Release|x64.ActiveCfg = Release|x64
		{2F5C9EEE-5B7B-4C17-BE64-267C350BC871}.Release|x64.Build.0 = Release|x64
		{2F5C9EEE-5B7B-4C17-BE64-267C350BC871}.Release|x64.Deploy.0 = Release|x64
		{2F5C9EEE-5B7B-4C17-BE64-267C350BC871}.Release|x86.ActiveCfg = Release|x86
		{2F5C9EEE-5B7B-4C17-BE64-267C350BC871}.Release|x86.Build.0 = Release|x86
		{2F5C9EEE-5B7B-4C17-BE64-267C350BC871}.Release|x86.Deploy.0 = Release|x86
		{34548405-D006-42FC-AEF9-1B4B8594EAE3}.Debug|Any CPU.ActiveCfg = Debug|Any CPU
		{34548405-D006-42FC-AEF9-1B4B8594EAE3}.Debug|Any CPU.Build.0 = Debug|Any CPU
		{34548405-D006-42FC-AEF9-1B4B8594EAE3}.Debug|Any CPU.Deploy.0 = Debug|Any CPU
		{34548405-D006-42FC-AEF9-1B4B8594EAE3}.Debug|ARM.ActiveCfg = Debug|Any CPU
		{34548405-D006-42FC-AEF9-1B4B8594EAE3}.Debug|ARM.Build.0 = Debug|Any CPU
		{34548405-D006-42FC-AEF9-1B4B8594EAE3}.Debug|ARM.Deploy.0 = Debug|Any CPU
		{34548405-D006-42FC-AEF9-1B4B8594EAE3}.Debug|ARM64.ActiveCfg = Debug|Any CPU
		{34548405-D006-42FC-AEF9-1B4B8594EAE3}.Debug|ARM64.Build.0 = Debug|Any CPU
		{34548405-D006-42FC-AEF9-1B4B8594EAE3}.Debug|ARM64.Deploy.0 = Debug|Any CPU
		{34548405-D006-42FC-AEF9-1B4B8594EAE3}.Debug|iPhone.ActiveCfg = Debug|Any CPU
		{34548405-D006-42FC-AEF9-1B4B8594EAE3}.Debug|iPhone.Build.0 = Debug|Any CPU
		{34548405-D006-42FC-AEF9-1B4B8594EAE3}.Debug|iPhone.Deploy.0 = Debug|Any CPU
		{34548405-D006-42FC-AEF9-1B4B8594EAE3}.Debug|iPhoneSimulator.ActiveCfg = Debug|Any CPU
		{34548405-D006-42FC-AEF9-1B4B8594EAE3}.Debug|iPhoneSimulator.Build.0 = Debug|Any CPU
		{34548405-D006-42FC-AEF9-1B4B8594EAE3}.Debug|iPhoneSimulator.Deploy.0 = Debug|Any CPU
		{34548405-D006-42FC-AEF9-1B4B8594EAE3}.Debug|x64.ActiveCfg = Debug|Any CPU
		{34548405-D006-42FC-AEF9-1B4B8594EAE3}.Debug|x64.Build.0 = Debug|Any CPU
		{34548405-D006-42FC-AEF9-1B4B8594EAE3}.Debug|x64.Deploy.0 = Debug|Any CPU
		{34548405-D006-42FC-AEF9-1B4B8594EAE3}.Debug|x86.ActiveCfg = Debug|Any CPU
		{34548405-D006-42FC-AEF9-1B4B8594EAE3}.Debug|x86.Build.0 = Debug|Any CPU
		{34548405-D006-42FC-AEF9-1B4B8594EAE3}.Debug|x86.Deploy.0 = Debug|Any CPU
		{34548405-D006-42FC-AEF9-1B4B8594EAE3}.Release|Any CPU.ActiveCfg = Release|Any CPU
		{34548405-D006-42FC-AEF9-1B4B8594EAE3}.Release|Any CPU.Build.0 = Release|Any CPU
		{34548405-D006-42FC-AEF9-1B4B8594EAE3}.Release|Any CPU.Deploy.0 = Release|Any CPU
		{34548405-D006-42FC-AEF9-1B4B8594EAE3}.Release|ARM.ActiveCfg = Release|Any CPU
		{34548405-D006-42FC-AEF9-1B4B8594EAE3}.Release|ARM.Build.0 = Release|Any CPU
		{34548405-D006-42FC-AEF9-1B4B8594EAE3}.Release|ARM.Deploy.0 = Release|Any CPU
		{34548405-D006-42FC-AEF9-1B4B8594EAE3}.Release|ARM64.ActiveCfg = Release|Any CPU
		{34548405-D006-42FC-AEF9-1B4B8594EAE3}.Release|ARM64.Build.0 = Release|Any CPU
		{34548405-D006-42FC-AEF9-1B4B8594EAE3}.Release|ARM64.Deploy.0 = Release|Any CPU
		{34548405-D006-42FC-AEF9-1B4B8594EAE3}.Release|iPhone.ActiveCfg = Release|Any CPU
		{34548405-D006-42FC-AEF9-1B4B8594EAE3}.Release|iPhone.Build.0 = Release|Any CPU
		{34548405-D006-42FC-AEF9-1B4B8594EAE3}.Release|iPhone.Deploy.0 = Release|Any CPU
		{34548405-D006-42FC-AEF9-1B4B8594EAE3}.Release|iPhoneSimulator.ActiveCfg = Release|Any CPU
		{34548405-D006-42FC-AEF9-1B4B8594EAE3}.Release|iPhoneSimulator.Build.0 = Release|Any CPU
		{34548405-D006-42FC-AEF9-1B4B8594EAE3}.Release|iPhoneSimulator.Deploy.0 = Release|Any CPU
		{34548405-D006-42FC-AEF9-1B4B8594EAE3}.Release|x64.ActiveCfg = Release|Any CPU
		{34548405-D006-42FC-AEF9-1B4B8594EAE3}.Release|x64.Build.0 = Release|Any CPU
		{34548405-D006-42FC-AEF9-1B4B8594EAE3}.Release|x64.Deploy.0 = Release|Any CPU
		{34548405-D006-42FC-AEF9-1B4B8594EAE3}.Release|x86.ActiveCfg = Release|Any CPU
		{34548405-D006-42FC-AEF9-1B4B8594EAE3}.Release|x86.Build.0 = Release|Any CPU
		{34548405-D006-42FC-AEF9-1B4B8594EAE3}.Release|x86.Deploy.0 = Release|Any CPU
		{D152FAFE-5C23-4BDA-8FD7-44931F91076C}.Debug|Any CPU.ActiveCfg = Debug|iPhone
		{D152FAFE-5C23-4BDA-8FD7-44931F91076C}.Debug|ARM.ActiveCfg = Debug|iPhone
		{D152FAFE-5C23-4BDA-8FD7-44931F91076C}.Debug|ARM64.ActiveCfg = Debug|iPhone
		{D152FAFE-5C23-4BDA-8FD7-44931F91076C}.Debug|iPhone.ActiveCfg = Debug|iPhone
		{D152FAFE-5C23-4BDA-8FD7-44931F91076C}.Debug|iPhone.Build.0 = Debug|iPhone
		{D152FAFE-5C23-4BDA-8FD7-44931F91076C}.Debug|iPhoneSimulator.ActiveCfg = Debug|iPhoneSimulator
		{D152FAFE-5C23-4BDA-8FD7-44931F91076C}.Debug|iPhoneSimulator.Build.0 = Debug|iPhoneSimulator
		{D152FAFE-5C23-4BDA-8FD7-44931F91076C}.Debug|x64.ActiveCfg = Debug|iPhone
		{D152FAFE-5C23-4BDA-8FD7-44931F91076C}.Debug|x86.ActiveCfg = Debug|iPhone
		{D152FAFE-5C23-4BDA-8FD7-44931F91076C}.Release|Any CPU.ActiveCfg = Release|iPhone
		{D152FAFE-5C23-4BDA-8FD7-44931F91076C}.Release|ARM.ActiveCfg = Release|iPhone
		{D152FAFE-5C23-4BDA-8FD7-44931F91076C}.Release|ARM64.ActiveCfg = Release|iPhone
		{D152FAFE-5C23-4BDA-8FD7-44931F91076C}.Release|iPhone.ActiveCfg = Release|iPhone
		{D152FAFE-5C23-4BDA-8FD7-44931F91076C}.Release|iPhone.Build.0 = Release|iPhone
		{D152FAFE-5C23-4BDA-8FD7-44931F91076C}.Release|iPhoneSimulator.ActiveCfg = Release|iPhoneSimulator
		{D152FAFE-5C23-4BDA-8FD7-44931F91076C}.Release|iPhoneSimulator.Build.0 = Release|iPhoneSimulator
		{D152FAFE-5C23-4BDA-8FD7-44931F91076C}.Release|x64.ActiveCfg = Release|iPhone
		{D152FAFE-5C23-4BDA-8FD7-44931F91076C}.Release|x86.ActiveCfg = Release|iPhone
		{AE0854B6-E66F-432A-9C50-44F333DA30FD}.Debug|Any CPU.ActiveCfg = Debug|Any CPU
		{AE0854B6-E66F-432A-9C50-44F333DA30FD}.Debug|Any CPU.Build.0 = Debug|Any CPU
		{AE0854B6-E66F-432A-9C50-44F333DA30FD}.Debug|ARM.ActiveCfg = Debug|Any CPU
		{AE0854B6-E66F-432A-9C50-44F333DA30FD}.Debug|ARM.Build.0 = Debug|Any CPU
		{AE0854B6-E66F-432A-9C50-44F333DA30FD}.Debug|ARM64.ActiveCfg = Debug|Any CPU
		{AE0854B6-E66F-432A-9C50-44F333DA30FD}.Debug|ARM64.Build.0 = Debug|Any CPU
		{AE0854B6-E66F-432A-9C50-44F333DA30FD}.Debug|iPhone.ActiveCfg = Debug|Any CPU
		{AE0854B6-E66F-432A-9C50-44F333DA30FD}.Debug|iPhone.Build.0 = Debug|Any CPU
		{AE0854B6-E66F-432A-9C50-44F333DA30FD}.Debug|iPhoneSimulator.ActiveCfg = Debug|Any CPU
		{AE0854B6-E66F-432A-9C50-44F333DA30FD}.Debug|iPhoneSimulator.Build.0 = Debug|Any CPU
		{AE0854B6-E66F-432A-9C50-44F333DA30FD}.Debug|x64.ActiveCfg = Debug|Any CPU
		{AE0854B6-E66F-432A-9C50-44F333DA30FD}.Debug|x64.Build.0 = Debug|Any CPU
		{AE0854B6-E66F-432A-9C50-44F333DA30FD}.Debug|x86.ActiveCfg = Debug|Any CPU
		{AE0854B6-E66F-432A-9C50-44F333DA30FD}.Debug|x86.Build.0 = Debug|Any CPU
		{AE0854B6-E66F-432A-9C50-44F333DA30FD}.Release|Any CPU.ActiveCfg = Release|Any CPU
		{AE0854B6-E66F-432A-9C50-44F333DA30FD}.Release|Any CPU.Build.0 = Release|Any CPU
		{AE0854B6-E66F-432A-9C50-44F333DA30FD}.Release|ARM.ActiveCfg = Release|Any CPU
		{AE0854B6-E66F-432A-9C50-44F333DA30FD}.Release|ARM.Build.0 = Release|Any CPU
		{AE0854B6-E66F-432A-9C50-44F333DA30FD}.Release|ARM64.ActiveCfg = Release|Any CPU
		{AE0854B6-E66F-432A-9C50-44F333DA30FD}.Release|ARM64.Build.0 = Release|Any CPU
		{AE0854B6-E66F-432A-9C50-44F333DA30FD}.Release|iPhone.ActiveCfg = Release|Any CPU
		{AE0854B6-E66F-432A-9C50-44F333DA30FD}.Release|iPhone.Build.0 = Release|Any CPU
		{AE0854B6-E66F-432A-9C50-44F333DA30FD}.Release|iPhoneSimulator.ActiveCfg = Release|Any CPU
		{AE0854B6-E66F-432A-9C50-44F333DA30FD}.Release|iPhoneSimulator.Build.0 = Release|Any CPU
		{AE0854B6-E66F-432A-9C50-44F333DA30FD}.Release|x64.ActiveCfg = Release|Any CPU
		{AE0854B6-E66F-432A-9C50-44F333DA30FD}.Release|x64.Build.0 = Release|Any CPU
		{AE0854B6-E66F-432A-9C50-44F333DA30FD}.Release|x86.ActiveCfg = Release|Any CPU
		{AE0854B6-E66F-432A-9C50-44F333DA30FD}.Release|x86.Build.0 = Release|Any CPU
		{6A561957-A6AF-48CE-971F-C0742FC5E36C}.Debug|Any CPU.ActiveCfg = Debug|Any CPU
		{6A561957-A6AF-48CE-971F-C0742FC5E36C}.Debug|Any CPU.Build.0 = Debug|Any CPU
		{6A561957-A6AF-48CE-971F-C0742FC5E36C}.Debug|ARM.ActiveCfg = Debug|Any CPU
		{6A561957-A6AF-48CE-971F-C0742FC5E36C}.Debug|ARM.Build.0 = Debug|Any CPU
		{6A561957-A6AF-48CE-971F-C0742FC5E36C}.Debug|ARM64.ActiveCfg = Debug|Any CPU
		{6A561957-A6AF-48CE-971F-C0742FC5E36C}.Debug|ARM64.Build.0 = Debug|Any CPU
		{6A561957-A6AF-48CE-971F-C0742FC5E36C}.Debug|iPhone.ActiveCfg = Debug|Any CPU
		{6A561957-A6AF-48CE-971F-C0742FC5E36C}.Debug|iPhone.Build.0 = Debug|Any CPU
		{6A561957-A6AF-48CE-971F-C0742FC5E36C}.Debug|iPhoneSimulator.ActiveCfg = Debug|Any CPU
		{6A561957-A6AF-48CE-971F-C0742FC5E36C}.Debug|iPhoneSimulator.Build.0 = Debug|Any CPU
		{6A561957-A6AF-48CE-971F-C0742FC5E36C}.Debug|x64.ActiveCfg = Debug|Any CPU
		{6A561957-A6AF-48CE-971F-C0742FC5E36C}.Debug|x64.Build.0 = Debug|Any CPU
		{6A561957-A6AF-48CE-971F-C0742FC5E36C}.Debug|x86.ActiveCfg = Debug|Any CPU
		{6A561957-A6AF-48CE-971F-C0742FC5E36C}.Debug|x86.Build.0 = Debug|Any CPU
		{6A561957-A6AF-48CE-971F-C0742FC5E36C}.Release|Any CPU.ActiveCfg = Release|Any CPU
		{6A561957-A6AF-48CE-971F-C0742FC5E36C}.Release|Any CPU.Build.0 = Release|Any CPU
		{6A561957-A6AF-48CE-971F-C0742FC5E36C}.Release|ARM.ActiveCfg = Release|Any CPU
		{6A561957-A6AF-48CE-971F-C0742FC5E36C}.Release|ARM.Build.0 = Release|Any CPU
		{6A561957-A6AF-48CE-971F-C0742FC5E36C}.Release|ARM64.ActiveCfg = Release|Any CPU
		{6A561957-A6AF-48CE-971F-C0742FC5E36C}.Release|ARM64.Build.0 = Release|Any CPU
		{6A561957-A6AF-48CE-971F-C0742FC5E36C}.Release|iPhone.ActiveCfg = Release|Any CPU
		{6A561957-A6AF-48CE-971F-C0742FC5E36C}.Release|iPhone.Build.0 = Release|Any CPU
		{6A561957-A6AF-48CE-971F-C0742FC5E36C}.Release|iPhoneSimulator.ActiveCfg = Release|Any CPU
		{6A561957-A6AF-48CE-971F-C0742FC5E36C}.Release|iPhoneSimulator.Build.0 = Release|Any CPU
		{6A561957-A6AF-48CE-971F-C0742FC5E36C}.Release|x64.ActiveCfg = Release|Any CPU
		{6A561957-A6AF-48CE-971F-C0742FC5E36C}.Release|x64.Build.0 = Release|Any CPU
		{6A561957-A6AF-48CE-971F-C0742FC5E36C}.Release|x86.ActiveCfg = Release|Any CPU
		{6A561957-A6AF-48CE-971F-C0742FC5E36C}.Release|x86.Build.0 = Release|Any CPU
		{D3885C87-D8F7-4523-857C-7A5B36B5BD10}.Debug|Any CPU.ActiveCfg = Debug|Any CPU
		{D3885C87-D8F7-4523-857C-7A5B36B5BD10}.Debug|Any CPU.Build.0 = Debug|Any CPU
		{D3885C87-D8F7-4523-857C-7A5B36B5BD10}.Debug|ARM.ActiveCfg = Debug|Any CPU
		{D3885C87-D8F7-4523-857C-7A5B36B5BD10}.Debug|ARM.Build.0 = Debug|Any CPU
		{D3885C87-D8F7-4523-857C-7A5B36B5BD10}.Debug|ARM64.ActiveCfg = Debug|Any CPU
		{D3885C87-D8F7-4523-857C-7A5B36B5BD10}.Debug|ARM64.Build.0 = Debug|Any CPU
		{D3885C87-D8F7-4523-857C-7A5B36B5BD10}.Debug|iPhone.ActiveCfg = Debug|Any CPU
		{D3885C87-D8F7-4523-857C-7A5B36B5BD10}.Debug|iPhone.Build.0 = Debug|Any CPU
		{D3885C87-D8F7-4523-857C-7A5B36B5BD10}.Debug|iPhoneSimulator.ActiveCfg = Debug|Any CPU
		{D3885C87-D8F7-4523-857C-7A5B36B5BD10}.Debug|iPhoneSimulator.Build.0 = Debug|Any CPU
		{D3885C87-D8F7-4523-857C-7A5B36B5BD10}.Debug|x64.ActiveCfg = Debug|Any CPU
		{D3885C87-D8F7-4523-857C-7A5B36B5BD10}.Debug|x64.Build.0 = Debug|Any CPU
		{D3885C87-D8F7-4523-857C-7A5B36B5BD10}.Debug|x86.ActiveCfg = Debug|Any CPU
		{D3885C87-D8F7-4523-857C-7A5B36B5BD10}.Debug|x86.Build.0 = Debug|Any CPU
		{D3885C87-D8F7-4523-857C-7A5B36B5BD10}.Release|Any CPU.ActiveCfg = Release|Any CPU
		{D3885C87-D8F7-4523-857C-7A5B36B5BD10}.Release|Any CPU.Build.0 = Release|Any CPU
		{D3885C87-D8F7-4523-857C-7A5B36B5BD10}.Release|ARM.ActiveCfg = Release|Any CPU
		{D3885C87-D8F7-4523-857C-7A5B36B5BD10}.Release|ARM.Build.0 = Release|Any CPU
		{D3885C87-D8F7-4523-857C-7A5B36B5BD10}.Release|ARM64.ActiveCfg = Release|Any CPU
		{D3885C87-D8F7-4523-857C-7A5B36B5BD10}.Release|ARM64.Build.0 = Release|Any CPU
		{D3885C87-D8F7-4523-857C-7A5B36B5BD10}.Release|iPhone.ActiveCfg = Release|Any CPU
		{D3885C87-D8F7-4523-857C-7A5B36B5BD10}.Release|iPhone.Build.0 = Release|Any CPU
		{D3885C87-D8F7-4523-857C-7A5B36B5BD10}.Release|iPhoneSimulator.ActiveCfg = Release|Any CPU
		{D3885C87-D8F7-4523-857C-7A5B36B5BD10}.Release|iPhoneSimulator.Build.0 = Release|Any CPU
		{D3885C87-D8F7-4523-857C-7A5B36B5BD10}.Release|x64.ActiveCfg = Release|Any CPU
		{D3885C87-D8F7-4523-857C-7A5B36B5BD10}.Release|x64.Build.0 = Release|Any CPU
		{D3885C87-D8F7-4523-857C-7A5B36B5BD10}.Release|x86.ActiveCfg = Release|Any CPU
		{D3885C87-D8F7-4523-857C-7A5B36B5BD10}.Release|x86.Build.0 = Release|Any CPU
		{1873227A-C81F-4EEB-B6B0-7A5E8EEFF884}.Debug|Any CPU.ActiveCfg = Debug|Any CPU
		{1873227A-C81F-4EEB-B6B0-7A5E8EEFF884}.Debug|Any CPU.Build.0 = Debug|Any CPU
		{1873227A-C81F-4EEB-B6B0-7A5E8EEFF884}.Debug|ARM.ActiveCfg = Debug|Any CPU
		{1873227A-C81F-4EEB-B6B0-7A5E8EEFF884}.Debug|ARM.Build.0 = Debug|Any CPU
		{1873227A-C81F-4EEB-B6B0-7A5E8EEFF884}.Debug|ARM64.ActiveCfg = Debug|Any CPU
		{1873227A-C81F-4EEB-B6B0-7A5E8EEFF884}.Debug|ARM64.Build.0 = Debug|Any CPU
		{1873227A-C81F-4EEB-B6B0-7A5E8EEFF884}.Debug|iPhone.ActiveCfg = Debug|Any CPU
		{1873227A-C81F-4EEB-B6B0-7A5E8EEFF884}.Debug|iPhone.Build.0 = Debug|Any CPU
		{1873227A-C81F-4EEB-B6B0-7A5E8EEFF884}.Debug|iPhoneSimulator.ActiveCfg = Debug|Any CPU
		{1873227A-C81F-4EEB-B6B0-7A5E8EEFF884}.Debug|iPhoneSimulator.Build.0 = Debug|Any CPU
		{1873227A-C81F-4EEB-B6B0-7A5E8EEFF884}.Debug|x64.ActiveCfg = Debug|Any CPU
		{1873227A-C81F-4EEB-B6B0-7A5E8EEFF884}.Debug|x64.Build.0 = Debug|Any CPU
		{1873227A-C81F-4EEB-B6B0-7A5E8EEFF884}.Debug|x86.ActiveCfg = Debug|Any CPU
		{1873227A-C81F-4EEB-B6B0-7A5E8EEFF884}.Debug|x86.Build.0 = Debug|Any CPU
		{1873227A-C81F-4EEB-B6B0-7A5E8EEFF884}.Release|Any CPU.ActiveCfg = Release|Any CPU
		{1873227A-C81F-4EEB-B6B0-7A5E8EEFF884}.Release|Any CPU.Build.0 = Release|Any CPU
		{1873227A-C81F-4EEB-B6B0-7A5E8EEFF884}.Release|ARM.ActiveCfg = Release|Any CPU
		{1873227A-C81F-4EEB-B6B0-7A5E8EEFF884}.Release|ARM.Build.0 = Release|Any CPU
		{1873227A-C81F-4EEB-B6B0-7A5E8EEFF884}.Release|ARM64.ActiveCfg = Release|Any CPU
		{1873227A-C81F-4EEB-B6B0-7A5E8EEFF884}.Release|ARM64.Build.0 = Release|Any CPU
		{1873227A-C81F-4EEB-B6B0-7A5E8EEFF884}.Release|iPhone.ActiveCfg = Release|Any CPU
		{1873227A-C81F-4EEB-B6B0-7A5E8EEFF884}.Release|iPhone.Build.0 = Release|Any CPU
		{1873227A-C81F-4EEB-B6B0-7A5E8EEFF884}.Release|iPhoneSimulator.ActiveCfg = Release|Any CPU
		{1873227A-C81F-4EEB-B6B0-7A5E8EEFF884}.Release|iPhoneSimulator.Build.0 = Release|Any CPU
		{1873227A-C81F-4EEB-B6B0-7A5E8EEFF884}.Release|x64.ActiveCfg = Release|Any CPU
		{1873227A-C81F-4EEB-B6B0-7A5E8EEFF884}.Release|x64.Build.0 = Release|Any CPU
		{1873227A-C81F-4EEB-B6B0-7A5E8EEFF884}.Release|x86.ActiveCfg = Release|Any CPU
		{1873227A-C81F-4EEB-B6B0-7A5E8EEFF884}.Release|x86.Build.0 = Release|Any CPU
		{A5986AFF-956D-4E0A-B86F-603086D5E1AB}.Debug|Any CPU.ActiveCfg = Debug|Any CPU
		{A5986AFF-956D-4E0A-B86F-603086D5E1AB}.Debug|Any CPU.Build.0 = Debug|Any CPU
		{A5986AFF-956D-4E0A-B86F-603086D5E1AB}.Debug|ARM.ActiveCfg = Debug|ARM
		{A5986AFF-956D-4E0A-B86F-603086D5E1AB}.Debug|ARM.Build.0 = Debug|ARM
		{A5986AFF-956D-4E0A-B86F-603086D5E1AB}.Debug|ARM64.ActiveCfg = Debug|ARM64
		{A5986AFF-956D-4E0A-B86F-603086D5E1AB}.Debug|ARM64.Build.0 = Debug|ARM64
		{A5986AFF-956D-4E0A-B86F-603086D5E1AB}.Debug|iPhone.ActiveCfg = Debug|Any CPU
		{A5986AFF-956D-4E0A-B86F-603086D5E1AB}.Debug|iPhone.Build.0 = Debug|Any CPU
		{A5986AFF-956D-4E0A-B86F-603086D5E1AB}.Debug|iPhoneSimulator.ActiveCfg = Debug|Any CPU
		{A5986AFF-956D-4E0A-B86F-603086D5E1AB}.Debug|iPhoneSimulator.Build.0 = Debug|Any CPU
		{A5986AFF-956D-4E0A-B86F-603086D5E1AB}.Debug|x64.ActiveCfg = Debug|x64
		{A5986AFF-956D-4E0A-B86F-603086D5E1AB}.Debug|x64.Build.0 = Debug|x64
		{A5986AFF-956D-4E0A-B86F-603086D5E1AB}.Debug|x86.ActiveCfg = Debug|x86
		{A5986AFF-956D-4E0A-B86F-603086D5E1AB}.Debug|x86.Build.0 = Debug|x86
		{A5986AFF-956D-4E0A-B86F-603086D5E1AB}.Release|Any CPU.ActiveCfg = Release|Any CPU
		{A5986AFF-956D-4E0A-B86F-603086D5E1AB}.Release|Any CPU.Build.0 = Release|Any CPU
		{A5986AFF-956D-4E0A-B86F-603086D5E1AB}.Release|ARM.ActiveCfg = Release|ARM
		{A5986AFF-956D-4E0A-B86F-603086D5E1AB}.Release|ARM.Build.0 = Release|ARM
		{A5986AFF-956D-4E0A-B86F-603086D5E1AB}.Release|ARM64.ActiveCfg = Release|ARM64
		{A5986AFF-956D-4E0A-B86F-603086D5E1AB}.Release|ARM64.Build.0 = Release|ARM64
		{A5986AFF-956D-4E0A-B86F-603086D5E1AB}.Release|iPhone.ActiveCfg = Release|Any CPU
		{A5986AFF-956D-4E0A-B86F-603086D5E1AB}.Release|iPhone.Build.0 = Release|Any CPU
		{A5986AFF-956D-4E0A-B86F-603086D5E1AB}.Release|iPhoneSimulator.ActiveCfg = Release|Any CPU
		{A5986AFF-956D-4E0A-B86F-603086D5E1AB}.Release|iPhoneSimulator.Build.0 = Release|Any CPU
		{A5986AFF-956D-4E0A-B86F-603086D5E1AB}.Release|x64.ActiveCfg = Release|x64
		{A5986AFF-956D-4E0A-B86F-603086D5E1AB}.Release|x64.Build.0 = Release|x64
		{A5986AFF-956D-4E0A-B86F-603086D5E1AB}.Release|x86.ActiveCfg = Release|x86
		{A5986AFF-956D-4E0A-B86F-603086D5E1AB}.Release|x86.Build.0 = Release|x86
		{FE687D17-1499-49B4-99FE-9C30D48AFCE1}.Debug|Any CPU.ActiveCfg = Debug|Any CPU
		{FE687D17-1499-49B4-99FE-9C30D48AFCE1}.Debug|Any CPU.Build.0 = Debug|Any CPU
		{FE687D17-1499-49B4-99FE-9C30D48AFCE1}.Debug|ARM.ActiveCfg = Debug|Any CPU
		{FE687D17-1499-49B4-99FE-9C30D48AFCE1}.Debug|ARM.Build.0 = Debug|Any CPU
		{FE687D17-1499-49B4-99FE-9C30D48AFCE1}.Debug|ARM64.ActiveCfg = Debug|Any CPU
		{FE687D17-1499-49B4-99FE-9C30D48AFCE1}.Debug|ARM64.Build.0 = Debug|Any CPU
		{FE687D17-1499-49B4-99FE-9C30D48AFCE1}.Debug|iPhone.ActiveCfg = Debug|Any CPU
		{FE687D17-1499-49B4-99FE-9C30D48AFCE1}.Debug|iPhone.Build.0 = Debug|Any CPU
		{FE687D17-1499-49B4-99FE-9C30D48AFCE1}.Debug|iPhoneSimulator.ActiveCfg = Debug|Any CPU
		{FE687D17-1499-49B4-99FE-9C30D48AFCE1}.Debug|iPhoneSimulator.Build.0 = Debug|Any CPU
		{FE687D17-1499-49B4-99FE-9C30D48AFCE1}.Debug|x64.ActiveCfg = Debug|Any CPU
		{FE687D17-1499-49B4-99FE-9C30D48AFCE1}.Debug|x64.Build.0 = Debug|Any CPU
		{FE687D17-1499-49B4-99FE-9C30D48AFCE1}.Debug|x86.ActiveCfg = Debug|Any CPU
		{FE687D17-1499-49B4-99FE-9C30D48AFCE1}.Debug|x86.Build.0 = Debug|Any CPU
		{FE687D17-1499-49B4-99FE-9C30D48AFCE1}.Release|Any CPU.ActiveCfg = Release|Any CPU
		{FE687D17-1499-49B4-99FE-9C30D48AFCE1}.Release|Any CPU.Build.0 = Release|Any CPU
		{FE687D17-1499-49B4-99FE-9C30D48AFCE1}.Release|ARM.ActiveCfg = Release|Any CPU
		{FE687D17-1499-49B4-99FE-9C30D48AFCE1}.Release|ARM.Build.0 = Release|Any CPU
		{FE687D17-1499-49B4-99FE-9C30D48AFCE1}.Release|ARM64.ActiveCfg = Release|Any CPU
		{FE687D17-1499-49B4-99FE-9C30D48AFCE1}.Release|ARM64.Build.0 = Release|Any CPU
		{FE687D17-1499-49B4-99FE-9C30D48AFCE1}.Release|iPhone.ActiveCfg = Release|Any CPU
		{FE687D17-1499-49B4-99FE-9C30D48AFCE1}.Release|iPhone.Build.0 = Release|Any CPU
		{FE687D17-1499-49B4-99FE-9C30D48AFCE1}.Release|iPhoneSimulator.ActiveCfg = Release|Any CPU
		{FE687D17-1499-49B4-99FE-9C30D48AFCE1}.Release|iPhoneSimulator.Build.0 = Release|Any CPU
		{FE687D17-1499-49B4-99FE-9C30D48AFCE1}.Release|x64.ActiveCfg = Release|Any CPU
		{FE687D17-1499-49B4-99FE-9C30D48AFCE1}.Release|x64.Build.0 = Release|Any CPU
		{FE687D17-1499-49B4-99FE-9C30D48AFCE1}.Release|x86.ActiveCfg = Release|Any CPU
		{FE687D17-1499-49B4-99FE-9C30D48AFCE1}.Release|x86.Build.0 = Release|Any CPU
	EndGlobalSection
	GlobalSection(SolutionProperties) = preSolution
		HideSolutionNode = FALSE
	EndGlobalSection
	GlobalSection(ExtensibilityGlobals) = postSolution
		SolutionGuid = {1CECD830-92CF-427B-9C5F-DB483218FF89}
	EndGlobalSection
EndGlobal
